# platform: win-64
# env_hash: 6fdf925670ddcb9a8407437c7257195962d452d0703651581cf53540d9a13141
@EXPLICIT
https://conda.anaconda.org/conda-forge/win-64/ca-certificates-2021.5.30-h5b45459_0.tar.bz2#cfb6380d41af681ad323403f02755a15
https://conda.anaconda.org/conda-forge/win-64/intel-openmp-2021.2.0-h57928b3_616.tar.bz2#d8d07bf41db9316fd374970f1813a144
https://conda.anaconda.org/conda-forge/win-64/msys2-conda-epoch-20160418-1.tar.bz2#b0309b72560df66f71a9d5e34a5efdfa
https://conda.anaconda.org/conda-forge/win-64/vs2015_runtime-14.28.29325-h5e1d092_4.tar.bz2#e89bf06003c46c09ee8628eb76aa9520
https://conda.anaconda.org/conda-forge/win-64/m2-msys2-runtime-2.5.0.17080.65c939c-3.tar.bz2#ce25c58bc90071bf71f3d472cb8dfbce
https://conda.anaconda.org/conda-forge/win-64/m2w64-gmp-6.1.0-2.tar.bz2#53a1c73e1e3d185516d7e3af177596d9
https://conda.anaconda.org/conda-forge/win-64/m2w64-libwinpthread-git-5.0.0.4634.697f757-2.tar.bz2#774130a326dee16f1ceb05cc687ee4f0
https://conda.anaconda.org/conda-forge/win-64/vc-14.2-hb210afc_4.tar.bz2#45ddc2c65ad6c200120db1a682803462
https://conda.anaconda.org/conda-forge/win-64/bzip2-1.0.8-h8ffe710_4.tar.bz2#7c03c66026944073040cb19a4f3ec3c9
https://conda.anaconda.org/conda-forge/win-64/ffmpeg-4.3.1-ha925a31_0.tar.bz2#858eb8e0630eab350939a189963051e8
https://conda.anaconda.org/conda-forge/win-64/geos-3.9.1-h39d44d4_2.tar.bz2#e3917eed32c31c341ac9ac4e229f131f
https://conda.anaconda.org/conda-forge/win-64/jbig-2.1-h8d14728_2003.tar.bz2#37dcc26d63c315f6c0588579dca810da
https://conda.anaconda.org/conda-forge/win-64/jpeg-9d-h8ffe710_0.tar.bz2#9335a1b24eefef6075f4c02a03baf27a
https://conda.anaconda.org/conda-forge/win-64/lerc-2.2.1-h0e60522_0.tar.bz2#5ea14f204e4caaea47598f719adbf80b
https://conda.anaconda.org/conda-forge/win-64/libdeflate-1.7-h8ffe710_5.tar.bz2#a745d8a24a297de721c60cd8e45be031
https://conda.anaconda.org/conda-forge/win-64/libiconv-1.16-he774522_0.tar.bz2#bdfeadc9348e4d9fbe4821e81bf8f221
https://conda.anaconda.org/conda-forge/win-64/liblief-0.11.5-h0e60522_0.tar.bz2#7c6b3ac24edf920de38e4157bd3b192c
https://conda.anaconda.org/conda-forge/win-64/lz4-c-1.9.3-h8ffe710_0.tar.bz2#5c9a617ed4fbd41f8c564fab236dda60
https://conda.anaconda.org/conda-forge/win-64/lzo-2.10-he774522_1000.tar.bz2#d5cf4b7eaa52316f135eed9e8548ad57
https://conda.anaconda.org/conda-forge/win-64/m2-patch-2.7.5-2.tar.bz2#f5159110837c3e221146e623f3c44f1c
https://conda.anaconda.org/conda-forge/win-64/m2w64-gcc-libs-core-5.3.0-7.tar.bz2#4289d80fb4d272f1f3b56cfe87ac90bd
https://conda.anaconda.org/conda-forge/win-64/openssl-1.1.1k-h8ffe710_0.tar.bz2#e94dbe6f21cc34fa9cc3cf26cd42466a
https://conda.anaconda.org/conda-forge/win-64/sqlite-3.35.5-h8ffe710_0.tar.bz2#8713caaaabd90ef2a1b0057fe90625ad
https://conda.anaconda.org/conda-forge/win-64/tbb-2021.2.0-h2d74725_0.tar.bz2#21d75e8268c20395acc6b516e87e8d9d
https://conda.anaconda.org/conda-forge/win-64/tk-8.6.10-h8ffe710_1.tar.bz2#0796b4624ee7797fca7819459a79c6e6
https://conda.anaconda.org/conda-forge/win-64/xz-5.2.5-h62dcd97_1.tar.bz2#eabcbfedd14d7c18a514afca09ea0ebb
https://conda.anaconda.org/conda-forge/win-64/yaml-0.2.5-he774522_0.tar.bz2#d41c34441d8bbb6d141e691ae7bccf35
https://conda.anaconda.org/conda-forge/win-64/zlib-1.2.11-h62dcd97_1010.tar.bz2#a4cdf389c5f73e60a0ca121ff77c22a9
https://conda.anaconda.org/conda-forge/win-64/krb5-1.19.1-hbae68bd_0.tar.bz2#518741884ccc4022b720acfced197048
https://conda.anaconda.org/conda-forge/win-64/libpng-1.6.37-h1d00b33_2.tar.bz2#005ddb14b8f876ed6a85b76dfc9892db
https://conda.anaconda.org/conda-forge/win-64/libssh2-1.9.0-h680486a_6.tar.bz2#4633dc7f3ab2692be68952ded790dd16
https://conda.anaconda.org/conda-forge/win-64/libxml2-2.9.12-hf5bbc77_0.tar.bz2#0f1e832cbd8ae60708f4419f4b25c208
https://conda.anaconda.org/conda-forge/win-64/m2w64-gcc-libgfortran-5.3.0-6.tar.bz2#066552ac6b907ec6d72c0ddab29050dc
https://conda.anaconda.org/conda-forge/win-64/mkl-2021.2.0-hb70f87d_389.tar.bz2#404412be469d3a2b326d3ceb432b1e4e
https://conda.anaconda.org/conda-forge/win-64/python-3.7.10-h7840368_100_cpython.tar.bz2#d1cd351219ab70e421897281ab05fecd
https://conda.anaconda.org/conda-forge/win-64/zstd-1.5.0-h6255e5f_0.tar.bz2#3a997ecef5b2cf97db57a6fcf64e4728
https://conda.anaconda.org/conda-forge/noarch/appdirs-1.4.4-pyh9f0ad1d_0.tar.bz2#5f095bc6454094e96f146491fd03633b
https://conda.anaconda.org/conda-forge/noarch/atomicwrites-1.4.0-pyh9f0ad1d_0.tar.bz2#5e36230ffaf3b7bb599424592684ae53
https://conda.anaconda.org/conda-forge/noarch/attrs-21.2.0-pyhd8ed1ab_0.tar.bz2#d2e1c7f388ac403df7079b411c37cc50
https://conda.anaconda.org/conda-forge/noarch/cloudpickle-1.6.0-py_0.tar.bz2#76d764d8881719e305f6fa368dc2b65e
https://conda.anaconda.org/conda-forge/noarch/colorama-0.4.4-pyh9f0ad1d_0.tar.bz2#c08b4c1326b880ed44f3ffb04803332f
https://conda.anaconda.org/conda-forge/noarch/crcmod-1.7-pyhd8ed1ab_1005.tar.bz2#9158f567c19ae53083b7207a086d8347
https://conda.anaconda.org/conda-forge/noarch/cssselect-1.1.0-py_0.tar.bz2#c2b0104cc7d2ef771a40281a26524b87
https://conda.anaconda.org/conda-forge/noarch/entrypoints-0.3-pyhd8ed1ab_1003.tar.bz2#bbf9a201f6ce99a506f4955374d9a9f4
https://conda.anaconda.org/conda-forge/noarch/filelock-3.0.12-pyh9f0ad1d_0.tar.bz2#7544ed05bbbe9bb687bc9bcbe4d6cb46
https://conda.anaconda.org/conda-forge/win-64/freetype-2.10.4-h546665d_1.tar.bz2#1215a2e49d23da91c28d97cff8de35ea
https://conda.anaconda.org/conda-forge/noarch/fsspec-2021.6.0-pyhd8ed1ab_0.tar.bz2#2568dbadce6148e58a9148de2c16a042
https://conda.anaconda.org/conda-forge/noarch/glob2-0.7-py_0.tar.bz2#1f3a88e65e61216e1d475135922dbf6a
https://conda.anaconda.org/conda-forge/noarch/heapdict-1.0.1-py_0.tar.bz2#77242bfb1e74a627fb06319b5a2d3b95
https://conda.anaconda.org/conda-forge/noarch/idna-2.10-pyh9f0ad1d_0.tar.bz2#f95a12b4f435aae6680fe55ae2eb1b06
https://conda.anaconda.org/conda-forge/noarch/iniconfig-1.1.1-pyh9f0ad1d_0.tar.bz2#39161f81cc5e5ca45b8226fbb06c6905
https://conda.anaconda.org/conda-forge/win-64/libarchive-3.5.1-hb45042f_2.tar.bz2#be73ac647a3d800c9e503f82e0a9efa5
https://conda.anaconda.org/conda-forge/win-64/libblas-3.9.0-9_mkl.tar.bz2#9db32f9669e4bfce8e167811d1c5e0a0
https://conda.anaconda.org/conda-forge/win-64/libcurl-7.77.0-h789b8ee_0.tar.bz2#1d87f8a14c648643536078816d489b9c
https://conda.anaconda.org/conda-forge/win-64/libtiff-4.3.0-h0c97f57_1.tar.bz2#d65e06251d965c1baca8c448576adc22
https://conda.anaconda.org/conda-forge/win-64/libxslt-1.1.33-h65864e5_2.tar.bz2#129a6bde176b51eaa52541e28fa52d5c
https://conda.anaconda.org/conda-forge/noarch/locket-0.2.0-py_2.tar.bz2#709e8671651c7ec3d1ad07800339ff1d
https://conda.anaconda.org/conda-forge/win-64/m2w64-gcc-libs-5.3.0-7.tar.bz2#fe759119b8b3bfa720b8762c6fdc35de
https://conda.anaconda.org/conda-forge/noarch/mccabe-0.6.1-py_1.tar.bz2#a326cb400c1ccd91789f3e7d02124d61
https://conda.anaconda.org/conda-forge/noarch/more-itertools-8.8.0-pyhd8ed1ab_0.tar.bz2#af8d3837f18d331839368bcb9f8cd3d9
https://conda.anaconda.org/conda-forge/noarch/olefile-0.46-pyh9f0ad1d_1.tar.bz2#0b2e68acc8c78c8cc392b90983481f58
https://conda.anaconda.org/conda-forge/noarch/pathspec-0.8.1-pyhd3deb0d_0.tar.bz2#fcd2fbb062b55d14a77e664c89ee17a6
https://conda.anaconda.org/conda-forge/noarch/pkginfo-1.7.0-pyhd8ed1ab_0.tar.bz2#3ea3fca4afad20d8ec2f5b611bffde53
https://conda.anaconda.org/conda-forge/noarch/py-1.10.0-pyhd3deb0d_0.tar.bz2#88ca1328ecc79a070214aa24911bace8
https://conda.anaconda.org/conda-forge/noarch/pycodestyle-2.5.0-py_0.tar.bz2#50bbc153cd561d99ac1af363651c3f17
https://conda.anaconda.org/conda-forge/noarch/pycparser-2.20-pyh9f0ad1d_2.tar.bz2#aa798d50ffd182a0f6f31478c7f434f6
https://conda.anaconda.org/conda-forge/noarch/pyflakes-2.1.1-py_0.tar.bz2#5a388c9d483217cb77fdf0d6236d5b28
https://conda.anaconda.org/conda-forge/noarch/pyparsing-2.4.7-pyh9f0ad1d_0.tar.bz2#626c4f20d5bf06dcec9cf2eaa31725c7
https://conda.anaconda.org/conda-forge/noarch/pyshp-2.1.3-pyh44b312d_0.tar.bz2#2d1867b980785eb44b8122184d8b42a6
https://conda.anaconda.org/conda-forge/win-64/python_abi-3.7-1_cp37m.tar.bz2#bb3afff19e4ba0165a5f645aa8704717
https://conda.anaconda.org/conda-forge/noarch/pytz-2021.1-pyhd8ed1ab_0.tar.bz2#3af2e9424d5eb0063824a3f9b850d411
https://conda.anaconda.org/conda-forge/noarch/six-1.16.0-pyh6c4a22f_0.tar.bz2#e5f25f8dbc060e9a8d912e432202afc2
https://conda.anaconda.org/conda-forge/noarch/sortedcontainers-2.4.0-pyhd8ed1ab_0.tar.bz2#6d6552722448103793743dabfbda532d
https://conda.anaconda.org/conda-forge/noarch/soupsieve-2.0.1-py_1.tar.bz2#aa1db70848c19bace567ba39a157f508
https://conda.anaconda.org/conda-forge/noarch/tblib-1.7.0-pyhd8ed1ab_0.tar.bz2#3d4afc31302aa7be471feb6be048ed76
https://conda.anaconda.org/conda-forge/noarch/toml-0.10.2-pyhd8ed1ab_0.tar.bz2#f832c45a477c78bebd107098db465095
https://conda.anaconda.org/conda-forge/noarch/toolz-0.11.1-py_0.tar.bz2#d1e66b58cb00b3817ad9f05eec098c00
https://conda.anaconda.org/conda-forge/noarch/tqdm-4.61.0-pyhd8ed1ab_0.tar.bz2#3a71e435b54b3598c09427727215e8da
https://conda.anaconda.org/conda-forge/noarch/typing_extensions-3.10.0.0-pyha770c72_0.tar.bz2#67c0cba6533b641f28946d7c16f361c8
https://conda.anaconda.org/conda-forge/noarch/wheel-0.36.2-pyhd3deb0d_0.tar.bz2#768bfbe026426d0e76b377997d1f2b98
https://conda.anaconda.org/conda-forge/noarch/zipp-3.4.1-pyhd8ed1ab_0.tar.bz2#a4fa30eb74a326092b3d8078b1f1aae1
https://conda.anaconda.org/conda-forge/noarch/beautifulsoup4-4.9.3-pyhb0f4dca_0.tar.bz2#d243a293d7303ab6195d96ce8c16b1cb
https://conda.anaconda.org/conda-forge/win-64/certifi-2021.5.30-py37h03978a9_0.tar.bz2#0a941e706fa8730e3e28c36e6e584685
https://conda.anaconda.org/conda-forge/win-64/cffi-1.14.5-py37hd8e9650_0.tar.bz2#5686156c1bcc7039cb3e41438380d0d5
https://conda.anaconda.org/conda-forge/win-64/chardet-4.0.0-py37h03978a9_1.tar.bz2#566dbd28c78bb886e678e61893d249ba
https://conda.anaconda.org/conda-forge/win-64/conda-package-handling-1.7.3-py37ha54c9ec_0.tar.bz2#0f0ac2a98c27fd30df8d44b8580f67ce
https://conda.anaconda.org/conda-forge/win-64/coverage-5.5-py37hcc03f2d_0.tar.bz2#344d780ae5f04a25ff4b80e1fc140818
https://conda.anaconda.org/conda-forge/noarch/cycler-0.10.0-py_2.tar.bz2#f6d7c7e6d8f42cbbec7e07a8d879f91c
https://conda.anaconda.org/conda-forge/win-64/cytoolz-0.11.0-py37hcc03f2d_3.tar.bz2#693d4c94762b3b87bd34471dd01ed40b
https://conda.anaconda.org/conda-forge/win-64/importlib-metadata-4.5.0-py37h03978a9_0.tar.bz2#3e82f4a43fa246c17e955d61630d6c8d
https://conda.anaconda.org/conda-forge/win-64/kiwisolver-1.3.1-py37h8c56517_1.tar.bz2#ce90a3041640620d27bdc2e87d5768ae
https://conda.anaconda.org/conda-forge/win-64/lcms2-2.12-h2a16943_0.tar.bz2#fee639c27301c4165b4d1f7e442de8a5
https://conda.anaconda.org/conda-forge/win-64/libcblas-3.9.0-9_mkl.tar.bz2#e95c6f555997dfaf5397829f9fbed148
https://conda.anaconda.org/conda-forge/win-64/liblapack-3.9.0-9_mkl.tar.bz2#c7f61dd7beee787b3df5b82e5398173b
https://conda.anaconda.org/conda-forge/win-64/lxml-4.6.3-py37hd07aab1_0.tar.bz2#6d65082d6adaa054e1db1b10c2007e13
https://conda.anaconda.org/conda-forge/win-64/markupsafe-2.0.1-py37hcc03f2d_0.tar.bz2#3f8ca076229f1dc8e410746bd63ba172
https://conda.anaconda.org/conda-forge/win-64/msgpack-python-1.0.2-py37h8c56517_1.tar.bz2#437e7429ca93b4e03608484b4cc3f6b6
https://conda.anaconda.org/conda-forge/win-64/mypy_extensions-0.4.3-py37h03978a9_3.tar.bz2#95b17307b05ac9eb21a8a5fa6bc393d7
https://conda.anaconda.org/conda-forge/win-64/openjpeg-2.4.0-hb211442_1.tar.bz2#0991d2e943e5ba7ec9b7b32eec14e2e3
https://conda.anaconda.org/conda-forge/noarch/packaging-20.9-pyh44b312d_0.tar.bz2#be69a38e912054a62dc82cc3c7711a64
https://conda.anaconda.org/conda-forge/noarch/partd-1.2.0-pyhd8ed1ab_0.tar.bz2#0c32f563d7f22e3a34c95cad8cc95651
https://conda.anaconda.org/conda-forge/win-64/proj-7.2.0-h1cfcee9_2.tar.bz2#7e1c54143879ff2b875b1664831548b8
https://conda.anaconda.org/conda-forge/win-64/psutil-5.8.0-py37hcc03f2d_1.tar.bz2#b1020cf9cc105afc340d45370402f1d2
https://conda.anaconda.org/conda-forge/win-64/py-lief-0.11.5-py37hf2a7229_0.tar.bz2#ab48a9cc9ee1f4859c2c5df370c591d5
https://conda.anaconda.org/conda-forge/win-64/pycosat-0.6.3-py37hcc03f2d_1006.tar.bz2#9eab0ecb5234233d6d119e3a3b17dd50
https://conda.anaconda.org/conda-forge/noarch/python-dateutil-2.8.1-py_0.tar.bz2#0d0150ed9c2d25817f5324108d3f7571
https://conda.anaconda.org/conda-forge/win-64/python-libarchive-c-3.1-py37h03978a9_0.tar.bz2#0ff62d5514d8738d38f1ed773589ccba
https://conda.anaconda.org/conda-forge/win-64/pywin32-300-py37hcc03f2d_0.tar.bz2#332665e8d4a64b4901c014bc09e63d64
https://conda.anaconda.org/conda-forge/win-64/pyyaml-5.4.1-py37hcc03f2d_0.tar.bz2#e9ee64dc3e9e47410f46fda92664cfc6
https://conda.anaconda.org/conda-forge/win-64/regex-2021.4.4-py37hcc03f2d_0.tar.bz2#217e5b2556df9e58f2644f07e3b095c8
https://conda.anaconda.org/conda-forge/win-64/ripgrep-12.1.1-h301d43c_1.tar.bz2#becca280ed37a9ffa9fe12f827ada988
https://conda.anaconda.org/conda-forge/win-64/ruamel_yaml-0.15.80-py37hcc03f2d_1004.tar.bz2#475705a2c2b9d62edba42705650b9d13
https://conda.anaconda.org/conda-forge/win-64/tornado-6.1-py37hcc03f2d_1.tar.bz2#20d238a5f4b51be48f0b171628ee873b
https://conda.anaconda.org/conda-forge/win-64/typed-ast-1.4.3-py37hcc03f2d_0.tar.bz2#6cd20a23f8a8aa15b39b0ea868d5b4e7
https://conda.anaconda.org/conda-forge/win-64/win_inet_pton-1.1.0-py37h03978a9_2.tar.bz2#3be8e856f5b7726960041ff2fbeee4dd
https://conda.anaconda.org/conda-forge/win-64/wincertstore-0.2-py37h03978a9_1006.tar.bz2#d05992e21bc7622dd0dce0b087452250
https://conda.anaconda.org/conda-forge/noarch/zict-2.0.0-py_0.tar.bz2#4750152be22f24d695b3004c5e1712d3
https://conda.anaconda.org/conda-forge/win-64/brotlipy-0.7.0-py37hcc03f2d_1001.tar.bz2#5ae82a09056fc8eebd74222f3851c544
https://conda.anaconda.org/conda-forge/win-64/click-8.0.1-py37h03978a9_0.tar.bz2#8048d55b1f205f8e0680646b92690662
https://conda.anaconda.org/conda-forge/win-64/cryptography-3.4.7-py37h20c650d_0.tar.bz2#9e4498c6cd84334d6f3e0332e4f991c2
https://conda.anaconda.org/conda-forge/noarch/dask-core-2021.6.0-pyhd8ed1ab_0.tar.bz2#cea7be7ed76c4664498447ef35d2268c
https://conda.anaconda.org/conda-forge/noarch/importlib_metadata-4.5.0-hd8ed1ab_0.tar.bz2#37284dc55911fdf9b0b5e6fed56fb192
https://conda.anaconda.org/conda-forge/noarch/jinja2-3.0.1-pyhd8ed1ab_0.tar.bz2#c647e77921fd3e245cdcc5b2d451a0f8
https://conda.anaconda.org/conda-forge/win-64/menuinst-1.4.16-py37hc8dfbb8_1.tar.bz2#25864d0f620ec6d540dd43aa49b95d43
https://conda.anaconda.org/conda-forge/noarch/mypy-0.770-py_0.tar.bz2#6f6066180325653cb41bd4bab930dc4c
https://conda.anaconda.org/conda-forge/win-64/numpy-1.20.3-py37hcbcd69c_1.tar.bz2#e0c67e413ac42a8480297811542ea84d
https://conda.anaconda.org/conda-forge/win-64/pillow-8.2.0-py37h96663a1_1.tar.bz2#aadf4cec7cbc426056f3866b89ff996c
https://conda.anaconda.org/conda-forge/noarch/pyquery-1.4.3-pyhd8ed1ab_0.tar.bz2#a375af7e878ae426a297e98ee98c6a9a
https://conda.anaconda.org/conda-forge/win-64/pysocks-1.7.1-py37h03978a9_3.tar.bz2#57ff67171877b6aa4575b3e9a183b92a
https://conda.anaconda.org/conda-forge/win-64/setuptools-49.6.0-py37h03978a9_3.tar.bz2#1b72c1d232d3bb820f9c129448a5f7ae
https://conda.anaconda.org/conda-forge/noarch/black-19.10b0-py_4.tar.bz2#ae8375ed2a4c1c67966ab08dc44d96a3
https://conda.anaconda.org/conda-forge/win-64/bokeh-2.3.2-py37h03978a9_0.tar.bz2#99354b0d321f6358216e9011ad6e4cde
https://conda.anaconda.org/conda-forge/win-64/distributed-2021.6.0-py37h03978a9_0.tar.bz2#fac47d4f9df762b46226f260933d4b79
https://conda.anaconda.org/conda-forge/win-64/flake8-3.7.9-py37hc8dfbb8_1.tar.bz2#0c75dd0819f8d9e84006a09d3cbe2607
https://conda.anaconda.org/conda-forge/noarch/isort-5.8.0-pyhd8ed1ab_0.tar.bz2#c7535f0f6618cba5a5f1070c0edf8e2b
https://conda.anaconda.org/conda-forge/win-64/matplotlib-base-3.4.2-py37h0d1fb12_0.tar.bz2#6094eb7875749cf86fcb7acc2980b03d
https://conda.anaconda.org/conda-forge/win-64/pandas-1.2.4-py37h90003fb_0.tar.bz2#ac36d67e559c6ed5ca2c84dc12677bb5
https://conda.anaconda.org/conda-forge/noarch/pip-20.2.4-py_0.tar.bz2#d2c0e7b7ca15440dc445e725f1e79ccf
https://conda.anaconda.org/conda-forge/win-64/pluggy-0.13.1-py37h03978a9_4.tar.bz2#5f4cfa7e8c6b5cb40cf71cb1730e62d4
https://conda.anaconda.org/conda-forge/noarch/pyopenssl-20.0.1-pyhd8ed1ab_0.tar.bz2#92371c25994d0f5d28a01c1fb75ebf86
https://conda.anaconda.org/conda-forge/win-64/scipy-1.6.3-py37h924764e_0.tar.bz2#105382fbce25e8c8c6ba3f0a2b717627
https://conda.anaconda.org/conda-forge/win-64/shapely-1.7.1-py37heb7c565_5.tar.bz2#dc1a174116d81b96ac6b4df428adb906
https://conda.anaconda.org/conda-forge/win-64/cartopy-0.19.0.post1-py37h24ea9ba_0.tar.bz2#f3914120fa6fbd1cb7a511ce6f9a8180
https://conda.anaconda.org/conda-forge/noarch/dask-2021.6.0-pyhd8ed1ab_0.tar.bz2#554ef426ff0ef06641338b7a514d6354
https://conda.anaconda.org/conda-forge/noarch/hypothesis-6.13.14-pyhd8ed1ab_0.tar.bz2#747e12c7e4bb4291d66761edb8b91261
https://conda.anaconda.org/conda-forge/win-64/pytest-6.2.4-py37h03978a9_0.tar.bz2#297c0e0894b392513f77ea80059b5ebe
https://conda.anaconda.org/conda-forge/noarch/urllib3-1.26.5-pyhd8ed1ab_0.tar.bz2#36f0ca66d6dd09423e5c2551148d45cd
https://conda.anaconda.org/conda-forge/noarch/pytest-mpl-0.12-pyhd3deb0d_0.tar.bz2#aa4920fbebc7d1338e59928bf5189644
https://conda.anaconda.org/conda-forge/noarch/requests-2.25.1-pyhd3deb0d_0.tar.bz2#ae687aba31a1c400192a86a2e993ffdc
https://conda.anaconda.org/conda-forge/win-64/conda-4.10.1-py37h03978a9_0.tar.bz2#8c71f7fb0d0892508df0112761d3987e
https://conda.anaconda.org/conda-forge/noarch/intake-0.6.2-pyhd8ed1ab_0.tar.bz2#159c093fadd067d8e1d6e559fae44288
https://conda.anaconda.org/conda-forge/win-64/conda-build-3.21.4-py37h03978a9_0.tar.bz2#cefcfc39ce34ef9cc28b2515fbf7c953
