# platform: osx-64
# env_hash: 33fafadeac4ac79b3fb802375f4e7b61840eb56a7874601b948e40e717f9d464
@EXPLICIT
https://conda.anaconda.org/conda-forge/osx-64/bzip2-1.0.8-h0d85af4_4.tar.bz2#37edc4e6304ca87316e160f5ca0bd1b5
https://conda.anaconda.org/conda-forge/osx-64/c-ares-1.19.1-h0dc2134_0.conda#b3e62631b4e1b9801477523ce1d6f355
https://conda.anaconda.org/conda-forge/osx-64/ca-certificates-2023.5.7-h8857fd0_0.conda#b704e4b79ba0d887c4870b7b09d6a4df
https://conda.anaconda.org/conda-forge/osx-64/dav1d-1.2.1-h0dc2134_0.conda#9d88733c715300a39f8ca2e936b7808d
https://conda.anaconda.org/conda-forge/noarch/font-ttf-dejavu-sans-mono-2.37-hab24e00_0.tar.bz2#0c96522c6bdaed4b1566d11387caaf45
https://conda.anaconda.org/conda-forge/noarch/font-ttf-inconsolata-3.000-h77eed37_0.tar.bz2#34893075a5c9e55cdafac56607368fc6
https://conda.anaconda.org/conda-forge/noarch/font-ttf-source-code-pro-2.038-h77eed37_0.tar.bz2#4d59c254e01d9cde7957100457e2d5fb
https://conda.anaconda.org/conda-forge/noarch/font-ttf-ubuntu-0.83-hab24e00_0.tar.bz2#19410c3df09dfb12d1206132a1d357c5
https://conda.anaconda.org/conda-forge/osx-64/fribidi-1.0.10-hbcb3906_0.tar.bz2#f1c6b41e0f56998ecd9a3e210faa1dc0
https://conda.anaconda.org/conda-forge/osx-64/icu-72.1-h7336db1_0.conda#c9689510a50a4bb2ae978421671a125e
https://conda.anaconda.org/conda-forge/osx-64/lame-3.100-hb7f2c08_1003.tar.bz2#3342b33c9a0921b22b767ed68ee25861
https://conda.anaconda.org/conda-forge/osx-64/libbrotlicommon-1.0.9-hb7f2c08_9.conda#ee1ee8c79c3426229ad03290573be552
https://conda.anaconda.org/conda-forge/osx-64/libcxx-16.0.6-hd57cbcb_0.conda#7d6972792161077908b62971802f289a
https://conda.anaconda.org/conda-forge/osx-64/libdeflate-1.18-hac1461d_0.conda#3d131584456b277ce0871e6481fde49b
https://conda.anaconda.org/conda-forge/osx-64/libev-4.33-haf1e3a3_1.tar.bz2#79dc2be110b2a3d1e97ec21f691c50ad
https://conda.anaconda.org/conda-forge/osx-64/libexpat-2.5.0-hf0c8a7f_1.conda#6c81cb022780ee33435cca0127dd43c9
https://conda.anaconda.org/conda-forge/osx-64/libffi-3.4.2-h0d85af4_5.tar.bz2#ccb34fb14960ad8b125962d3d79b31a9
https://conda.anaconda.org/conda-forge/noarch/libgfortran-devel_osx-64-12.2.0-hf0fd499_31.conda#9c419a4b8c9845701adff0de50b1e918
https://conda.anaconda.org/conda-forge/osx-64/libiconv-1.17-hac89ed1_0.tar.bz2#691d103d11180486154af49c037b7ed9
https://conda.anaconda.org/conda-forge/osx-64/libjpeg-turbo-2.1.5.1-hb7f2c08_0.conda#d7309a152b9b79799063b8bb47e34a3a
https://conda.anaconda.org/conda-forge/osx-64/libopus-1.3.1-hc929b4f_1.tar.bz2#380b9ea5f6a7a277e6c1ac27d034369b
https://conda.anaconda.org/conda-forge/osx-64/libtasn1-4.19.0-hb7f2c08_0.tar.bz2#73f67fb011b4477b101a95a082c74f0a
https://conda.anaconda.org/conda-forge/osx-64/libunistring-0.9.10-h0d85af4_0.tar.bz2#40f27dc16f73256d7b93e53c4f03d92f
https://conda.anaconda.org/conda-forge/osx-64/libwebp-base-1.3.1-h0dc2134_0.conda#a25a41b5be3fed4b671a58b998dcf89b
https://conda.anaconda.org/conda-forge/osx-64/libzlib-1.2.13-h8a1eda9_5.conda#4a3ad23f6e16f99c04e166767193d700
https://conda.anaconda.org/conda-forge/osx-64/llvm-openmp-16.0.6-hff08bdf_0.conda#39a5227d906f75102bf8586741690128
https://conda.anaconda.org/conda-forge/osx-64/lzo-2.10-haf1e3a3_1000.tar.bz2#0b6bca372a95d6c602c7a922e928ce79
https://conda.anaconda.org/conda-forge/osx-64/ncurses-6.4-hf0c8a7f_0.conda#c3dbae2411164d9b02c69090a9a91857
https://conda.anaconda.org/conda-forge/osx-64/nettle-3.8.1-h96f3785_1.tar.bz2#99558b9df4c337a0bf82bc8e0090533a
https://conda.anaconda.org/conda-forge/osx-64/patch-2.7.6-hbcf498f_1002.tar.bz2#6b43381b7baa13d12f7f8c1c5f815902
https://conda.anaconda.org/conda-forge/osx-64/pixman-0.40.0-hbcb3906_0.tar.bz2#09a583a6f172715be21d93aaa1b42d71
https://conda.anaconda.org/conda-forge/osx-64/pthread-stubs-0.4-hc929b4f_1001.tar.bz2#addd19059de62181cd11ae8f4ef26084
https://conda.anaconda.org/conda-forge/osx-64/python_abi-3.8-3_cp38.conda#ff192f59f7fe23555612030493a079f8
https://conda.anaconda.org/conda-forge/osx-64/ripgrep-13.0.0-hbbacdb1_2.tar.bz2#5ae3834efaaf5a666d45609fd51f85c5
https://conda.anaconda.org/conda-forge/osx-64/x264-1!164.3095-h775f41a_2.tar.bz2#23e9c3180e2c0f9449bb042914ec2200
https://conda.anaconda.org/conda-forge/osx-64/xorg-libxau-1.0.11-h0dc2134_0.conda#9566b4c29274125b0266d0177b5eb97b
https://conda.anaconda.org/conda-forge/osx-64/xorg-libxdmcp-1.1.3-h35c211d_0.tar.bz2#86ac76d6bf1cbb9621943eb3bd9ae36e
https://conda.anaconda.org/conda-forge/osx-64/xz-5.2.6-h775f41a_0.tar.bz2#a72f9d4ea13d55d745ff1ed594747f10
https://conda.anaconda.org/conda-forge/osx-64/yaml-0.2.5-h0d85af4_2.tar.bz2#d7e08fcf8259d742156188e8762b4d20
https://conda.anaconda.org/conda-forge/osx-64/aom-3.5.0-hf0c8a7f_0.tar.bz2#9110390ac33346f643e26051a92de5ce
https://conda.anaconda.org/conda-forge/osx-64/expat-2.5.0-hf0c8a7f_1.conda#e12630038077877cbb6c7851e139c17c
https://conda.anaconda.org/conda-forge/noarch/fonts-conda-forge-1-0.tar.bz2#f766549260d6815b0c52253f1fb1bb29
https://conda.anaconda.org/conda-forge/osx-64/geos-3.11.2-hf0c8a7f_0.conda#174943c1cc025b1c526f0a464694137c
https://conda.anaconda.org/conda-forge/osx-64/gettext-0.21.1-h8a4c099_0.tar.bz2#1e3aff29ce703d421c43f371ad676cc5
https://conda.anaconda.org/conda-forge/osx-64/gmp-6.2.1-h2e338ed_0.tar.bz2#dedc96914428dae572a39e69ee2a392f
https://conda.anaconda.org/conda-forge/osx-64/graphite2-1.3.13-h2e338ed_1001.tar.bz2#5f6e7f98caddd0fc2d345b207531814c
https://conda.anaconda.org/conda-forge/osx-64/isl-0.25-hb486fe8_0.tar.bz2#45a9a46c78c0ea5c275b535f7923bde3
https://conda.anaconda.org/conda-forge/osx-64/lerc-4.0.0-hb486fe8_0.tar.bz2#f9d6a4c82889d5ecedec1d90eb673c55
https://conda.anaconda.org/conda-forge/osx-64/libbrotlidec-1.0.9-hb7f2c08_9.conda#4043ef9fe42e178785e0e1853b79bdf9
https://conda.anaconda.org/conda-forge/osx-64/libbrotlienc-1.0.9-hb7f2c08_9.conda#b64d4dcc70aa141db7fccbf13bad81e1
https://conda.anaconda.org/conda-forge/osx-64/libedit-3.1.20191231-h0678c8f_2.tar.bz2#6016a8a1d0e63cac3de2c352cd40208b
https://conda.anaconda.org/conda-forge/osx-64/libgfortran5-12.2.0-he409387_31.conda#5a544130e584b1f204ac896ff071d5b3
https://conda.anaconda.org/conda-forge/osx-64/liblief-0.12.3-hf0c8a7f_0.tar.bz2#82ccbb9725d912138cda0fa890146c55
https://conda.anaconda.org/conda-forge/osx-64/libpng-1.6.39-ha978bb4_0.conda#35e4928794c5391aec14ffdf1deaaee5
https://conda.anaconda.org/conda-forge/osx-64/libsqlite-3.42.0-h58db7d2_0.conda#a7d3b44b7b0c9901ac7813b7a0462893
https://conda.anaconda.org/conda-forge/osx-64/libvpx-1.13.0-hf0c8a7f_0.conda#6653556a8cf960fcf5a325b784bb746b
https://conda.anaconda.org/conda-forge/osx-64/libxcb-1.15-hb7f2c08_0.conda#5513f57e0238c87c12dffedbcc9c1a4a
https://conda.anaconda.org/conda-forge/osx-64/libxml2-2.11.4-hd95e348_0.conda#681f8dda25e73a830d774a37b9839c85
https://conda.anaconda.org/conda-forge/osx-64/lz4-c-1.9.4-hf0c8a7f_0.conda#aa04f7143228308662696ac24023f991
https://conda.anaconda.org/conda-forge/osx-64/openh264-2.3.1-hf0c8a7f_2.conda#989ba22b08353c5ca0e6fba80bcd4321
https://conda.anaconda.org/conda-forge/osx-64/openssl-3.1.1-h8a1eda9_1.conda#c7822d6ee74e34af1fd74365cfd18983
https://conda.anaconda.org/conda-forge/osx-64/p11-kit-0.24.1-h65f8906_0.tar.bz2#e936a0ee28be948846108582f00e2d61
https://conda.anaconda.org/conda-forge/osx-64/pcre2-10.40-h1c4e4bc_0.tar.bz2#e0f80c8f3a0352a54eddfe59cd2b25b1
https://conda.anaconda.org/conda-forge/osx-64/readline-8.2-h9e318b2_1.conda#f17f77f2acf4d344734bda76829ce14e
https://conda.anaconda.org/conda-forge/osx-64/svt-av1-1.6.0-he965462_0.conda#2e23427eeac191baf4fec0f4be59e672
https://conda.anaconda.org/conda-forge/osx-64/tapi-1100.0.11-h9ce4665_0.tar.bz2#f9ff42ccf809a21ba6f8607f8de36108
https://conda.anaconda.org/conda-forge/osx-64/tk-8.6.12-h5dbffcc_0.tar.bz2#8e9480d9c47061db2ed1b4ecce519a7f
https://conda.anaconda.org/conda-forge/osx-64/x265-3.5-hbb4e6a2_3.tar.bz2#a3bf3e95b7795871a6734a784400fcea
https://conda.anaconda.org/conda-forge/osx-64/zlib-1.2.13-h8a1eda9_5.conda#75a8a98b1c4671c5d2897975731da42d
https://conda.anaconda.org/conda-forge/osx-64/zstd-1.5.2-hbc0c0cd_6.conda#40a188783d3c425bdccc9ae9104acbb8
https://conda.anaconda.org/conda-forge/osx-64/brotli-bin-1.0.9-hb7f2c08_9.conda#72c526f7ffa265473e6c75fd90605e52
https://conda.anaconda.org/conda-forge/noarch/fonts-conda-ecosystem-1-0.tar.bz2#fee5683a3f04bd15cbd8318b096a27ab
https://conda.anaconda.org/conda-forge/osx-64/freetype-2.12.1-h3f81eb7_1.conda#852224ea3e8991a8342228eab274840e
https://conda.anaconda.org/conda-forge/osx-64/krb5-1.20.1-h049b76e_0.conda#db11fa2968ef0837288fe2d7f5b77a50
https://conda.anaconda.org/conda-forge/osx-64/libarchive-3.6.2-h0b5dc4a_1.conda#578c79bc28b8d1fa995e7cc0d3c7e965
https://conda.anaconda.org/conda-forge/osx-64/libgfortran-5.0.0-11_3_0_h97931a8_31.conda#97451338600bd9c5b535eb224ef6c471
https://conda.anaconda.org/conda-forge/osx-64/libglib-2.76.3-hc62aa5d_0.conda#3687b3c1d257dec787418281cfc58358
https://conda.anaconda.org/conda-forge/osx-64/libidn2-2.3.4-hb7f2c08_0.tar.bz2#bd109fd705b4ce40a62759129bc4ef5a
https://conda.anaconda.org/conda-forge/osx-64/libllvm16-16.0.6-he4b1e75_0.conda#23d9714cecfbe0b0493faac3dda4d18a
https://conda.anaconda.org/conda-forge/osx-64/libnghttp2-1.52.0-he2ab024_0.conda#12ac7d100bf260263e30a019517f42a2
https://conda.anaconda.org/conda-forge/osx-64/libssh2-1.11.0-hd019ec5_0.conda#ca3a72efba692c59a90d4b9fc0dfe774
https://conda.anaconda.org/conda-forge/osx-64/libtiff-4.5.1-hf955e92_0.conda#56523ed556e3a44c0fd55bcf17045892
https://conda.anaconda.org/conda-forge/osx-64/libxslt-1.1.37-h20bfa82_1.conda#177817e2ba32a7d5ffdfbcb876fd4f10
https://conda.anaconda.org/conda-forge/osx-64/mpfr-4.2.0-h4f9bd69_0.conda#f48a2f4515be334c5cfeed82517b96e0
https://conda.anaconda.org/conda-forge/osx-64/python-3.8.17-hf9b03c3_0_cpython.conda#f613b663d3829f325b4ffb626bf612b6
https://conda.anaconda.org/conda-forge/osx-64/sigtool-0.1.3-h88f4db0_0.tar.bz2#fbfb84b9de9a6939cb165c02c69b1865
https://conda.anaconda.org/conda-forge/osx-64/sqlite-3.42.0-h2b0dec6_0.conda#6c22b83608a6e3bd324ab29d3092592f
https://conda.anaconda.org/conda-forge/noarch/boltons-23.0.0-pyhd8ed1ab_0.conda#033eb25fffd222aceeca6d58cd953680
https://conda.anaconda.org/conda-forge/osx-64/brotli-1.0.9-hb7f2c08_9.conda#53cff90f0cea22e13e5b791f0e5a8e7d
https://conda.anaconda.org/conda-forge/osx-64/brotli-python-1.0.9-py38h4cd09af_9.conda#f958e25488ff7e044031bca8a6c5267b
https://conda.anaconda.org/conda-forge/noarch/certifi-2023.5.7-pyhd8ed1ab_0.conda#5d1b71c942b8421285934dad1d891ebc
https://conda.anaconda.org/conda-forge/osx-64/chardet-5.1.0-py38h50d1736_0.conda#cef279061767d61e37eb267fedc4efaa
https://conda.anaconda.org/conda-forge/noarch/charset-normalizer-3.1.0-pyhd8ed1ab_0.conda#7fcff9f6f123696e940bda77bd4d6551
https://conda.anaconda.org/conda-forge/noarch/click-8.1.3-unix_pyhd8ed1ab_2.tar.bz2#20e4087407c7cb04a40817114b333dbf
https://conda.anaconda.org/conda-forge/noarch/colorama-0.4.6-pyhd8ed1ab_0.tar.bz2#3faab06a954c2a04039983f2c4a50d99
https://conda.anaconda.org/conda-forge/osx-64/crcmod-1.7-py38hed1de0f_1008.tar.bz2#81a1a0b1ca30e10fb55ddb7261715028
https://conda.anaconda.org/conda-forge/noarch/cssselect-1.2.0-pyhd8ed1ab_0.tar.bz2#a89ece27cf07711a44465fe954fb8f1c
https://conda.anaconda.org/conda-forge/noarch/cycler-0.11.0-pyhd8ed1ab_0.tar.bz2#a50559fad0affdbb33729a68669ca1cb
https://conda.anaconda.org/conda-forge/noarch/filelock-3.12.2-pyhd8ed1ab_0.conda#53522ec72e6adae42bd373ef58357230
https://conda.anaconda.org/conda-forge/osx-64/fontconfig-2.14.2-h5bb23bf_0.conda#86cc5867dfbee4178118392bae4a3c89
https://conda.anaconda.org/conda-forge/noarch/glob2-0.7-py_0.tar.bz2#1f3a88e65e61216e1d475135922dbf6a
https://conda.anaconda.org/conda-forge/osx-64/gnutls-3.7.8-h207c4f0_0.tar.bz2#3886476538060824c0258316fd5bb828
https://conda.anaconda.org/conda-forge/noarch/idna-3.4-pyhd8ed1ab_0.tar.bz2#34272b248891bddccc64479f9a7fffed
https://conda.anaconda.org/conda-forge/noarch/jsonpointer-2.0-py_0.tar.bz2#07d85c22a3beb102a48cd123df84c2a6
https://conda.anaconda.org/conda-forge/osx-64/kiwisolver-1.4.4-py38h98b9b1b_1.tar.bz2#c11eff21a36bc5809b8e23a05ee71df8
https://conda.anaconda.org/conda-forge/osx-64/lcms2-2.15-h2dcdeff_1.conda#f1df9b0c2d9fbe985e62f4b24773a9e4
https://conda.anaconda.org/conda-forge/osx-64/ld64_osx-64-609-hbfe4790_13.conda#db5b18302e29e823656f2a7a69df7bd9
https://conda.anaconda.org/conda-forge/osx-64/libclang-cpp16-16.0.6-default_h762fdd7_0.conda#ae6e8e3b458cc06d8da484c0c16e62db
https://conda.anaconda.org/conda-forge/osx-64/libcurl-8.1.2-hbee3ae8_0.conda#d51e337da844262f9033c9a26452520f
https://conda.anaconda.org/conda-forge/osx-64/libopenblas-0.3.23-openmp_h429af6e_0.conda#7000a828e29608e4f57e662b5502d2c9
https://conda.anaconda.org/conda-forge/osx-64/llvm-tools-16.0.6-he4b1e75_0.conda#c15812be307de93d3c75c45a1ac65ed1
https://conda.anaconda.org/conda-forge/noarch/locket-1.0.0-pyhd8ed1ab_0.tar.bz2#91e27ef3d05cc772ce627e51cff111c4
https://conda.anaconda.org/conda-forge/osx-64/lxml-4.9.2-py38h2d3ed51_1.conda#a7d62467d0bb0dae259d6a9a1f122c3a
https://conda.anaconda.org/conda-forge/osx-64/markupsafe-2.1.3-py38hcafd530_0.conda#e8ee9933dc3749c889baccb1c4b4f014
https://conda.anaconda.org/conda-forge/noarch/more-itertools-9.1.0-pyhd8ed1ab_0.conda#1698a717f83cfecf644a877c174c84bd
https://conda.anaconda.org/conda-forge/osx-64/mpc-1.3.1-h81bd1dd_0.conda#c752c0eb6c250919559172c011e5f65b
https://conda.anaconda.org/conda-forge/noarch/munkres-1.1.4-pyh9f0ad1d_0.tar.bz2#2ba8498c1018c1e9c61eb99b973dfe19
https://conda.anaconda.org/conda-forge/osx-64/openjpeg-2.5.0-h13ac156_2.conda#299a29af9ac9f550ad459d655739280b
https://conda.anaconda.org/conda-forge/noarch/packaging-23.1-pyhd8ed1ab_0.conda#91cda59e66e1e4afe9476f8ef98f5c30
https://conda.anaconda.org/conda-forge/noarch/pkginfo-1.9.6-pyhd8ed1ab_0.conda#be1e9f1c65a1ed0f2ae9352fec99db64
https://conda.anaconda.org/conda-forge/noarch/pluggy-1.2.0-pyhd8ed1ab_0.conda#7263924c642d22e311d9e59b839f1b33
https://conda.anaconda.org/conda-forge/osx-64/psutil-5.9.5-py38hef030d1_0.conda#20b4cc7adae881327b943c883be6335e
https://conda.anaconda.org/conda-forge/osx-64/py-lief-0.12.3-py38h4cd09af_0.tar.bz2#4fd6d5248a264d1d17e75e7588ce7f10
https://conda.anaconda.org/conda-forge/osx-64/pycosat-0.6.4-py38hef030d1_1.tar.bz2#5a66b20057598773411e5a2d79165241
https://conda.anaconda.org/conda-forge/noarch/pycparser-2.21-pyhd8ed1ab_0.tar.bz2#076becd9e05608f8dc72757d5f3a91ff
https://conda.anaconda.org/conda-forge/noarch/pyparsing-3.1.0-pyhd8ed1ab_0.conda#d3ed087d1f7f8f5590e8e87b57a8ce64
https://conda.anaconda.org/conda-forge/noarch/pyshp-2.3.1-pyhd8ed1ab_0.tar.bz2#92a889dc236a5197612bc85bee6d7174
https://conda.anaconda.org/conda-forge/noarch/pysocks-1.7.1-pyha2e5f31_6.tar.bz2#2a7de29fb590ca14b5243c4c812c8025
https://conda.anaconda.org/conda-forge/osx-64/python-libarchive-c-4.0-py38h50d1736_2.tar.bz2#6ca7d5a85381628b49058a7af0ff4d28
https://conda.anaconda.org/conda-forge/noarch/pytz-2023.3-pyhd8ed1ab_0.conda#d3076b483092a435832603243567bc31
https://conda.anaconda.org/conda-forge/osx-64/pyyaml-6.0-py38hef030d1_5.tar.bz2#e27d698dc29c6d5b49f1385bcd1d50f9
https://conda.anaconda.org/conda-forge/osx-64/ruamel.yaml.clib-0.2.7-py38hef030d1_1.conda#9a8e866b0680b61b2e988b18a1eaecae
https://conda.anaconda.org/conda-forge/noarch/setuptools-68.0.0-pyhd8ed1ab_0.conda#5a7739d0f57ee64133c9d32e6507c46d
https://conda.anaconda.org/conda-forge/noarch/six-1.16.0-pyh6c4a22f_0.tar.bz2#e5f25f8dbc060e9a8d912e432202afc2
https://conda.anaconda.org/conda-forge/noarch/soupsieve-2.3.2.post1-pyhd8ed1ab_0.tar.bz2#146f4541d643d48fc8a75cacf69f03ae
https://conda.anaconda.org/conda-forge/noarch/tomli-2.0.1-pyhd8ed1ab_0.tar.bz2#5844808ffab9ebdb694585b50ba02a96
https://conda.anaconda.org/conda-forge/noarch/toolz-0.12.0-pyhd8ed1ab_0.tar.bz2#92facfec94bc02d6ccf42e7173831a36
https://conda.anaconda.org/conda-forge/noarch/typing_extensions-4.7.0-pyha770c72_0.conda#c76ebd4731d3668ba16975a30ef19d0d
https://conda.anaconda.org/conda-forge/osx-64/unicodedata2-15.0.0-py38hef030d1_0.tar.bz2#51020c740c53f14657f6307b9eb23f85
https://conda.anaconda.org/conda-forge/noarch/wheel-0.40.0-pyhd8ed1ab_0.conda#49bb0d9e60ce1db25e151780331bb5f3
https://conda.anaconda.org/conda-forge/noarch/beautifulsoup4-4.12.2-pyha770c72_0.conda#a362ff7d976217f8fa78c0f1c4f59717
https://conda.anaconda.org/conda-forge/osx-64/cairo-1.16.0-h09dd18c_1016.conda#8f188a1368e0d5bcb017493ee83ffaf0
https://conda.anaconda.org/conda-forge/osx-64/cctools_osx-64-973.0.1-h5676edf_13.conda#86fa34ad281d649490b616b7026e8f7e
https://conda.anaconda.org/conda-forge/osx-64/cffi-1.15.1-py38hb368cf1_3.conda#a2b3ae2a1fd2aea0b4433d9e7fff8cf3
https://conda.anaconda.org/conda-forge/osx-64/clang-16-16.0.6-default_h762fdd7_0.conda#e554a59acb9f5033386126b826349212
https://conda.anaconda.org/conda-forge/osx-64/coverage-7.2.7-py38hcafd530_0.conda#868ae7c3c94b2fffbe28687a64646f53
https://conda.anaconda.org/conda-forge/osx-64/fonttools-4.40.0-py38hcafd530_0.conda#b26b38c5f75e03e86cecf860ca9fb1cd
https://conda.anaconda.org/conda-forge/osx-64/gfortran_impl_osx-64-12.2.0-h158f68b_31.conda#b173e7fd4d42a95a72253fae0005a61d
https://conda.anaconda.org/conda-forge/noarch/jinja2-3.1.2-pyhd8ed1ab_1.tar.bz2#c8490ed5c70966d232fdd389d0dbed37
https://conda.anaconda.org/conda-forge/noarch/jsonpatch-1.32-pyhd8ed1ab_0.tar.bz2#09150b51b0528a31a0f6500b96fdde82
https://conda.anaconda.org/conda-forge/osx-64/ld64-609-ha02d983_13.conda#019a988c615c39a44ebb92969fb2731f
https://conda.anaconda.org/conda-forge/osx-64/libblas-3.9.0-17_osx64_openblas.conda#65299527582e2449b05d27fcf8352125
https://conda.anaconda.org/conda-forge/noarch/partd-1.4.0-pyhd8ed1ab_0.conda#721dab5803ea92ce02ddc4ee50aa0c48
https://conda.anaconda.org/conda-forge/osx-64/pillow-9.5.0-py38h16710f9_1.conda#c5bf174a033ef668679cc80918422515
https://conda.anaconda.org/conda-forge/noarch/pip-20.2.4-py_0.tar.bz2#d2c0e7b7ca15440dc445e725f1e79ccf
https://conda.anaconda.org/conda-forge/osx-64/proj-9.2.0-hf909084_0.conda#9aba089c58568c488fde1777c28f4742
https://conda.anaconda.org/conda-forge/noarch/pyquery-2.0.0-pyhd8ed1ab_0.conda#9e4c3e498902146a499d0284136dc05f
https://conda.anaconda.org/conda-forge/noarch/python-dateutil-2.8.2-pyhd8ed1ab_0.tar.bz2#dd999d1cc9f79e67dbb855c8924c7984
https://conda.anaconda.org/conda-forge/osx-64/ruamel.yaml-0.17.32-py38hcafd530_0.conda#cb301e0b2b162330bc3b03fe51ea0d15
https://conda.anaconda.org/conda-forge/noarch/tqdm-4.65.0-pyhd8ed1ab_1.conda#ed792aff3acb977d09c7013358097f83
https://conda.anaconda.org/conda-forge/noarch/typing-extensions-4.7.0-hd8ed1ab_0.conda#37761dccc7ca8eaa08c60c4f62eb2dcc
https://conda.anaconda.org/conda-forge/noarch/urllib3-2.0.3-pyhd8ed1ab_1.conda#89efeecbb24c62e2f1ed0b8ca959ec69
https://conda.anaconda.org/conda-forge/osx-64/cctools-973.0.1-h40f6528_13.conda#846229d9e82b6db32fc37313f1306430
https://conda.anaconda.org/conda-forge/osx-64/clang-16.0.6-hc177806_0.conda#0d5eae5319ad0a55284a17fc57bd196b
https://conda.anaconda.org/conda-forge/osx-64/cryptography-41.0.1-py38he13da33_0.conda#845f16b2278f26769e23796d04636e06
https://conda.anaconda.org/conda-forge/osx-64/harfbuzz-7.3.0-h413ba03_0.conda#52a090078d890befdd4865270d1164ec
https://conda.anaconda.org/conda-forge/osx-64/libcblas-3.9.0-17_osx64_openblas.conda#380151ca00704172b242a63701b7bf8a
https://conda.anaconda.org/conda-forge/osx-64/liblapack-3.9.0-17_osx64_openblas.conda#6ab83532872bf3659613638589dd10af
https://conda.anaconda.org/conda-forge/noarch/platformdirs-3.8.0-pyhd8ed1ab_0.conda#3e4aca765371893ad848397794600632
https://conda.anaconda.org/conda-forge/osx-64/pyproj-3.5.0-py38h28e30a5_1.conda#328f980b5e64738b2a69d0d07c795b68
https://conda.anaconda.org/conda-forge/noarch/requests-2.31.0-pyhd8ed1ab_0.conda#a30144e4156cdbb236f99ebb49828f8b
https://conda.anaconda.org/conda-forge/osx-64/zstandard-0.19.0-py38hd8fc1c9_2.conda#cc759d2e8884cb2ec7ed949ce637652c
https://conda.anaconda.org/conda-forge/osx-64/clangxx-16.0.6-default_h762fdd7_0.conda#ae2c60ceb7c46c9115245ae1bdb65561
https://conda.anaconda.org/conda-forge/noarch/conda-package-streaming-0.8.0-pyhd8ed1ab_0.conda#ebe3230a4c1e135954eee4fb6ef8cded
https://conda.anaconda.org/conda-forge/osx-64/libass-0.17.1-h66d2fa1_0.conda#750ab3799a34f450ae49b9cc1e5b975b
https://conda.anaconda.org/conda-forge/osx-64/numpy-1.24.4-py38h9a4a08f_0.conda#85debc55a30068d6bb76a6deaf599afa
https://conda.anaconda.org/conda-forge/noarch/pooch-1.7.0-pyha770c72_3.conda#5936894aade8240c867d292aa0d980c6
https://conda.anaconda.org/conda-forge/noarch/pyopenssl-23.2.0-pyhd8ed1ab_1.conda#34f7d568bf59d18e3fef8c405cbece21
https://conda.anaconda.org/conda-forge/noarch/compiler-rt_osx-64-16.0.6-he1888fc_0.conda#ea541c81ad19c7e574861c009adddce6
https://conda.anaconda.org/conda-forge/noarch/conda-package-handling-2.0.2-pyh38be061_0.conda#44800e9bd13143292097c65e57323038
https://conda.anaconda.org/conda-forge/osx-64/ffmpeg-6.0.0-gpl_h74aebd8_103.conda#baf9e63c7fe2153fcf1852344edd4049
https://conda.anaconda.org/conda-forge/osx-64/matplotlib-base-3.5.3-py38hae485fc_2.tar.bz2#718d7cbae46372fd7972841b82f53f0d
https://conda.anaconda.org/conda-forge/osx-64/scipy-1.10.1-py38h9cf86d3_3.conda#5e20c77455e815704b008ab8f42f6169
https://conda.anaconda.org/conda-forge/osx-64/shapely-2.0.1-py38he9ee71e_1.conda#87f62ed2852e28770d0b1d2449c0209b
https://conda.anaconda.org/conda-forge/osx-64/cartopy-0.21.1-py38h8dd4a0a_1.conda#651a5c616b439e95b6611b785089c9e2
https://conda.anaconda.org/conda-forge/osx-64/compiler-rt-16.0.6-he1888fc_0.conda#b15548f58f6a6834456b2f853904a5f9
https://conda.anaconda.org/conda-forge/osx-64/conda-23.5.0-py38h50d1736_1.conda#d2ca034ab9e1381f8761104081fc5343
https://conda.anaconda.org/conda-forge/osx-64/clang_osx-64-16.0.6-h8787910_0.conda#f782949b2305c2d70163d03a4c410f42
https://conda.anaconda.org/conda-forge/noarch/conda-index-0.2.3-pyhd8ed1ab_0.conda#962d9bb20afaa4b839912bb4cd9869a2
https://conda.anaconda.org/conda-forge/osx-64/conda-build-3.25.0-py38h50d1736_0.conda#2bc5247eebbd5d714baf0706a3e9a4cc
https://conda.anaconda.org/conda-forge/osx-64/gfortran_osx-64-12.2.0-h18f7dce_1.conda#39a70f12c676b252d980c6b52c608500
https://conda.anaconda.org/conda-forge/osx-64/gfortran-12.2.0-h2c809b3_1.conda#4a5cb3bf02a98991321a1f8ec4d8c817
