# platform: linux-64
# env_hash: ac414e3e0742683d4c33f913306eacbea496b9c9fa6d1268d989174355f4669c
@EXPLICIT
https://conda.anaconda.org/conda-forge/linux-64/_libgcc_mutex-0.1-conda_forge.tar.bz2#d7c89558ba9fa0495403155b64376d81
https://repo.anaconda.com/pkgs/main/linux-64/_tflow_select-2.3.0-mkl.conda#bae8f1f0e1eea557cec5928eb603328d
https://repo.anaconda.com/pkgs/main/linux-64/blas-1.0-mkl.conda#9a7a051e9bd41da46523acb017d8a517
https://repo.anaconda.com/pkgs/main/linux-64/ca-certificates-2020.7.22-0.conda#3efde69d1bd20bac0b3be953e0c26114
https://repo.anaconda.com/pkgs/main/linux-64/intel-openmp-2020.2-254.conda#e5ebf34035f1012b68e2e1508c9c48a5
https://conda.anaconda.org/conda-forge/linux-64/ld_impl_linux-64-2.34-hc38a660_9.tar.bz2#aa1e7603f8dd36f8d60026cda3f1fb2c
https://conda.anaconda.org/conda-forge/linux-64/libgfortran-ng-7.5.0-hdf63c60_16.tar.bz2#d403b27c431064370f9d1b1962f8a86b
https://conda.anaconda.org/conda-forge/linux-64/libstdcxx-ng-9.3.0-hdf63c60_16.tar.bz2#2c7c23cdad4f42f924d19029ef97475c
https://repo.anaconda.com/pkgs/main/linux-64/pandoc-2.10.1-0.conda#843974d2e9f8cc3bef80af0c991e9045
https://conda.anaconda.org/conda-forge/linux-64/libgomp-9.3.0-h24d8f2e_16.tar.bz2#48f89ebfddb4ac93e74b0f4ab14c4a13
https://repo.anaconda.com/pkgs/main/linux-64/mkl-2020.2-256.conda#a73b6cbcdbcc8f4a10d5b46181f418bb
https://conda.anaconda.org/conda-forge/linux-64/_openmp_mutex-4.5-1_gnu.tar.bz2#561e277319a41d4f24f5c05a9ef63c04
https://conda.anaconda.org/conda-forge/linux-64/libgcc-ng-9.3.0-h24d8f2e_16.tar.bz2#846daf5c2a4dd387047cc5ccc6b9c613
https://repo.anaconda.com/pkgs/main/linux-64/brotli-1.0.7-he6710b0_0.conda#df0998a89e2619a90178e9edc32f3b7a
https://repo.anaconda.com/pkgs/main/linux-64/bzip2-1.0.8-h7b6447c_0.conda#9303f4af7c004e069bae22bde8d800ee
https://conda.anaconda.org/conda-forge/linux-64/c-ares-1.16.1-h516909a_3.tar.bz2#8d0f54b0a09bb496dea3f8dae0c551e4
https://repo.anaconda.com/pkgs/main/linux-64/charls-2.1.0-he6710b0_2.conda#cf437750d6e420d3ebff1f1d62980391
https://repo.anaconda.com/pkgs/main/linux-64/expat-2.2.9-he6710b0_2.conda#c51386e3931ddd81a5f3473c5879fff2
https://repo.anaconda.com/pkgs/main/linux-64/geos-3.8.0-he6710b0_0.conda#0a93810ba2437b4bca7b17e30c49f669
https://conda.anaconda.org/conda-forge/linux-64/giflib-5.1.9-h516909a_0.tar.bz2#8289e40ac21375131de7e79c3ff9ad2c
https://conda.anaconda.org/conda-forge/linux-64/gmp-6.2.0-he1b5a44_2.tar.bz2#3d617da5ab2486438b82ee46eb3f6a6c
https://repo.anaconda.com/pkgs/main/linux-64/icu-58.2-he6710b0_3.conda#48cc14d5ad1a9bcd8dac17211a8deb8b
https://conda.anaconda.org/conda-forge/linux-64/jpeg-9d-h516909a_0.tar.bz2#aa82d2e6e1fa196bf4addd7ebc71a807
https://repo.anaconda.com/pkgs/main/linux-64/jxrlib-1.1-h7b6447c_2.conda#3cc305f3788177c8ea28088590ab75a1
https://repo.anaconda.com/pkgs/main/linux-64/lame-3.100-h7b6447c_0.conda#477799f2a31e72dd949fa5c043a409de
https://repo.anaconda.com/pkgs/main/linux-64/libaec-1.0.4-he6710b0_1.conda#95e3b23fe7c0108bce3b6826749bb94d
https://repo.anaconda.com/pkgs/main/linux-64/libffi-3.3-he6710b0_2.conda#88a54b8f50e351c650e16f4ee781440c
https://conda.anaconda.org/conda-forge/linux-64/libiconv-1.16-h516909a_0.tar.bz2#5c0f338a513a2943c659ae619fca9211
https://repo.anaconda.com/pkgs/main/linux-64/liblief-0.10.1-he6710b0_0.conda#e94229a88ed005d459840a76aebf1875
https://repo.anaconda.com/pkgs/main/linux-64/libsodium-1.0.18-h7b6447c_0.conda#c8783b20f0e14bc1d701352c26c264d5
https://conda.anaconda.org/conda-forge/linux-64/libuuid-2.32.1-h14c3975_1000.tar.bz2#39c6326f6ee5297632c47db6520546fe
https://repo.anaconda.com/pkgs/main/linux-64/libxcb-1.14-h7b6447c_0.conda#05811f2f9a9af28f3d7d665dca4d573e
https://repo.anaconda.com/pkgs/main/linux-64/libzopfli-1.0.3-he6710b0_0.conda#8671895f71c9046f38b814f8662226f5
https://repo.anaconda.com/pkgs/main/linux-64/lz4-c-1.9.2-he6710b0_1.conda#415fed981d2c58e82c2aa9aea7443a6c
https://repo.anaconda.com/pkgs/main/linux-64/ncurses-6.2-he6710b0_1.conda#b7ddf5ee3934b7f54620e8f6c0ee8a95
https://repo.anaconda.com/pkgs/main/linux-64/openssl-1.1.1g-h7b6447c_0.conda#d64818ba115b875b04e1cc23851c0851
https://repo.anaconda.com/pkgs/main/linux-64/patchelf-0.11-he6710b0_0.conda#2c137fd8e1d5f3c3aa1d77c5782d6f0a
https://repo.anaconda.com/pkgs/main/linux-64/pcre-8.44-he6710b0_0.conda#e337926bb92177a2a3aded95a895470d
https://conda.anaconda.org/conda-forge/linux-64/ripgrep-12.1.1-h516909a_0.tar.bz2#61d7aa8e729bab4f23af0fa6640c495f
https://repo.anaconda.com/pkgs/main/linux-64/snappy-1.1.8-he6710b0_0.conda#ae25e5e0fe1cc047fff7314df6bc1368
https://repo.anaconda.com/pkgs/main/linux-64/x264-1!152.20180806-h7b6447c_0.conda#bb53e4ed4679084d000a9c8386587fc8
https://repo.anaconda.com/pkgs/main/linux-64/xz-5.2.5-h7b6447c_0.conda#73a16ea8ba890175a1ce94a3a87c8f68
https://repo.anaconda.com/pkgs/main/linux-64/yaml-0.1.7-had09818_2.conda#e5f9ce5f2d1a8d17a4fade8a546b43aa
https://repo.anaconda.com/pkgs/main/linux-64/zlib-1.2.11-h7b6447c_3.conda#50aa4407424985d56ec8ae2f94626aa9
https://repo.anaconda.com/pkgs/main/linux-64/glib-2.65.0-h3eb4bd4_0.conda#68c4dc0bbd9cbba500507a5d304b8d63
https://repo.anaconda.com/pkgs/main/linux-64/hdf4-4.2.13-h3ca952b_2.conda#99f7b578c71893c6ffbe359499374048
https://conda.anaconda.org/conda-forge/linux-64/hdf5-1.10.6-nompi_h3c11f04_101.tar.bz2#9f1ccc4d36edf8ea15ce19f52cf6d601
https://repo.anaconda.com/pkgs/main/linux-64/libedit-3.1.20191231-h14c3975_1.conda#a900fd130232e0189f071fabbc6025d9
https://conda.anaconda.org/conda-forge/linux-64/libllvm10-10.0.1-he513fc3_3.tar.bz2#b1c57947b2a9231e0cd037ab0ed96b5d
https://repo.anaconda.com/pkgs/main/linux-64/libpng-1.6.37-hbc83047_0.conda#689f903925dcf6c5ab7bc1de0f58b67b
https://repo.anaconda.com/pkgs/main/linux-64/libprotobuf-3.13.0-hd408876_0.conda#a2226d53b58044498005afe3eadf4e5d
https://repo.anaconda.com/pkgs/main/linux-64/libssh2-1.9.0-h1ba5d50_1.conda#f20d2c2f77ee95f800cf0e932af216ab
https://repo.anaconda.com/pkgs/main/linux-64/libxml2-2.9.10-he19cac6_1.conda#12b40388ca82d5610b7abd96ca91c08f
https://repo.anaconda.com/pkgs/main/linux-64/nettle-3.4.1-hbb512f6_0.conda#bb9590a8e6b61528406e909dd696256b
https://conda.anaconda.org/conda-forge/linux-64/openh264-2.1.1-h8b12597_0.tar.bz2#09e10c7a153327f9bac9182c316233d5
https://repo.anaconda.com/pkgs/main/linux-64/readline-8.0-h7b6447c_0.conda#a0872d6b7b037b1e073c962140ae72aa
https://repo.anaconda.com/pkgs/main/linux-64/tk-8.6.10-hbc83047_0.conda#9ba14aaba4818a66c820f85f5bf34ca0
https://repo.anaconda.com/pkgs/main/linux-64/zeromq-4.3.2-he6710b0_2.conda#0bc49954b3097eedfc012db754d8eea2
https://repo.anaconda.com/pkgs/main/linux-64/zstd-1.4.5-h9ceee32_0.conda#d05e94324d0cdd0f8f7c099a1c46199b
https://repo.anaconda.com/pkgs/main/linux-64/blosc-1.20.0-hd408876_0.conda#3384cc8e3bdbbb5754a655c83b0c07f1
https://repo.anaconda.com/pkgs/main/linux-64/dbus-1.13.16-hb2f20db_0.conda#8abe4daf6a5d089ea4babe628d0e97dd
https://repo.anaconda.com/pkgs/main/linux-64/freetype-2.10.2-h5ab3b9f_0.conda#6418b7c65407f7cac1ba2f18892aff8a
https://conda.anaconda.org/conda-forge/linux-64/gnutls-3.6.13-h79a8f9a_0.tar.bz2#bbb105a6e6288017eb37cf0178a6e1ec
https://repo.anaconda.com/pkgs/main/linux-64/gstreamer-1.14.0-hb31296c_0.conda#db432c4ba913459d99ab4b7facdcae80
https://repo.anaconda.com/pkgs/main/linux-64/krb5-1.18.2-h173b8e3_0.conda#bdc8a1097a9056bbf908c8d82b1c4d43
https://repo.anaconda.com/pkgs/main/linux-64/libarchive-3.4.2-h62408e4_0.conda#da258dddbbcd789bf79b6051cbc228ab
https://repo.anaconda.com/pkgs/main/linux-64/libtiff-4.1.0-h2733197_1.conda#6c4806c1cf73eefa92deab14c98c6c15
https://repo.anaconda.com/pkgs/main/linux-64/libxslt-1.1.34-hc22bd24_0.conda#9bc13800c7779f0d6a12bed3048c6aee
https://repo.anaconda.com/pkgs/main/linux-64/sqlite-3.33.0-h62c20be_0.conda#c4d7dd5cb9eca27fdf96764c1f706cb5
https://conda.anaconda.org/conda-forge/linux-64/ffmpeg-4.3.1-h167e202_0.tar.bz2#c2dd0803b9a5c7cd969faa7a16ccdf87
https://conda.anaconda.org/conda-forge/linux-64/fontconfig-2.13.1-he4413a7_1000.tar.bz2#007f734169f4b3cc66b3f48a9056903a
https://repo.anaconda.com/pkgs/main/linux-64/gst-plugins-base-1.14.0-hbbd80ab_1.conda#4461ffa28478fe3ca9d0bea4e3395ed8
https://repo.anaconda.com/pkgs/main/linux-64/lcms2-2.11-h396b838_0.conda#9c4eab3aa7783b3c89ff1c2210b63df9
https://repo.anaconda.com/pkgs/main/linux-64/libcurl-7.71.1-h20c2e04_1.conda#d93429a1f4045317512d7aa126015ea5
https://conda.anaconda.org/conda-forge/linux-64/libwebp-1.0.2-h576950b_1.tar.bz2#5f4a757b1a6ad9f67a3233507f07a227
https://conda.anaconda.org/conda-forge/linux-64/openjpeg-2.3.1-h981e76c_3.tar.bz2#4a4b5d04b3791ab848b47611def88c4f
https://repo.anaconda.com/pkgs/main/linux-64/proj-6.2.1-haa6030c_0.conda#592b6e6008bc602d094b18d0b39ce22f
https://repo.anaconda.com/pkgs/main/linux-64/python-3.7.9-h7579374_0.conda#e8871e5a420f47397833fd2f3f0dac7a
https://repo.anaconda.com/pkgs/main/noarch/appdirs-1.4.4-py_0.conda#483878b172607008f5f8e3bfded615bc
https://repo.anaconda.com/pkgs/main/noarch/asciitree-0.3.3-py_2.conda#88e5fad50e595d527acfc96b782261cb
https://repo.anaconda.com/pkgs/main/linux-64/async-timeout-3.0.1-py37_0.conda#2a2d450d0e364d24e23c1ce451d271e5
https://repo.anaconda.com/pkgs/main/noarch/attrs-20.1.0-py_0.conda#5b08a6cd5c88041924a235d430692e71
https://repo.anaconda.com/pkgs/main/noarch/backcall-0.2.0-py_0.conda#aec219de04062440ce5052069c3a619b
https://conda.anaconda.org/conda-forge/noarch/backoff-1.8.0-py_0.tar.bz2#a708beb1765f4198214a62833e6bb088
https://repo.anaconda.com/pkgs/main/linux-64/blinker-1.4-py37_0.conda#2efb99772b8bcd253398eaede90fe3b1
https://repo.anaconda.com/pkgs/main/noarch/cachetools-4.1.1-py_0.conda#7923234dddef74ea4ff6d52258007b7b
https://repo.anaconda.com/pkgs/main/linux-64/certifi-2020.6.20-py37_0.conda#df9cdad83d32dee48b24f94696e3fac6
https://repo.anaconda.com/pkgs/main/linux-64/chardet-3.0.4-py37_1003.conda#02680f0360197c9674931e7f32ba360f
https://repo.anaconda.com/pkgs/main/noarch/click-7.1.2-py_0.conda#122e0ead7703cf4f04a36b34e2d1f9a2
https://repo.anaconda.com/pkgs/main/noarch/cloudpickle-1.6.0-py_0.conda#4af8dd70369256b84ed5cdb100871d85
https://repo.anaconda.com/pkgs/main/linux-64/coverage-5.2.1-py37h7b6447c_0.conda#244b10d87d9efeb1eac16e645e2ae1bd
https://repo.anaconda.com/pkgs/main/noarch/cssselect-1.1.0-py_0.conda#19c808e0af7f33804165941f36775237
https://repo.anaconda.com/pkgs/main/linux-64/curl-7.71.1-hbc83047_1.conda#4cfd3878496b511a0da4541cd6fffa6b
https://repo.anaconda.com/pkgs/main/noarch/decorator-4.4.2-py_0.conda#3f5146ff080437ecb0e1583a6021c634
https://repo.anaconda.com/pkgs/main/noarch/defusedxml-0.6.0-py_0.conda#28cdc8c7826756bc1d807cc060f8198b
https://repo.anaconda.com/pkgs/main/linux-64/entrypoints-0.3-py37_0.conda#08cfc83df40ff022d64e2bc1ac9aecac
https://conda.anaconda.org/conda-forge/linux-64/f90nml-1.1.2-py37_0.tar.bz2#5bf282f9d49cfee21f57a6b25c8c9c65
https://repo.anaconda.com/pkgs/main/noarch/filelock-3.0.12-py_0.conda#dbade75b5023da90f954ec6ab620bde3
https://repo.anaconda.com/pkgs/main/noarch/fsspec-0.8.0-py_0.conda#3cd0966705627d736f2994d3cd34224a
https://repo.anaconda.com/pkgs/main/linux-64/future-0.18.2-py37_1.conda#9d3ee93b6047db58908e5e3b802a1a31
https://repo.anaconda.com/pkgs/main/noarch/gast-0.3.3-py_0.conda#59bdcc125a9b94505a63d10371bafec3
https://repo.anaconda.com/pkgs/main/noarch/glob2-0.7-py_0.conda#e8fad62c3c1dc2454821c09e861bdbea
https://repo.anaconda.com/pkgs/main/noarch/heapdict-1.0.1-py_0.conda#ad144fb43ed5d9cf77c55f373642fd0e
https://repo.anaconda.com/pkgs/main/noarch/idna-2.10-py_0.conda#72085bc43b003e02a3ff9356bc428f25
https://repo.anaconda.com/pkgs/main/noarch/iniconfig-1.0.1-py_0.conda#c18f98716e939e28d311b5a6c1aed388
https://repo.anaconda.com/pkgs/main/linux-64/ipython_genutils-0.2.0-py37_0.conda#2ee762470440d89c1295952b4c598335
https://repo.anaconda.com/pkgs/main/noarch/json5-0.9.5-py_0.conda#8059103c4ea13b8a57462e434054d05d
https://repo.anaconda.com/pkgs/main/linux-64/kiwisolver-1.2.0-py37hfd86e86_0.conda#c444416678c5999021b8a9a39a609bf6
https://repo.anaconda.com/pkgs/main/linux-64/locket-0.2.0-py37_1.conda#f8bab10c5646b467c8cdc795fc132748
https://repo.anaconda.com/pkgs/main/linux-64/lxml-4.5.2-py37hefd8a0e_0.conda#d901cdafa7da5f8373b5e1873c34f157
https://repo.anaconda.com/pkgs/main/linux-64/markupsafe-1.1.1-py37h14c3975_1.conda#7742ab22652ae403e21b8d940c1d335d
https://repo.anaconda.com/pkgs/main/linux-64/mccabe-0.6.1-py37_1.conda#c12d643fcdd833be4b997b28c3484e41
https://repo.anaconda.com/pkgs/main/linux-64/mistune-0.8.4-py37h14c3975_1001.conda#55d5c9b98d75bd939a054374f21cac19
https://repo.anaconda.com/pkgs/main/noarch/monotonic-1.5-py_0.conda#eef6bdea2d782546b5130b07292ac116
https://repo.anaconda.com/pkgs/main/noarch/more-itertools-8.5.0-py_0.conda#422baf0310fb3da057ee3c33b67a3943
https://repo.anaconda.com/pkgs/main/linux-64/msgpack-python-1.0.0-py37hfd86e86_1.conda#c456b7465b1789d954a024992691067d
https://repo.anaconda.com/pkgs/main/linux-64/mypy_extensions-0.4.3-py37_0.conda#7499e5f754ddbc70f34bdad6da87c86f
https://repo.anaconda.com/pkgs/main/linux-64/olefile-0.46-py37_0.conda#9a0c0faad20393a813e10c731325eadf
https://repo.anaconda.com/pkgs/main/linux-64/pandocfilters-1.4.2-py37_1.conda#0ca585bcdb2d0f7bed41b951a8654581
https://repo.anaconda.com/pkgs/main/noarch/param-1.9.3-py_0.conda#a789e9a8b429af89816342eecfc406de
https://conda.anaconda.org/conda-forge/noarch/parso-0.7.1-pyh9f0ad1d_0.tar.bz2#f66647d1ec805566d72ac26f62b19c01
https://conda.anaconda.org/conda-forge/noarch/pathspec-0.8.0-pyh9f0ad1d_0.tar.bz2#8eeecbb67554f588ba70bea7018bc1c0
https://repo.anaconda.com/pkgs/main/linux-64/pickleshare-0.7.5-py37_1001.conda#307c9e01edc58778a7a57f95923a4d51
https://repo.anaconda.com/pkgs/main/linux-64/pkginfo-1.5.0.1-py37_0.conda#b28cba507c2def491959282b1b19e2de
https://repo.anaconda.com/pkgs/main/noarch/prometheus_client-0.8.0-py_0.conda#e97cfffca2f22efdf2e3f4d7ae6fdd12
https://repo.anaconda.com/pkgs/main/linux-64/psutil-5.7.2-py37h7b6447c_0.conda#9579fdbe84bb17b669f03e014a9e583b
https://repo.anaconda.com/pkgs/main/linux-64/ptyprocess-0.6.0-py37_0.conda#e426840f47d5226e764802cb2d6226d6
https://repo.anaconda.com/pkgs/main/noarch/py-1.9.0-py_0.conda#957dff9d611d06689dba843f7851d617
https://repo.anaconda.com/pkgs/main/linux-64/py-lief-0.10.1-py37h403a769_0.conda#e0544e3b6ba427d5adfc90edd56da097
https://repo.anaconda.com/pkgs/main/noarch/pyasn1-0.4.8-py_0.conda#8350499be7d2a3982b0878fe59e36b96
https://repo.anaconda.com/pkgs/main/linux-64/pycodestyle-2.5.0-py37_0.conda#cfe716390e61673c9cc8214aa8b855f2
https://repo.anaconda.com/pkgs/main/linux-64/pycosat-0.6.3-py37h14c3975_0.conda#acae2108df7bea8c656b7f4800a55767
https://repo.anaconda.com/pkgs/main/noarch/pycparser-2.20-py_2.conda#fcfeb621c6f895f3562ff01d9d6ce959
https://repo.anaconda.com/pkgs/main/linux-64/pyflakes-2.1.1-py37_0.conda#8449a0bf2b9f58555643ee823d049bec
https://repo.anaconda.com/pkgs/main/noarch/pyparsing-2.4.7-py_0.conda#d6fe929a2cfbb096d7c66632036acd20
https://repo.anaconda.com/pkgs/main/linux-64/pyproj-2.6.1.post1-py37hd003209_1.conda#ab8e83f60a9724efc63f3d7e4585e24a
https://repo.anaconda.com/pkgs/main/noarch/pyshp-2.1.0-py_0.conda#5b273c069ccf12c73d5bf829ae06d35c
https://repo.anaconda.com/pkgs/main/linux-64/pysocks-1.7.1-py37_1.conda#d68cfce2ae084a8184ccf8f0209230b5
https://repo.anaconda.com/pkgs/main/noarch/python-libarchive-c-2.9-py_0.conda#17117f74dd274d0a25f53d1376cb9b10
https://conda.anaconda.org/conda-forge/linux-64/python_abi-3.7-1_cp37m.tar.bz2#658a5c3d766bfc6574480204b10a6f20
https://repo.anaconda.com/pkgs/main/noarch/pytz-2020.1-py_0.conda#01cec12ecd4a6e162d4ed2349929e81b
https://repo.anaconda.com/pkgs/main/linux-64/pyyaml-5.3-py37h7b6447c_0.conda#3d318147ab8041fde56544bb265e1f7b
https://repo.anaconda.com/pkgs/main/linux-64/qt-5.9.7-h5867ecd_1.conda#05507dbc35c46ac5a7066fc860a62341
https://repo.anaconda.com/pkgs/main/linux-64/regex-2020.7.14-py37h7b6447c_0.conda#818a8fcc5698e51426caed0b582dd958
https://repo.anaconda.com/pkgs/main/linux-64/ruamel_yaml-0.15.87-py37h7b6447c_0.conda#ec84cc25993d5411ca6437049f83986b
https://repo.anaconda.com/pkgs/main/linux-64/send2trash-1.5.0-py37_0.conda#fd80940ee7254cd0144d2d9ff9c12baa
https://repo.anaconda.com/pkgs/main/linux-64/sip-4.19.8-py37hf484d3e_0.conda#a41603290a87146546d40828e3a3848d
https://repo.anaconda.com/pkgs/main/linux-64/six-1.12.0-py37_0.conda#d407aa3de9814089d1dacee4e818fa19
https://repo.anaconda.com/pkgs/main/noarch/sortedcontainers-2.2.2-py_0.conda#f5e15e97b0457358e404b446b0b18f80
https://repo.anaconda.com/pkgs/main/noarch/soupsieve-2.0.1-py_0.conda#ed7885f78dfa2cb62dd369f113763e0b
https://repo.anaconda.com/pkgs/main/noarch/tblib-1.7.0-py_0.conda#d36c5472215891b29e1a678b5f382156
https://repo.anaconda.com/pkgs/main/linux-64/termcolor-1.1.0-py37_1.conda#c3f0f4cc416cc3f7429ad438cdc973df
https://repo.anaconda.com/pkgs/main/noarch/testpath-0.4.4-py_0.conda#57cb09e3fb1951383f6765780cfb2dca
https://repo.anaconda.com/pkgs/main/noarch/threadpoolctl-2.1.0-pyh5ca1d4c_0.conda#d7fb4986840739d43bfdc97f860464bd
https://repo.anaconda.com/pkgs/main/noarch/toml-0.10.1-py_0.conda#1b644e2153dff00c27514b97d74fbd30
https://repo.anaconda.com/pkgs/main/noarch/toolz-0.10.0-py_0.conda#0de85a5d8ef1fc976d9180fb4e7c60d8
https://repo.anaconda.com/pkgs/main/linux-64/tornado-6.0.4-py37h7b6447c_1.conda#3d2cff671951b55004782939f7d6ebb7
https://repo.anaconda.com/pkgs/main/noarch/tqdm-4.48.2-py_0.conda#671f8a4d69ea877adce47f1de7fd1a82
https://repo.anaconda.com/pkgs/main/linux-64/typed-ast-1.4.1-py37h7b6447c_0.conda#9fa0e9301c8f8bf443e2fdadc6eca21a
https://repo.anaconda.com/pkgs/main/noarch/typing_extensions-3.7.4.3-py_0.conda#c26af7e476ebc6e70a6005c4492eb18d
https://repo.anaconda.com/pkgs/main/noarch/wcwidth-0.2.5-py_0.conda#b7c958085cc261c78cf66df14926fafe
https://repo.anaconda.com/pkgs/main/linux-64/webencodings-0.5.1-py37_1.conda#fa2171c719f1d6be393dbe70fb9508fe
https://repo.anaconda.com/pkgs/main/noarch/werkzeug-1.0.1-py_0.conda#e2bbf09c9e0344b7213a6e75237f16ad
https://repo.anaconda.com/pkgs/main/noarch/wheel-0.35.1-py_0.conda#5a0f99dc193a8e6ea79eb05d1505ae51
https://repo.anaconda.com/pkgs/main/linux-64/wrapt-1.12.1-py37h7b6447c_1.conda#2d8e9baa44b314c2e1d117417ce47480
https://repo.anaconda.com/pkgs/main/noarch/zipp-3.1.0-py_0.conda#1f4b6d7b01b2e3a8c480454af14c7da8
https://conda.anaconda.org/conda-forge/linux-64/absl-py-0.10.0-py37hc8dfbb8_0.tar.bz2#a8982df2ff4055aeea15c9917a9d80a2
https://repo.anaconda.com/pkgs/main/noarch/astunparse-1.6.3-py_0.conda#250bc9eafb39eff7fff001dae10e2d3c
https://repo.anaconda.com/pkgs/main/linux-64/beautifulsoup4-4.9.1-py37_0.conda#4f997ec27da23250e3622e0c5a612ffc
https://repo.anaconda.com/pkgs/main/noarch/black-19.10b0-py_0.conda#dda9c1964ca705ed9dc055eb3a3d813a
https://repo.anaconda.com/pkgs/main/linux-64/cffi-1.14.2-py37he30daa8_0.conda#d45cdd54cc70d5479355a6f17dfbf836
https://conda.anaconda.org/conda-forge/linux-64/conda-package-handling-1.7.0-py37h8f50634_4.tar.bz2#994cce4cea48992515583c0b24bd5684
https://conda.anaconda.org/conda-forge/linux-64/crcmod-1.7-py37hc8dfbb8_1003.tar.bz2#4be1389e3666e8c67b0d81522dfbd265
https://repo.anaconda.com/pkgs/main/linux-64/cycler-0.10.0-py37_0.conda#48d1b09390e40b3554c5c714a33dd1b5
https://repo.anaconda.com/pkgs/main/linux-64/cytoolz-0.10.1-py37h7b6447c_0.conda#f38e382c34eed0d6a712ed872c4deb85
https://repo.anaconda.com/pkgs/main/noarch/dask-core-2.22.0-py_0.conda#2906647435f8c7faed518433d33f9620
https://conda.anaconda.org/conda-forge/noarch/docrep-0.2.7-py_0.tar.bz2#7a8411a58c16dffe32424251e62e3149
https://repo.anaconda.com/pkgs/main/noarch/fasteners-0.15-py_0.conda#732e64d083b6b8bcd8f974294c81e52d
https://repo.anaconda.com/pkgs/main/noarch/google-pasta-0.2.0-py_0.conda#faa33798bab2e51cf74e55b21f49d25c
https://repo.anaconda.com/pkgs/main/noarch/google-resumable-media-0.5.1-py_0.conda#0e7e1e5e139b987f0ac2bebc3fd79abf
https://repo.anaconda.com/pkgs/main/noarch/hypothesis-5.29.0-py_0.conda#b0e84332cccc00bc1d269851e21189df
https://repo.anaconda.com/pkgs/main/linux-64/importlib-metadata-1.7.0-py37_0.conda#14585850b45263ea860d08f634f5f021
https://repo.anaconda.com/pkgs/main/linux-64/jedi-0.17.2-py37_0.conda#01af093d381a71881ba4b769577eab55
https://conda.anaconda.org/conda-forge/linux-64/libnetcdf-4.7.4-nompi_h84807e1_105.tar.bz2#cff148348c864599b215aa7c2899c2fe
https://conda.anaconda.org/conda-forge/linux-64/llvmlite-0.34.0-py37h5202443_1.tar.bz2#70369509cff2a4735fbab44e71982bbb
https://repo.anaconda.com/pkgs/main/linux-64/mkl-service-2.3.0-py37he904b0f_0.conda#aed7b1373aafcf69fa06dcab738e8bb4
https://conda.anaconda.org/conda-forge/linux-64/multidict-4.7.5-py37h8f50634_1.tar.bz2#a2ce8958425719eac43739946bd930bb
https://repo.anaconda.com/pkgs/main/noarch/mypy-0.770-py_0.conda#63fde6620d3bad27be7bb2969735c088
https://repo.anaconda.com/pkgs/main/noarch/packaging-20.4-py_0.conda#c153f3660d2f48562bb44779afccbd8b
https://repo.anaconda.com/pkgs/main/noarch/partd-1.1.0-py_0.conda#fa10a0623b027cd5b075d6d14c45e778
https://repo.anaconda.com/pkgs/main/linux-64/pexpect-4.8.0-py37_1.conda#08c6e4591b3b153b409cc07efe8a6044
https://repo.anaconda.com/pkgs/main/linux-64/pillow-7.2.0-py37hb39fc2d_0.conda#d3eade53ed3efa54015baf678a2bfee0
https://repo.anaconda.com/pkgs/main/noarch/pyasn1-modules-0.2.7-py_0.conda#38e56a3b64d9a75e5c83f4da8347565d
https://repo.anaconda.com/pkgs/main/linux-64/pyqt-5.9.2-py37h05f1152_2.conda#22e969c53ead5594414fdd72194df83b
https://conda.anaconda.org/conda-forge/noarch/pyquery-1.4.1-py_0.tar.bz2#282ee525b594f32b5cdb2ed1754e41f0
https://repo.anaconda.com/pkgs/main/linux-64/pyrsistent-0.16.0-py37h7b6447c_0.conda#9c0664b33051d22380e6fc2b8652a3fa
https://repo.anaconda.com/pkgs/main/noarch/python-dateutil-2.8.1-py_0.conda#062ee583dae450d908d45d6c08beae97
https://repo.anaconda.com/pkgs/main/noarch/pyviz_comms-0.7.6-py_0.conda#baa881dc7f2f233186f17efacc75a575
https://conda.anaconda.org/conda-forge/linux-64/pyzmq-19.0.2-py37hac76be4_0.tar.bz2#883cee23f4d4037a74ba63334f3eb688
https://repo.anaconda.com/pkgs/main/noarch/rsa-4.6-py_0.conda#acc91b84eb0b4bf6109bc2ce81c75662
https://repo.anaconda.com/pkgs/main/linux-64/setuptools-49.6.0-py37_0.conda#49f1d32762e73ff61748865363459ed1
https://repo.anaconda.com/pkgs/main/linux-64/terminado-0.8.3-py37_0.conda#233a32c13a1d6477790f7a7266f3cbca
https://conda.anaconda.org/conda-forge/linux-64/traitlets-5.0.0-py37hc8dfbb8_0.tar.bz2#35cc60ad51f5be0c6c4ba55ed20749a7
https://repo.anaconda.com/pkgs/main/linux-64/websocket-client-0.57.0-py37_1.conda#92174f7af71e2c10b35ba02025da153b
https://repo.anaconda.com/pkgs/main/noarch/zict-2.0.0-py_0.conda#ef0dbd0d409928b8708321ec37d72c17
https://repo.anaconda.com/pkgs/main/linux-64/argon2-cffi-20.1.0-py37h7b6447c_1.conda#480dfc89aaafc9fed3639e0fc1099ec5
https://repo.anaconda.com/pkgs/main/noarch/bleach-3.1.5-py_0.conda#ee6d6f661ed85bc7566d0dddf546dba8
https://repo.anaconda.com/pkgs/main/linux-64/brotlipy-0.7.0-py37h7b6447c_1000.conda#f8bfc09a7f37652de488e85c177aa963
https://repo.anaconda.com/pkgs/main/linux-64/cryptography-3.1-py37h1ba5d50_0.conda#edb3f3a8d9ce474aadf4b0fd650ddb97
https://repo.anaconda.com/pkgs/main/linux-64/distributed-2.25.0-py37_0.conda#5cdfff18f8a59b6baa32348a81328f81
https://repo.anaconda.com/pkgs/main/linux-64/flake8-3.7.9-py37_0.conda#6415b63ea04bc48c622ba38d46b69624
https://repo.anaconda.com/pkgs/main/noarch/google-auth-1.21.0-py_0.conda#623abfebdb93af0d254d1948c978f90b
https://repo.anaconda.com/pkgs/main/linux-64/grpcio-1.31.0-py37hf8bcb03_0.conda#2ed81ca871e720a585392fbb8c6e72d3
https://repo.anaconda.com/pkgs/main/noarch/importlib_metadata-1.7.0-0.conda#23f2c6fd9b40edc06aea0623a122fe1e
https://repo.anaconda.com/pkgs/main/linux-64/isort-5.4.2-py37_0.conda#54b53d08b208863def7ca40af4f35a44
https://repo.anaconda.com/pkgs/main/noarch/jinja2-2.11.2-py_0.conda#9d77f247a7af567167e8edfd6e058fcb
https://repo.anaconda.com/pkgs/main/noarch/joblib-0.16.0-py_0.conda#5ee89d7ea2b666323202d055ecfc85eb
https://repo.anaconda.com/pkgs/main/linux-64/jupyter_core-4.6.3-py37_0.conda#982641464203d287da573aa7bbc70c17
https://repo.anaconda.com/pkgs/main/linux-64/markdown-3.2.2-py37_0.conda#c006fe5e5ce18e3010aaf7cd487563ea
https://repo.anaconda.com/pkgs/main/noarch/networkx-2.5-py_0.conda#1e742e2128438ffefb4e0284873d1298
https://repo.anaconda.com/pkgs/main/linux-64/nose-1.3.7-py37_1004.conda#86b8e9a4d0a48dba905b6ca785404bb2
https://repo.anaconda.com/pkgs/main/linux-64/numpy-base-1.19.1-py37hfa32c7d_0.conda#db0529a0f6a29bf805359a11da36639f
https://repo.anaconda.com/pkgs/main/linux-64/pip-20.2.2-py37_0.conda#bef2f1e079e942d2550c973d1e2d2c80
https://repo.anaconda.com/pkgs/main/linux-64/protobuf-3.13.0-py37hf484d3e_0.conda#6f333c4b06d627f12b03c31f726521f9
https://repo.anaconda.com/pkgs/main/noarch/pygments-2.6.1-py_0.conda#ccf82aceec9ed2c0c7be149dd1ecc1a4
https://repo.anaconda.com/pkgs/main/noarch/tensorboard-plugin-wit-1.6.0-py_0.conda#12ab6d08eb7ae82913a81b9fc631a279
https://repo.anaconda.com/pkgs/main/linux-64/yarl-1.5.1-py37h7b6447c_0.conda#bde4ec3812a762a1d200ef84d3372d22
https://repo.anaconda.com/pkgs/main/linux-64/aiohttp-3.6.2-py37h7b6447c_0.conda#8fec640217bbee2adf2d51fa115680ab
https://repo.anaconda.com/pkgs/main/linux-64/googleapis-common-protos-1.51.0-py37_2.conda#f6ead32a1f89c8f78de6c080191ee08e
https://repo.anaconda.com/pkgs/main/linux-64/jsonschema-3.2.0-py37_1.conda#3935df4e0001b7cff9a77f4bbbed8220
https://conda.anaconda.org/conda-forge/noarch/jupyter_client-6.1.7-py_0.tar.bz2#bcaa486602c05413da0808b82898f60a
https://conda.anaconda.org/conda-forge/noarch/pint-0.15-py_0.tar.bz2#43fa1edd9a2686e53a992df9ca9a583c
https://repo.anaconda.com/pkgs/main/linux-64/pluggy-0.13.1-py37_0.conda#8c1e5f46384a5163964b4d1563348518
https://repo.anaconda.com/pkgs/main/noarch/prompt-toolkit-3.0.7-py_0.conda#d573f08067e75ee685f201db51e526b3
https://repo.anaconda.com/pkgs/main/linux-64/pyjwt-1.7.1-py37_0.conda#798fae27b68fe4b237c9b40fda7f3496
https://repo.anaconda.com/pkgs/main/linux-64/pyopenssl-19.1.0-py37_0.conda#455efe809b48a9d1afd9891564351c0c
https://repo.anaconda.com/pkgs/main/linux-64/ipython-7.18.1-py37h5ca1d4c_0.conda#edc07f7415477902f9e9e14bdeb8309e
https://repo.anaconda.com/pkgs/main/noarch/nbformat-5.0.7-py_0.conda#a79a6b8519be83d6fcc541b73d6b9135
https://repo.anaconda.com/pkgs/main/noarch/oauthlib-3.1.0-py_0.conda#c17d4f150993bb3181a2bb4d0b3fdeef
https://repo.anaconda.com/pkgs/main/linux-64/pytest-6.0.1-py37_0.conda#733c6ca195c5fa9fe35896d625500adb
https://repo.anaconda.com/pkgs/main/noarch/urllib3-1.25.10-py_0.conda#cd34894b40e348faeac50f72994c6f6b
https://repo.anaconda.com/pkgs/main/linux-64/ipykernel-5.3.4-py37h5ca1d4c_0.conda#e8a12edd10c0ec82deecb6a2c29e39de
https://repo.anaconda.com/pkgs/main/linux-64/nbconvert-5.6.1-py37_1.conda#dffb872b4964ab468cbabb9ecb0a3697
https://repo.anaconda.com/pkgs/main/noarch/requests-2.24.0-py_0.conda#7e39484a07f30dd32a52bed7306bff02
https://repo.anaconda.com/pkgs/main/noarch/adal-1.2.4-py_0.conda#8e569c4f844c9a157eb91ea8532ed300
https://repo.anaconda.com/pkgs/main/linux-64/conda-4.8.4-py37_0.conda#de36b8d66edce7e934ac2d5ddd270d35
https://conda.anaconda.org/conda-forge/linux-64/google-api-core-1.22.1-py37hc8dfbb8_0.tar.bz2#e6b0acc5e2c2ec5abd54fbb90e82830e
https://conda.anaconda.org/conda-forge/linux-64/notebook-6.1.3-py37hc8dfbb8_0.tar.bz2#626e7abf74460bc29403b6c673531907
https://repo.anaconda.com/pkgs/main/noarch/owslib-0.20.0-py_0.conda#98b84282e2cdac3b6b02d9a7c6ddb237
https://conda.anaconda.org/conda-forge/noarch/pooch-1.1.1-py_0.tar.bz2#8f03395636c174d5e85c2c37fec932d8
https://repo.anaconda.com/pkgs/main/linux-64/pyct-0.4.6-py37_0.conda#de539e84b47554cb3d2af2f19560d3e3
https://repo.anaconda.com/pkgs/main/linux-64/pyepsg-0.4.0-py37_0.conda#9a411ea460d288f715d4ad20c846efa7
https://repo.anaconda.com/pkgs/main/noarch/requests-oauthlib-1.3.0-py_0.conda#a889394d246d3d475ced7df1314abdaa
https://repo.anaconda.com/pkgs/main/linux-64/conda-build-3.20.0-py37_0.conda#7a2ee13ddd8894c8765a8d39fee914ff
https://repo.anaconda.com/pkgs/main/noarch/google-auth-oauthlib-0.4.1-py_2.conda#9d5594051a7a1099d4f5cf9172b1a145
https://conda.anaconda.org/conda-forge/noarch/google-cloud-core-1.4.1-pyh9f0ad1d_0.tar.bz2#f81f174ec1fb90c1aa0b2e8c6a2bd67f
https://repo.anaconda.com/pkgs/main/noarch/jupyterlab_server-1.2.0-py_0.conda#dbf166cd2dbf602281afc84feb4bae75
https://conda.anaconda.org/conda-forge/linux-64/python-kubernetes-11.0.0-py37hc8dfbb8_0.tar.bz2#1599296dcc4a6cf403797b9f03ebdad2
https://conda.anaconda.org/conda-forge/noarch/gcsfs-0.7.0-py_0.tar.bz2#823ba813598264f6d6cb1b817a6ebcc2
https://repo.anaconda.com/pkgs/main/noarch/google-cloud-storage-1.28.1-py_0.conda#58e57b51ce0a5402c0316cab5dd93862
https://repo.anaconda.com/pkgs/main/noarch/jupyterlab-2.2.6-py_0.conda#99a27c764f3c98279b02775edc7ce966
https://conda.anaconda.org/conda-forge/linux-64/numba-0.51.1-py37h9fdb41a_0.tar.bz2#c66e98c54a51ac34180f2aea9ca2a366
https://conda.anaconda.org/conda-forge/noarch/h5netcdf-0.8.1-py_0.tar.bz2#0181638a03dbead1e8b2ff3bdb54d24e
https://conda.anaconda.org/conda-forge/noarch/opt_einsum-3.3.0-py_0.tar.bz2#2847a212f677108a0212699258c958a5
https://conda.anaconda.org/conda-forge/noarch/pytest-mpl-0.11-py_1.tar.bz2#0dfa272a7b3840718841518dfe362ac9
https://conda.anaconda.org/conda-forge/noarch/tensorboard-2.3.0-py_0.tar.bz2#ec594b2c54d6def6c4c0fa2553fd25a2
https://repo.anaconda.com/pkgs/main/linux-64/bokeh-2.2.1-py37_0.conda#13382cbf06052fb3f67001a92b6913b7
https://repo.anaconda.com/pkgs/main/noarch/panel-0.9.7-py_0.conda#474a77c5da2844e8a7fbdf2de3d43fda
https://repo.anaconda.com/pkgs/main/linux-64/cftime-1.2.1-py37heb32a55_0.conda#19e286b4cb4fa7239a213e4d75c31df8
https://conda.anaconda.org/conda-forge/linux-64/netcdf4-1.5.4-nompi_py37hcbfd489_102.tar.bz2#00ec82c27a611297d864d80c889db14a
https://repo.anaconda.com/pkgs/main/linux-64/h5py-2.10.0-py37hd6299e0_1.conda#e6bb3a210b7fd4fc9821b4533e1fb6f9
https://repo.anaconda.com/pkgs/main/linux-64/imagecodecs-2020.5.30-py37h567f118_1.conda#36991c0928a3d60fd159656966fb66b5
https://conda.anaconda.org/conda-forge/noarch/tifffile-2020.8.25-py_0.tar.bz2#e7ee816ae254cc081f4e5ac18ddccd21
https://repo.anaconda.com/pkgs/main/linux-64/matplotlib-3.2.2-0.conda#34b86d701fe234216fc316e9d3b6eb6c
https://repo.anaconda.com/pkgs/main/linux-64/matplotlib-base-3.2.2-py37hef1b27d_0.conda#f1f3c413c0b43f3e4bff7426f671ff8f
https://repo.anaconda.com/pkgs/main/linux-64/mkl_fft-1.1.0-py37h23d657b_0.conda#47f08b7d64477d43c3434867c5638e9d
https://repo.anaconda.com/pkgs/main/linux-64/mkl_random-1.1.1-py37h0573a6f_0.conda#d53ccfb4a62152ac873d96ec89e84aa0
https://repo.anaconda.com/pkgs/main/linux-64/numpy-1.19.1-py37hbc911f0_0.conda#f404d84cba294f32096f7ec400a8e299
https://repo.anaconda.com/pkgs/main/noarch/imageio-2.9.0-py_0.conda#697401aa1eba2ebe4993bbf7b7fd0e65
https://repo.anaconda.com/pkgs/main/linux-64/numcodecs-0.6.4-py37he6710b0_0.conda#51600fdd38fe2d29773f24e9a56e1a71
https://repo.anaconda.com/pkgs/main/linux-64/pandas-1.0.1-py37h0573a6f_0.conda#5aafa8abffa30c287dba9bc23decd3e2
https://repo.anaconda.com/pkgs/main/linux-64/pykdtree-1.3.1-py37hdd07704_2.conda#3b194ab407f1b718c262be15c59fdd07
https://repo.anaconda.com/pkgs/main/linux-64/pywavelets-1.1.1-py37h7b6447c_0.conda#eef0d97c745eb051250332fa11db050f
https://repo.anaconda.com/pkgs/main/linux-64/scipy-1.5.2-py37h0b6359f_0.conda#234d7a928935399e865f9bd1c6c90c4a
https://repo.anaconda.com/pkgs/main/linux-64/shapely-1.7.0-py37h98ec03d_0.conda#85dd25f1b7afe9d385fb9963a3366e8a
https://repo.anaconda.com/pkgs/main/linux-64/cartopy-0.18.0-py37hee755e7_0.conda#c9dad2cac8954acfba8591241e3520ed
https://repo.anaconda.com/pkgs/main/noarch/dask-2.22.0-py_0.conda#9e58c96f13e0be13d334c83bfc006781
https://repo.anaconda.com/pkgs/main/noarch/holoviews-1.13.3-py_0.conda#c10464f0c8759963faff329b14429fca
https://repo.anaconda.com/pkgs/main/noarch/keras-preprocessing-1.1.0-py_1.conda#ee5bc4c809133b66b664a750135d33cd
https://conda.anaconda.org/conda-forge/linux-64/scikit-image-0.17.2-py37h0da4684_1.tar.bz2#37279ee84bc3eb6bcaae0752d0001da4
https://repo.anaconda.com/pkgs/main/linux-64/scikit-learn-0.23.2-py37h0573a6f_0.conda#5957e70b23114740c9fe80d7b87a8cd4
https://repo.anaconda.com/pkgs/main/noarch/xarray-0.16.0-py_0.conda#6e5cd71e80f02f6867cb8c2f79f24387
https://conda.anaconda.org/conda-forge/noarch/zarr-2.4.0-py_0.tar.bz2#57d5031b1a07f73f6a671fba6eccbd2a
https://repo.anaconda.com/pkgs/main/noarch/intake-0.6.0-py_0.conda#b0ebb054dd2acc1ee88339b21f7a7b43
https://conda.anaconda.org/conda-forge/noarch/metpy-0.12.2-py_0.tar.bz2#21aab048b1bd2be3bab1012465b7b96d
https://repo.anaconda.com/pkgs/main/linux-64/tensorflow-base-2.2.0-mkl_py37hd506778_0.conda#cf79d52b0886d1ac01d19c9f112fd6fd
https://conda.anaconda.org/conda-forge/noarch/xgcm-0.3.0-py_0.tar.bz2#1ff7cbc81bf03103035a4194e48e0fb0
https://repo.anaconda.com/pkgs/main/noarch/intake-xarray-0.3.1-py_0.conda#33f44d74a496a2d6f60740e2e1e7b3a8
https://repo.anaconda.com/pkgs/main/noarch/tensorflow-estimator-2.2.0-pyh208ff02_0.conda#5811b975e2ebdcb59718b2d03c9c232f
https://repo.anaconda.com/pkgs/main/linux-64/tensorflow-2.2.0-mkl_py37h6e9ce2d_0.conda#52266de442380e29393a6aae48bf2f32
