# platform: osx-64
# env_hash: 27379785b9747215a8d6365639613bb771e2b4dd7f07eae499b4f1ecbaeadce4
@EXPLICIT
https://conda.anaconda.org/conda-forge/osx-64/bzip2-1.0.8-h0d85af4_4.tar.bz2#37edc4e6304ca87316e160f5ca0bd1b5
https://conda.anaconda.org/conda-forge/osx-64/c-ares-1.18.1-h0d85af4_0.tar.bz2#00b3e98a61e6430808fe7a2534681f28
https://conda.anaconda.org/conda-forge/osx-64/ca-certificates-2021.10.8-h033912b_0.tar.bz2#bb82d0243db9882b509702ecb69e38f0
https://conda.anaconda.org/conda-forge/osx-64/giflib-5.2.1-hbcb3906_2.tar.bz2#be8f747c37e4d7e346c133e641966750
https://conda.anaconda.org/conda-forge/osx-64/jbig-2.1-h0d85af4_2003.tar.bz2#4d76d11d3a256931926099498aa3565b
https://conda.anaconda.org/conda-forge/osx-64/jpeg-9e-h5eb16cf_1.tar.bz2#9d52137dd3f98b32dee941642901d08f
https://conda.anaconda.org/conda-forge/osx-64/lame-3.100-h35c211d_1001.tar.bz2#6bb207f7b08380ce2bc833bb60f91046
https://conda.anaconda.org/conda-forge/osx-64/libbrotlicommon-1.0.9-h5eb16cf_7.tar.bz2#898a296a93b36e42a065963bb4504f2b
https://conda.anaconda.org/conda-forge/osx-64/libcxx-13.0.1-hc203e6f_0.tar.bz2#c451c3b02dea73d320d1395252fc006c
https://conda.anaconda.org/conda-forge/osx-64/libdeflate-1.10-h0d85af4_0.tar.bz2#98a4bf0073c56678453dd86845d3bcc9
https://conda.anaconda.org/conda-forge/osx-64/libev-4.33-haf1e3a3_1.tar.bz2#79dc2be110b2a3d1e97ec21f691c50ad
https://conda.anaconda.org/conda-forge/osx-64/libffi-3.4.2-h0d85af4_5.tar.bz2#ccb34fb14960ad8b125962d3d79b31a9
https://conda.anaconda.org/conda-forge/osx-64/libiconv-1.16-haf1e3a3_0.tar.bz2#c5fab167412a52e491c8e11453ae016f
https://conda.anaconda.org/conda-forge/osx-64/libwebp-base-1.2.2-h0d85af4_1.tar.bz2#052369eda6e13f44b308407c99857f84
https://conda.anaconda.org/conda-forge/osx-64/libzlib-1.2.11-h6c3fc93_1014.tar.bz2#49f20ed86f7ed34204be74fbb2868c60
https://conda.anaconda.org/conda-forge/osx-64/llvm-openmp-14.0.0-ha654fa7_0.tar.bz2#7b36544b71a706e904273b5ce327a87c
https://conda.anaconda.org/conda-forge/osx-64/lzo-2.10-haf1e3a3_1000.tar.bz2#0b6bca372a95d6c602c7a922e928ce79
https://conda.anaconda.org/conda-forge/osx-64/ncurses-6.3-h96cf925_1.tar.bz2#76217ebfbb163ff2770a261f955a5861
https://conda.anaconda.org/conda-forge/osx-64/nettle-3.6-hedd7734_0.tar.bz2#9c9d5d69c39596b22a7495aef3310a3d
https://conda.anaconda.org/conda-forge/osx-64/pthread-stubs-0.4-hc929b4f_1001.tar.bz2#addd19059de62181cd11ae8f4ef26084
https://conda.anaconda.org/conda-forge/osx-64/ripgrep-13.0.0-hbbacdb1_2.tar.bz2#5ae3834efaaf5a666d45609fd51f85c5
https://conda.anaconda.org/conda-forge/osx-64/x264-1!161.3030-h0d85af4_1.tar.bz2#3162269a4e63ed7dcf34ffef591aef94
https://conda.anaconda.org/conda-forge/osx-64/xorg-libxau-1.0.9-h35c211d_0.tar.bz2#c5049997b2e98edfbcdd294582f66281
https://conda.anaconda.org/conda-forge/osx-64/xorg-libxdmcp-1.1.3-h35c211d_0.tar.bz2#86ac76d6bf1cbb9621943eb3bd9ae36e
https://conda.anaconda.org/conda-forge/osx-64/xz-5.2.5-haf1e3a3_1.tar.bz2#41116deb499e9bc58048c297d6403ce6
https://conda.anaconda.org/conda-forge/osx-64/yaml-0.2.5-h0d85af4_2.tar.bz2#d7e08fcf8259d742156188e8762b4d20
https://conda.anaconda.org/conda-forge/osx-64/aom-3.3.0-h96cf925_1.tar.bz2#c2b17d744b682c47ca06912a4a606a9a
https://conda.anaconda.org/conda-forge/osx-64/geos-3.10.2-he49afe7_0.tar.bz2#ba73e08947c2300d6eb338415540854a
https://conda.anaconda.org/conda-forge/osx-64/gettext-0.19.8.1-hd1a6beb_1008.tar.bz2#28c370fc39becf486601d9e491a5e184
https://conda.anaconda.org/conda-forge/osx-64/gmp-6.2.1-h2e338ed_0.tar.bz2#dedc96914428dae572a39e69ee2a392f
https://conda.anaconda.org/conda-forge/osx-64/icu-70.1-h96cf925_0.tar.bz2#376635049e9b9b0bb875efd39dcd7b3b
https://conda.anaconda.org/conda-forge/osx-64/lerc-3.0-he49afe7_0.tar.bz2#a1d21f85e4b0d5e27a88ecab5e3961da
https://conda.anaconda.org/conda-forge/osx-64/libbrotlidec-1.0.9-h5eb16cf_7.tar.bz2#2f53da3dfe9d14ef4666ad2558df8615
https://conda.anaconda.org/conda-forge/osx-64/libbrotlienc-1.0.9-h5eb16cf_7.tar.bz2#16993c3cd38b5ad4980b0934ac308ef6
https://conda.anaconda.org/conda-forge/osx-64/libedit-3.1.20191231-h0678c8f_2.tar.bz2#6016a8a1d0e63cac3de2c352cd40208b
https://conda.anaconda.org/conda-forge/osx-64/libgfortran5-9.3.0-h6c81a4c_23.tar.bz2#a6956ceb628b14594613cefee5127a7a
https://conda.anaconda.org/conda-forge/osx-64/liblief-0.11.5-he49afe7_1.tar.bz2#d6bc3420c3f67907795b958163abb791
https://conda.anaconda.org/conda-forge/osx-64/libvpx-1.11.0-he49afe7_3.tar.bz2#4ad2e740535a74d4ab65550b8a41f99f
https://conda.anaconda.org/conda-forge/osx-64/libxcb-1.13-h0d85af4_1004.tar.bz2#eb7860935e14aec936065cbc21a1a962
https://conda.anaconda.org/conda-forge/osx-64/lz4-c-1.9.3-he49afe7_1.tar.bz2#05c08241b66631c00ca4f9e0b75320bc
https://conda.anaconda.org/conda-forge/osx-64/openssl-1.1.1n-h6c3fc93_0.tar.bz2#abb88e2a46c2da71e2644045e4397839
https://conda.anaconda.org/conda-forge/osx-64/readline-8.1-h05e3726_0.tar.bz2#2832e9b6a7caa7cb192fcda6cfcd8871
https://conda.anaconda.org/conda-forge/osx-64/svt-av1-0.9.1-h96cf925_0.tar.bz2#15aa9714f11eee47f52c61d2861bcf33
https://conda.anaconda.org/conda-forge/osx-64/tk-8.6.12-h5dbffcc_0.tar.bz2#8e9480d9c47061db2ed1b4ecce519a7f
https://conda.anaconda.org/conda-forge/osx-64/x265-3.5-hbb4e6a2_3.tar.bz2#a3bf3e95b7795871a6734a784400fcea
https://conda.anaconda.org/conda-forge/osx-64/zlib-1.2.11-h6c3fc93_1014.tar.bz2#98b82f6a8de694bc6259f2d1a69bc02b
https://conda.anaconda.org/conda-forge/osx-64/brotli-bin-1.0.9-h5eb16cf_7.tar.bz2#6ae0a8419a03d0d9675f319bef66d3aa
https://conda.anaconda.org/conda-forge/osx-64/gnutls-3.6.13-h756fd2b_1.tar.bz2#cf812214a917b4d48ce536d427770ec9
https://conda.anaconda.org/conda-forge/osx-64/krb5-1.19.3-hb49756b_0.tar.bz2#e60363be26ab2a74326c06195d638447
https://conda.anaconda.org/conda-forge/osx-64/libgfortran-5.0.0-9_3_0_h6c81a4c_23.tar.bz2#60f48cef2d50674e0428c5579b6c3f66
https://conda.anaconda.org/conda-forge/osx-64/libnghttp2-1.47.0-h942079c_0.tar.bz2#86fc370e607a269b64ac6fa5d29e55e8
https://conda.anaconda.org/conda-forge/osx-64/libpng-1.6.37-h7cec526_2.tar.bz2#9e52521faba2b53269672628d34e1513
https://conda.anaconda.org/conda-forge/osx-64/libssh2-1.10.0-h52ee1ee_2.tar.bz2#8c8f3804e8e252b47443cfe8e40eddf9
https://conda.anaconda.org/conda-forge/osx-64/libxml2-2.9.13-he03b247_0.tar.bz2#9614cb954d5beff877416cd0472769b1
https://conda.anaconda.org/conda-forge/osx-64/openh264-2.1.1-hfd3ada9_0.tar.bz2#468e32402dae56c73b29fb74160a9b2a
https://conda.anaconda.org/conda-forge/osx-64/sqlite-3.38.3-hd9f0692_0.tar.bz2#f309a6d4a78c13dfbf3eef123c230b1c
https://conda.anaconda.org/conda-forge/osx-64/zstd-1.5.2-h582d3a0_0.tar.bz2#df9ed22d1725b8fecaede2d579fd6bc4
https://conda.anaconda.org/conda-forge/osx-64/brotli-1.0.9-h5eb16cf_7.tar.bz2#d3320319f06d6adb52ed01e1839475a1
https://conda.anaconda.org/conda-forge/osx-64/freetype-2.10.4-h4cff582_1.tar.bz2#5a136a432c6062362cd7990c514bd8d6
https://conda.anaconda.org/conda-forge/osx-64/libarchive-3.5.2-h2b60450_1.tar.bz2#598a850147b8622e8348cbf6578effaf
https://conda.anaconda.org/conda-forge/osx-64/libcurl-7.83.0-h372c54d_0.tar.bz2#189d7b818b1edae0199fd3f9dfdc072e
https://conda.anaconda.org/conda-forge/osx-64/libopenblas-0.3.20-openmp_hb3cd9ec_0.tar.bz2#d862e4a5c6e7bf0bc9d66a38f5c73142
https://conda.anaconda.org/conda-forge/osx-64/libtiff-4.3.0-h17f2ce3_3.tar.bz2#8a2611163920a17b13a1325bb70d7293
https://conda.anaconda.org/conda-forge/osx-64/libxslt-1.1.33-h5bff336_4.tar.bz2#885c26849179f63d56d3d0f1d52dbd2a
https://conda.anaconda.org/conda-forge/osx-64/python-3.8.13-h394c593_0_cpython.tar.bz2#6d0c7bf13396e2f00e57cbd929f697f8
https://conda.anaconda.org/conda-forge/noarch/appdirs-1.4.4-pyh9f0ad1d_0.tar.bz2#5f095bc6454094e96f146491fd03633b
https://conda.anaconda.org/conda-forge/noarch/attrs-21.4.0-pyhd8ed1ab_0.tar.bz2#f70280205d7044c8b8358c8de3190e5d
https://conda.anaconda.org/conda-forge/noarch/charset-normalizer-2.0.12-pyhd8ed1ab_0.tar.bz2#1f5b32dabae0f1893ae3283dac7f799e
https://conda.anaconda.org/conda-forge/noarch/cloudpickle-2.0.0-pyhd8ed1ab_0.tar.bz2#3a8fc8b627d5fb6af827e126a10a86c6
https://conda.anaconda.org/conda-forge/noarch/colorama-0.4.4-pyh9f0ad1d_0.tar.bz2#c08b4c1326b880ed44f3ffb04803332f
https://conda.anaconda.org/conda-forge/noarch/cssselect-1.1.0-py_0.tar.bz2#c2b0104cc7d2ef771a40281a26524b87
https://conda.anaconda.org/conda-forge/noarch/cycler-0.11.0-pyhd8ed1ab_0.tar.bz2#a50559fad0affdbb33729a68669ca1cb
https://conda.anaconda.org/conda-forge/noarch/entrypoints-0.3-pyhd8ed1ab_1003.tar.bz2#bbf9a201f6ce99a506f4955374d9a9f4
https://conda.anaconda.org/conda-forge/osx-64/ffmpeg-5.0.1-h2c4a21e_1.tar.bz2#97f0d1e5a0628d9def8a0f3d97a640c9
https://conda.anaconda.org/conda-forge/noarch/filelock-3.6.0-pyhd8ed1ab_0.tar.bz2#6e03ca6c7b47a4152a2b12c6eee3bd32
https://conda.anaconda.org/conda-forge/noarch/fsspec-2022.3.0-pyhd8ed1ab_0.tar.bz2#960b78685ccbedb992886fc4ce37bf6e
https://conda.anaconda.org/conda-forge/noarch/glob2-0.7-py_0.tar.bz2#1f3a88e65e61216e1d475135922dbf6a
https://conda.anaconda.org/conda-forge/noarch/heapdict-1.0.1-py_0.tar.bz2#77242bfb1e74a627fb06319b5a2d3b95
https://conda.anaconda.org/conda-forge/noarch/idna-3.3-pyhd8ed1ab_0.tar.bz2#40b50b8b030f5f2f22085c062ed013dd
https://conda.anaconda.org/conda-forge/noarch/iniconfig-1.1.1-pyh9f0ad1d_0.tar.bz2#39161f81cc5e5ca45b8226fbb06c6905
https://conda.anaconda.org/conda-forge/osx-64/lcms2-2.12-h577c468_0.tar.bz2#abce77b852b73670e85e104746b0ea1b
https://conda.anaconda.org/conda-forge/osx-64/libblas-3.9.0-14_osx64_openblas.tar.bz2#7440571e6f75b795ebc25a71429ca99d
https://conda.anaconda.org/conda-forge/osx-64/libwebp-1.2.2-h28dabe5_0.tar.bz2#6aa31e81854e3172dae89300ae9a5444
https://conda.anaconda.org/conda-forge/noarch/locket-1.0.0-pyhd8ed1ab_0.tar.bz2#91e27ef3d05cc772ce627e51cff111c4
https://conda.anaconda.org/conda-forge/noarch/mccabe-0.6.1-py_1.tar.bz2#a326cb400c1ccd91789f3e7d02124d61
https://conda.anaconda.org/conda-forge/noarch/munkres-1.1.4-pyh9f0ad1d_0.tar.bz2#2ba8498c1018c1e9c61eb99b973dfe19
https://conda.anaconda.org/conda-forge/osx-64/openjpeg-2.4.0-h6e7aa92_1.tar.bz2#c8cbb6d99f6467246ac26a139256e50f
https://conda.anaconda.org/conda-forge/noarch/pathspec-0.9.0-pyhd8ed1ab_0.tar.bz2#f93dc0ccbc0a8472624165f6e256c7d1
https://conda.anaconda.org/conda-forge/noarch/pkginfo-1.8.2-pyhd8ed1ab_0.tar.bz2#c776a1cd5745674c28c20a5498cafa89
https://conda.anaconda.org/conda-forge/osx-64/proj-9.0.0-h2364a93_1.tar.bz2#0963b0299506924c7630522fb4c1a0a5
https://conda.anaconda.org/conda-forge/noarch/py-1.11.0-pyh6c4a22f_0.tar.bz2#b4613d7e7a493916d867842a6a148054
https://conda.anaconda.org/conda-forge/noarch/pycodestyle-2.5.0-py_0.tar.bz2#50bbc153cd561d99ac1af363651c3f17
https://conda.anaconda.org/conda-forge/noarch/pycparser-2.21-pyhd8ed1ab_0.tar.bz2#076becd9e05608f8dc72757d5f3a91ff
https://conda.anaconda.org/conda-forge/noarch/pyflakes-2.1.1-py_0.tar.bz2#5a388c9d483217cb77fdf0d6236d5b28
https://conda.anaconda.org/conda-forge/noarch/pyparsing-3.0.8-pyhd8ed1ab_0.tar.bz2#7f5738c49fdccd0fc755bfd25a5ea66c
https://conda.anaconda.org/conda-forge/noarch/pyshp-2.2.0-pyhd8ed1ab_0.tar.bz2#2aa546be05be34b8e1744afd327b623f
https://conda.anaconda.org/conda-forge/osx-64/python_abi-3.8-2_cp38.tar.bz2#156803acb0247c263c9586f190b72f1c
https://conda.anaconda.org/conda-forge/noarch/pytz-2022.1-pyhd8ed1ab_0.tar.bz2#b87d66d6d3991d988fb31510c95a9267
https://conda.anaconda.org/conda-forge/noarch/six-1.16.0-pyh6c4a22f_0.tar.bz2#e5f25f8dbc060e9a8d912e432202afc2
https://conda.anaconda.org/conda-forge/noarch/sortedcontainers-2.4.0-pyhd8ed1ab_0.tar.bz2#6d6552722448103793743dabfbda532d
https://conda.anaconda.org/conda-forge/noarch/soupsieve-2.3.1-pyhd8ed1ab_0.tar.bz2#d821b295c4bd18ad27e1e19543a5784a
https://conda.anaconda.org/conda-forge/noarch/tblib-1.7.0-pyhd8ed1ab_0.tar.bz2#3d4afc31302aa7be471feb6be048ed76
https://conda.anaconda.org/conda-forge/noarch/toml-0.10.2-pyhd8ed1ab_0.tar.bz2#f832c45a477c78bebd107098db465095
https://conda.anaconda.org/conda-forge/noarch/tomli-2.0.1-pyhd8ed1ab_0.tar.bz2#5844808ffab9ebdb694585b50ba02a96
https://conda.anaconda.org/conda-forge/noarch/toolz-0.11.2-pyhd8ed1ab_0.tar.bz2#f348d1590550371edfac5ed3c1d44f7e
https://conda.anaconda.org/conda-forge/noarch/typing_extensions-4.2.0-pyha770c72_1.tar.bz2#f0f7e024f94e23d3bfee0ab777bf335a
https://conda.anaconda.org/conda-forge/noarch/wheel-0.37.1-pyhd8ed1ab_0.tar.bz2#1ca02aaf78d9c70d9a81a3bed5752022
https://conda.anaconda.org/conda-forge/noarch/zipp-3.8.0-pyhd8ed1ab_0.tar.bz2#050b94cf4a8c760656e51d2d44e4632c
https://conda.anaconda.org/conda-forge/noarch/beautifulsoup4-4.11.1-pyha770c72_0.tar.bz2#eeec8814bd97b2681f708bb127478d7d
https://conda.anaconda.org/conda-forge/osx-64/certifi-2021.10.8-py38h50d1736_2.tar.bz2#667c7231c06df3912f906e4045649805
https://conda.anaconda.org/conda-forge/osx-64/cffi-1.15.0-py38h1a44b6c_0.tar.bz2#3ec046bfb079a655aeba431cc7371ab7
https://conda.anaconda.org/conda-forge/osx-64/chardet-4.0.0-py38h50d1736_3.tar.bz2#d8a1fc5986e11a9acb93374dc19f2622
https://conda.anaconda.org/conda-forge/osx-64/click-8.1.2-py38h50d1736_0.tar.bz2#61e85b731465a963ea10404f8fe60ff2
https://conda.anaconda.org/conda-forge/osx-64/coverage-6.3.2-py38hed1de0f_2.tar.bz2#d0c037eb0bbfd16b5ac19e91b749d36f
https://conda.anaconda.org/conda-forge/osx-64/crcmod-1.7-py38hed1de0f_1008.tar.bz2#81a1a0b1ca30e10fb55ddb7261715028
https://conda.anaconda.org/conda-forge/osx-64/cytoolz-0.11.2-py38hed1de0f_2.tar.bz2#4dd3e2dc63662ab5f118a8f7356b8cb4
https://conda.anaconda.org/conda-forge/noarch/importlib_resources-5.7.1-pyhd8ed1ab_0.tar.bz2#8a50c32f48abec73bc3dd4df0d133892
https://conda.anaconda.org/conda-forge/osx-64/kiwisolver-1.4.2-py38h8b7791e_1.tar.bz2#8fa3f07234b57e78cbaf2a1206162db8
https://conda.anaconda.org/conda-forge/osx-64/libcblas-3.9.0-14_osx64_openblas.tar.bz2#09a2b714708e1c4320266fb878c54a3c
https://conda.anaconda.org/conda-forge/osx-64/liblapack-3.9.0-14_osx64_openblas.tar.bz2#154dd37ef8a9c421bee629d030550a30
https://conda.anaconda.org/conda-forge/osx-64/lxml-4.8.0-py38hed1de0f_3.tar.bz2#b0c30a09543d89563730e8e4d9f1e3b6
https://conda.anaconda.org/conda-forge/osx-64/lz4-4.0.0-py38ha9ff022_1.tar.bz2#d8713b79d7d441a1f7f012518804ebec
https://conda.anaconda.org/conda-forge/osx-64/markupsafe-2.1.1-py38hed1de0f_1.tar.bz2#a353e85eb742fcfa2496c9f64b053354
https://conda.anaconda.org/conda-forge/osx-64/msgpack-python-1.0.3-py38h8b7791e_1.tar.bz2#dc2bd738e8f30b926641889e04a2e91a
https://conda.anaconda.org/conda-forge/osx-64/mypy_extensions-0.4.3-py38h50d1736_5.tar.bz2#55ba94e0899a3365f526f1ca9f3d390c
https://conda.anaconda.org/conda-forge/noarch/packaging-21.3-pyhd8ed1ab_0.tar.bz2#71f1ab2de48613876becddd496371c85
https://conda.anaconda.org/conda-forge/noarch/partd-1.2.0-pyhd8ed1ab_0.tar.bz2#0c32f563d7f22e3a34c95cad8cc95651
https://conda.anaconda.org/conda-forge/osx-64/pillow-9.1.0-py38h7207f37_2.tar.bz2#1deca5b6c72c565a5e2d29f8752da4d9
https://conda.anaconda.org/conda-forge/osx-64/pluggy-1.0.0-py38h50d1736_3.tar.bz2#49de2850464c426eec1959b97858ec58
https://conda.anaconda.org/conda-forge/osx-64/psutil-5.9.0-py38hed1de0f_1.tar.bz2#998483cd9d6bdb3bba98ad3188cde7b9
https://conda.anaconda.org/conda-forge/osx-64/py-lief-0.11.5-py38ha048514_1.tar.bz2#1b9ff2d850689c0036d18fa3f08ec3e5
https://conda.anaconda.org/conda-forge/osx-64/pycosat-0.6.3-py38hed1de0f_1010.tar.bz2#72697e012878855c1312d30f976c7e09
https://conda.anaconda.org/conda-forge/osx-64/pysocks-1.7.1-py38h50d1736_5.tar.bz2#b417ade9775612d9a2520b12bbab2cb0
https://conda.anaconda.org/conda-forge/noarch/python-dateutil-2.8.2-pyhd8ed1ab_0.tar.bz2#dd999d1cc9f79e67dbb855c8924c7984
https://conda.anaconda.org/conda-forge/osx-64/python-libarchive-c-4.0-py38h50d1736_1.tar.bz2#d9c7bc06d239cf9ea4251ef714ddbf6f
https://conda.anaconda.org/conda-forge/osx-64/pyyaml-6.0-py38hed1de0f_4.tar.bz2#827c0e27214cb208fa43fe4d6230546e
https://conda.anaconda.org/conda-forge/osx-64/regex-2022.4.24-py38h0dd4459_0.tar.bz2#a7a4f2a7779fc9128748f76dc11fd785
https://conda.anaconda.org/conda-forge/osx-64/ruamel_yaml-0.15.80-py38h96a0964_1006.tar.bz2#d4056b19d2acbdffbfd2bbf1f97bec51
https://conda.anaconda.org/conda-forge/osx-64/setuptools-62.1.0-py38h50d1736_0.tar.bz2#f96c5fb23b5fdc29802d9b81617d453f
https://conda.anaconda.org/conda-forge/osx-64/tornado-6.1-py38hed1de0f_3.tar.bz2#00afaf227b168ff6435abfeb352c58d7
https://conda.anaconda.org/conda-forge/noarch/tqdm-4.64.0-pyhd8ed1ab_0.tar.bz2#6642233f341e1900d0c8e6eddb979c14
https://conda.anaconda.org/conda-forge/osx-64/typed-ast-1.4.3-py38h96a0964_1.tar.bz2#7d9f64c0e32954a8d3a07ee0082c4a58
https://conda.anaconda.org/conda-forge/osx-64/unicodedata2-14.0.0-py38hed1de0f_1.tar.bz2#34183d6d0779b670415f6e48d0f4fa6d
https://conda.anaconda.org/conda-forge/noarch/zict-2.2.0-pyhd8ed1ab_0.tar.bz2#cd563d01df94e51f968645dbf3b310b0
https://conda.anaconda.org/conda-forge/noarch/black-19.10b0-py_4.tar.bz2#ae8375ed2a4c1c67966ab08dc44d96a3
https://conda.anaconda.org/conda-forge/osx-64/brotlipy-0.7.0-py38hed1de0f_1004.tar.bz2#157c0392031cd8d8c3153f92121642de
https://conda.anaconda.org/conda-forge/osx-64/conda-package-handling-1.8.1-py38hed1de0f_1.tar.bz2#d8d49a16c9411dc1a36a6847f410dda6
https://conda.anaconda.org/conda-forge/osx-64/cryptography-36.0.2-py38h826b3c8_1.tar.bz2#a691a647fb448b2456165cbdc23f104c
https://conda.anaconda.org/conda-forge/noarch/dask-core-2022.4.1-pyhd8ed1ab_0.tar.bz2#5fee12b7b8acb170c47d425d3b069f3c
https://conda.anaconda.org/conda-forge/osx-64/flake8-3.7.9-py38h32f6830_1.tar.bz2#631dbabffcc136ec96b30eb1970d99d5
https://conda.anaconda.org/conda-forge/osx-64/fonttools-4.33.3-py38h0dd4459_0.tar.bz2#d54c425dbfede2ad91d9d993d5c6a049
https://conda.anaconda.org/conda-forge/noarch/hypothesis-6.45.1-pyhd8ed1ab_0.tar.bz2#cc097317de0db0ba334fe42512566995
https://conda.anaconda.org/conda-forge/noarch/isort-5.10.1-pyhd8ed1ab_0.tar.bz2#83df9ffefe1cc01d9e60405bf871bfdb
https://conda.anaconda.org/conda-forge/noarch/jinja2-3.1.1-pyhd8ed1ab_0.tar.bz2#40b3f446c61729cdd21ed9d85627df6e
https://conda.anaconda.org/conda-forge/noarch/mypy-0.770-py_0.tar.bz2#6f6066180325653cb41bd4bab930dc4c
https://conda.anaconda.org/conda-forge/osx-64/numpy-1.22.3-py38h7eae8df_2.tar.bz2#b26274f4d974327002cde2ff1ff26e55
https://conda.anaconda.org/conda-forge/noarch/pip-20.2.4-py_0.tar.bz2#d2c0e7b7ca15440dc445e725f1e79ccf
https://conda.anaconda.org/conda-forge/osx-64/pyproj-3.3.1-py38h80c5eb1_0.tar.bz2#7fa6727d3cf59cc25201a7560ec01f18
https://conda.anaconda.org/conda-forge/noarch/pyquery-1.4.3-pyhd8ed1ab_0.tar.bz2#a375af7e878ae426a297e98ee98c6a9a
https://conda.anaconda.org/conda-forge/osx-64/pytest-7.1.2-py38h50d1736_0.tar.bz2#ab3679da5581765f2fa1b0a16ca89a03
https://conda.anaconda.org/conda-forge/osx-64/bokeh-2.4.2-py38h50d1736_1.tar.bz2#d64f40bad054bad1dd0aa8af5b9108b8
https://conda.anaconda.org/conda-forge/osx-64/matplotlib-base-3.5.1-py38hc7d2367_0.tar.bz2#bad55ca191ceedaf38838f6714352833
https://conda.anaconda.org/conda-forge/osx-64/pandas-1.4.2-py38hb872667_1.tar.bz2#c368c8060403b28ae6003fa236503d76
https://conda.anaconda.org/conda-forge/noarch/pyopenssl-22.0.0-pyhd8ed1ab_0.tar.bz2#1d7e241dfaf5475e893d4b824bb71b44
https://conda.anaconda.org/conda-forge/osx-64/scipy-1.8.0-py38hd329d04_1.tar.bz2#995c63aa4995113a64459539cf74b53a
https://conda.anaconda.org/conda-forge/osx-64/shapely-1.8.0-py38h999c4bd_6.tar.bz2#8ae1f3051b07341cc50cab5bb481f731
https://conda.anaconda.org/conda-forge/osx-64/cartopy-0.20.2-py38h4c6f8e6_4.tar.bz2#91aa68966f4adc9dc658dbbf4ead6f21
https://conda.anaconda.org/conda-forge/noarch/pytest-mpl-0.15.1-pyhd8ed1ab_0.tar.bz2#68a952bf66540dc1ba9e1658e2b4cc34
https://conda.anaconda.org/conda-forge/noarch/urllib3-1.26.9-pyhd8ed1ab_0.tar.bz2#0ea179ee251aa7100807c35bc0252693
https://conda.anaconda.org/conda-forge/noarch/distributed-2022.4.1-pyhd8ed1ab_0.tar.bz2#42d7b396802094e62b84970c52db142a
https://conda.anaconda.org/conda-forge/noarch/requests-2.27.1-pyhd8ed1ab_0.tar.bz2#7c1c427246b057b8fa97200ecdb2ed62
https://conda.anaconda.org/conda-forge/osx-64/conda-4.12.0-py38h50d1736_0.tar.bz2#0c691ec54f2cb1a639c24b03e2e60492
https://conda.anaconda.org/conda-forge/noarch/dask-2022.4.1-pyhd8ed1ab_0.tar.bz2#c7b70d267db42d97e1510d5906b6692c
https://conda.anaconda.org/conda-forge/osx-64/conda-build-3.21.8-py38h50d1736_0.tar.bz2#d3e263bbeac3d18c308296e0e5596dbc
https://conda.anaconda.org/conda-forge/noarch/intake-0.6.5-pyhd8ed1ab_0.tar.bz2#9b4be120fd2545abd086bfefda0fa0f6
