# platform: win-64
# env_hash: 68c7423e008ce2da80f91a53e6a8361d1fc884d31cc13271a53db4111afae271
@EXPLICIT
https://conda.anaconda.org/conda-forge/win-64/ca-certificates-2021.10.8-h5b45459_0.tar.bz2#2ddd48c9b52f7f65361b9645b2c5d370
https://conda.anaconda.org/conda-forge/win-64/intel-openmp-2022.0.0-h57928b3_3663.tar.bz2#9617f0042f5eea1155970e6861f3ab6b
https://conda.anaconda.org/conda-forge/win-64/msys2-conda-epoch-20160418-1.tar.bz2#b0309b72560df66f71a9d5e34a5efdfa
https://conda.anaconda.org/conda-forge/win-64/ucrt-10.0.20348.0-h57928b3_0.tar.bz2#6d666b6ea8251231ff508062d1e41f9c
https://conda.anaconda.org/conda-forge/win-64/m2-msys2-runtime-2.5.0.17080.65c939c-3.tar.bz2#ce25c58bc90071bf71f3d472cb8dfbce
https://conda.anaconda.org/conda-forge/win-64/m2w64-gmp-6.1.0-2.tar.bz2#53a1c73e1e3d185516d7e3af177596d9
https://conda.anaconda.org/conda-forge/win-64/m2w64-libwinpthread-git-5.0.0.4634.697f757-2.tar.bz2#774130a326dee16f1ceb05cc687ee4f0
https://conda.anaconda.org/conda-forge/win-64/vs2015_runtime-14.29.30037-h902a5da_6.tar.bz2#33d07ebe91062743eabc9e53a60d18e1
https://conda.anaconda.org/conda-forge/win-64/m2-patch-2.7.5-2.tar.bz2#f5159110837c3e221146e623f3c44f1c
https://conda.anaconda.org/conda-forge/win-64/m2w64-gcc-libs-core-5.3.0-7.tar.bz2#4289d80fb4d272f1f3b56cfe87ac90bd
https://conda.anaconda.org/conda-forge/win-64/vc-14.2-hb210afc_6.tar.bz2#c2aecbc9b00ba6f352e27d3d61fd31fb
https://conda.anaconda.org/conda-forge/win-64/bzip2-1.0.8-h8ffe710_4.tar.bz2#7c03c66026944073040cb19a4f3ec3c9
https://conda.anaconda.org/conda-forge/win-64/ffmpeg-4.3.1-ha925a31_0.tar.bz2#858eb8e0630eab350939a189963051e8
https://conda.anaconda.org/conda-forge/win-64/geos-3.10.2-h39d44d4_0.tar.bz2#6aa1e30e27ca103193e7a206364ce4c4
https://conda.anaconda.org/conda-forge/win-64/jbig-2.1-h8d14728_2003.tar.bz2#37dcc26d63c315f6c0588579dca810da
https://conda.anaconda.org/conda-forge/win-64/jpeg-9e-h8ffe710_1.tar.bz2#cda58df0a6d1165a82a0dfd59e9be5b0
https://conda.anaconda.org/conda-forge/win-64/lerc-3.0-h0e60522_0.tar.bz2#756c8b51a32758df2ed6cddcc7b7ed58
https://conda.anaconda.org/conda-forge/win-64/libbrotlicommon-1.0.9-h8ffe710_7.tar.bz2#e7b12a6cf353395dda7ed36b9041048b
https://conda.anaconda.org/conda-forge/win-64/libdeflate-1.10-h8ffe710_0.tar.bz2#ad4246997621fdf913fe6f958bc16fd4
https://conda.anaconda.org/conda-forge/win-64/libffi-3.4.2-h8ffe710_5.tar.bz2#2c96d1b6915b408893f9472569dee135
https://conda.anaconda.org/conda-forge/win-64/libiconv-1.16-he774522_0.tar.bz2#bdfeadc9348e4d9fbe4821e81bf8f221
https://conda.anaconda.org/conda-forge/win-64/liblief-0.11.5-h0e60522_1.tar.bz2#690bc670e05042446a36307adf0a30db
https://conda.anaconda.org/conda-forge/win-64/libwebp-base-1.2.2-h8ffe710_1.tar.bz2#24e23990217d3542fb821759a41d6ec2
https://conda.anaconda.org/conda-forge/win-64/libzlib-1.2.11-h8ffe710_1014.tar.bz2#5e57ffcf6d651d94d329a3e9ce1f8f21
https://conda.anaconda.org/conda-forge/win-64/lz4-c-1.9.3-h8ffe710_1.tar.bz2#d12763533276560a931c1bd3df1adf63
https://conda.anaconda.org/conda-forge/win-64/lzo-2.10-he774522_1000.tar.bz2#d5cf4b7eaa52316f135eed9e8548ad57
https://conda.anaconda.org/conda-forge/win-64/m2w64-gcc-libgfortran-5.3.0-6.tar.bz2#066552ac6b907ec6d72c0ddab29050dc
https://conda.anaconda.org/conda-forge/win-64/openssl-1.1.1n-h8ffe710_0.tar.bz2#f2d2768c9d3f84fc3e99f96b66a49ba4
https://conda.anaconda.org/conda-forge/win-64/sqlite-3.38.3-h8ffe710_0.tar.bz2#4f5ed8455aaaa4005d49ac6d45346f88
https://conda.anaconda.org/conda-forge/win-64/tbb-2021.5.0-h2d74725_1.tar.bz2#8f00f39dbd7deaba11410b0b6e7b2cb4
https://conda.anaconda.org/conda-forge/win-64/tk-8.6.12-h8ffe710_0.tar.bz2#c69a5047cc9291ae40afd4a1ad6f0c0f
https://conda.anaconda.org/conda-forge/win-64/xz-5.2.5-h62dcd97_1.tar.bz2#eabcbfedd14d7c18a514afca09ea0ebb
https://conda.anaconda.org/conda-forge/win-64/yaml-0.2.5-h8ffe710_2.tar.bz2#adbfb9f45d1004a26763652246a33764
https://conda.anaconda.org/conda-forge/win-64/krb5-1.19.3-h1176d77_0.tar.bz2#2e0d447ab95d58d3ea1222121ec57f9f
https://conda.anaconda.org/conda-forge/win-64/libbrotlidec-1.0.9-h8ffe710_7.tar.bz2#ca57bf17ba92eed4ca2667a4c5df9343
https://conda.anaconda.org/conda-forge/win-64/libbrotlienc-1.0.9-h8ffe710_7.tar.bz2#75c0a84c7f22d57cda6aaf7205b4a27c
https://conda.anaconda.org/conda-forge/win-64/libwebp-1.2.2-h57928b3_0.tar.bz2#80c0ce63cf8f69c5a5781ab7a9645942
https://conda.anaconda.org/conda-forge/win-64/m2w64-gcc-libs-5.3.0-7.tar.bz2#fe759119b8b3bfa720b8762c6fdc35de
https://conda.anaconda.org/conda-forge/win-64/mkl-2022.0.0-h0e2418a_796.tar.bz2#54baa34953c02445bfd6f566c45decbb
https://conda.anaconda.org/conda-forge/win-64/python-3.8.13-h9a09f29_0_cpython.tar.bz2#41de0ad5db009f4f829f9d415a6a4200
https://conda.anaconda.org/conda-forge/win-64/zlib-1.2.11-h8ffe710_1014.tar.bz2#8f3f8b243814bddb2898c314ed024e03
https://conda.anaconda.org/conda-forge/win-64/zstd-1.5.2-h6255e5f_0.tar.bz2#68de506283d23d66cf1e4ce3814d6cdc
https://conda.anaconda.org/conda-forge/noarch/appdirs-1.4.4-pyh9f0ad1d_0.tar.bz2#5f095bc6454094e96f146491fd03633b
https://conda.anaconda.org/conda-forge/noarch/atomicwrites-1.4.0-pyh9f0ad1d_0.tar.bz2#5e36230ffaf3b7bb599424592684ae53
https://conda.anaconda.org/conda-forge/noarch/attrs-21.4.0-pyhd8ed1ab_0.tar.bz2#f70280205d7044c8b8358c8de3190e5d
https://conda.anaconda.org/conda-forge/win-64/brotli-bin-1.0.9-h8ffe710_7.tar.bz2#fd458f76be2068973734834202ac0352
https://conda.anaconda.org/conda-forge/noarch/charset-normalizer-2.0.12-pyhd8ed1ab_0.tar.bz2#1f5b32dabae0f1893ae3283dac7f799e
https://conda.anaconda.org/conda-forge/noarch/cloudpickle-2.0.0-pyhd8ed1ab_0.tar.bz2#3a8fc8b627d5fb6af827e126a10a86c6
https://conda.anaconda.org/conda-forge/noarch/colorama-0.4.4-pyh9f0ad1d_0.tar.bz2#c08b4c1326b880ed44f3ffb04803332f
https://conda.anaconda.org/conda-forge/noarch/cssselect-1.1.0-py_0.tar.bz2#c2b0104cc7d2ef771a40281a26524b87
https://conda.anaconda.org/conda-forge/noarch/cycler-0.11.0-pyhd8ed1ab_0.tar.bz2#a50559fad0affdbb33729a68669ca1cb
https://conda.anaconda.org/conda-forge/noarch/entrypoints-0.3-pyhd8ed1ab_1003.tar.bz2#bbf9a201f6ce99a506f4955374d9a9f4
https://conda.anaconda.org/conda-forge/noarch/filelock-3.6.0-pyhd8ed1ab_0.tar.bz2#6e03ca6c7b47a4152a2b12c6eee3bd32
https://conda.anaconda.org/conda-forge/noarch/fsspec-2022.3.0-pyhd8ed1ab_0.tar.bz2#960b78685ccbedb992886fc4ce37bf6e
https://conda.anaconda.org/conda-forge/noarch/glob2-0.7-py_0.tar.bz2#1f3a88e65e61216e1d475135922dbf6a
https://conda.anaconda.org/conda-forge/noarch/heapdict-1.0.1-py_0.tar.bz2#77242bfb1e74a627fb06319b5a2d3b95
https://conda.anaconda.org/conda-forge/noarch/idna-3.3-pyhd8ed1ab_0.tar.bz2#40b50b8b030f5f2f22085c062ed013dd
https://conda.anaconda.org/conda-forge/noarch/iniconfig-1.1.1-pyh9f0ad1d_0.tar.bz2#39161f81cc5e5ca45b8226fbb06c6905
https://conda.anaconda.org/conda-forge/win-64/libblas-3.9.0-14_win64_mkl.tar.bz2#5166ac76c8e0607a2977cf3331ed37a9
https://conda.anaconda.org/conda-forge/win-64/libpng-1.6.37-h1d00b33_2.tar.bz2#005ddb14b8f876ed6a85b76dfc9892db
https://conda.anaconda.org/conda-forge/win-64/libssh2-1.10.0-h680486a_2.tar.bz2#7c3dab9db46226852f9c4c163870e4e4
https://conda.anaconda.org/conda-forge/win-64/libtiff-4.3.0-hc4061b1_3.tar.bz2#2e9f4af7dd16047f2f370562fb9e81fc
https://conda.anaconda.org/conda-forge/win-64/libxml2-2.9.14-hf5bbc77_0.tar.bz2#1209fe6f12e1c5e2807a6ec0fa9713f2
https://conda.anaconda.org/conda-forge/noarch/locket-1.0.0-pyhd8ed1ab_0.tar.bz2#91e27ef3d05cc772ce627e51cff111c4
https://conda.anaconda.org/conda-forge/noarch/mccabe-0.6.1-py_1.tar.bz2#a326cb400c1ccd91789f3e7d02124d61
https://conda.anaconda.org/conda-forge/noarch/munkres-1.1.4-pyh9f0ad1d_0.tar.bz2#2ba8498c1018c1e9c61eb99b973dfe19
https://conda.anaconda.org/conda-forge/noarch/pathspec-0.9.0-pyhd8ed1ab_0.tar.bz2#f93dc0ccbc0a8472624165f6e256c7d1
https://conda.anaconda.org/conda-forge/noarch/pkginfo-1.8.2-pyhd8ed1ab_0.tar.bz2#c776a1cd5745674c28c20a5498cafa89
https://conda.anaconda.org/conda-forge/win-64/pthread-stubs-0.4-hcd874cb_1001.tar.bz2#a1f820480193ea83582b13249a7e7bd9
https://conda.anaconda.org/conda-forge/noarch/py-1.11.0-pyh6c4a22f_0.tar.bz2#b4613d7e7a493916d867842a6a148054
https://conda.anaconda.org/conda-forge/noarch/pycodestyle-2.5.0-py_0.tar.bz2#50bbc153cd561d99ac1af363651c3f17
https://conda.anaconda.org/conda-forge/noarch/pycparser-2.21-pyhd8ed1ab_0.tar.bz2#076becd9e05608f8dc72757d5f3a91ff
https://conda.anaconda.org/conda-forge/noarch/pyflakes-2.1.1-py_0.tar.bz2#5a388c9d483217cb77fdf0d6236d5b28
https://conda.anaconda.org/conda-forge/noarch/pyparsing-3.0.8-pyhd8ed1ab_0.tar.bz2#7f5738c49fdccd0fc755bfd25a5ea66c
https://conda.anaconda.org/conda-forge/noarch/pyshp-2.3.0-pyhd8ed1ab_0.tar.bz2#0158f62cae46ad1fb77c522c4e7ecc90
https://conda.anaconda.org/conda-forge/win-64/python_abi-3.8-2_cp38.tar.bz2#80b95487563108d4cf92ff6384050751
https://conda.anaconda.org/conda-forge/noarch/pytz-2022.1-pyhd8ed1ab_0.tar.bz2#b87d66d6d3991d988fb31510c95a9267
https://conda.anaconda.org/conda-forge/win-64/ripgrep-13.0.0-h7f3b576_2.tar.bz2#8f37f34d42c5675df21caf041597e792
https://conda.anaconda.org/conda-forge/noarch/six-1.16.0-pyh6c4a22f_0.tar.bz2#e5f25f8dbc060e9a8d912e432202afc2
https://conda.anaconda.org/conda-forge/noarch/sortedcontainers-2.4.0-pyhd8ed1ab_0.tar.bz2#6d6552722448103793743dabfbda532d
https://conda.anaconda.org/conda-forge/noarch/soupsieve-2.3.1-pyhd8ed1ab_0.tar.bz2#d821b295c4bd18ad27e1e19543a5784a
https://conda.anaconda.org/conda-forge/noarch/tblib-1.7.0-pyhd8ed1ab_0.tar.bz2#3d4afc31302aa7be471feb6be048ed76
https://conda.anaconda.org/conda-forge/noarch/toml-0.10.2-pyhd8ed1ab_0.tar.bz2#f832c45a477c78bebd107098db465095
https://conda.anaconda.org/conda-forge/noarch/tomli-2.0.1-pyhd8ed1ab_0.tar.bz2#5844808ffab9ebdb694585b50ba02a96
https://conda.anaconda.org/conda-forge/noarch/toolz-0.11.2-pyhd8ed1ab_0.tar.bz2#f348d1590550371edfac5ed3c1d44f7e
https://conda.anaconda.org/conda-forge/noarch/typing_extensions-4.2.0-pyha770c72_1.tar.bz2#f0f7e024f94e23d3bfee0ab777bf335a
https://conda.anaconda.org/conda-forge/noarch/wheel-0.37.1-pyhd8ed1ab_0.tar.bz2#1ca02aaf78d9c70d9a81a3bed5752022
https://conda.anaconda.org/conda-forge/win-64/xorg-libxau-1.0.9-hcd874cb_0.tar.bz2#9cef622e75683c17d05ae62d66e69e6c
https://conda.anaconda.org/conda-forge/win-64/xorg-libxdmcp-1.1.3-hcd874cb_0.tar.bz2#46878ebb6b9cbd8afcf8088d7ef00ece
https://conda.anaconda.org/conda-forge/noarch/zipp-3.8.0-pyhd8ed1ab_0.tar.bz2#050b94cf4a8c760656e51d2d44e4632c
https://conda.anaconda.org/conda-forge/noarch/beautifulsoup4-4.11.1-pyha770c72_0.tar.bz2#eeec8814bd97b2681f708bb127478d7d
https://conda.anaconda.org/conda-forge/win-64/brotli-1.0.9-h8ffe710_7.tar.bz2#bdd3236d1f6962e8e6953276d12b7e5b
https://conda.anaconda.org/conda-forge/win-64/certifi-2021.10.8-py38haa244fe_2.tar.bz2#632c416a7b1cda7712254bc58dd3de10
https://conda.anaconda.org/conda-forge/win-64/cffi-1.15.0-py38hd8c33c5_0.tar.bz2#b6a0fcd49b88b2fef6892785c8e33092
https://conda.anaconda.org/conda-forge/win-64/chardet-4.0.0-py38haa244fe_3.tar.bz2#216e2dec25eacbd1f17538d43f31c7eb
https://conda.anaconda.org/conda-forge/win-64/click-8.1.3-py38haa244fe_0.tar.bz2#7fea24c39d86d2628daf43197112fbda
https://conda.anaconda.org/conda-forge/win-64/coverage-6.3.2-py38h294d835_2.tar.bz2#819a0051bbb11fcc60a2c7a6c1a2d81d
https://conda.anaconda.org/conda-forge/win-64/crcmod-1.7-py38h294d835_1008.tar.bz2#6ebc004691729b4c366bc3fd2bd2f3f5
https://conda.anaconda.org/conda-forge/win-64/cytoolz-0.11.2-py38h294d835_2.tar.bz2#ad0466ce9b56375565c998ace7c3ffee
https://conda.anaconda.org/conda-forge/win-64/freetype-2.10.4-h546665d_1.tar.bz2#1215a2e49d23da91c28d97cff8de35ea
https://conda.anaconda.org/conda-forge/noarch/importlib_resources-5.7.1-pyhd8ed1ab_0.tar.bz2#8a50c32f48abec73bc3dd4df0d133892
https://conda.anaconda.org/conda-forge/win-64/kiwisolver-1.4.2-py38hbd9d945_1.tar.bz2#171f7a504550a6093548f618df9a76f5
https://conda.anaconda.org/conda-forge/win-64/lcms2-2.12-h2a16943_0.tar.bz2#fee639c27301c4165b4d1f7e442de8a5
https://conda.anaconda.org/conda-forge/win-64/libarchive-3.5.2-hb45042f_1.tar.bz2#efb382c651b6b3f845134aaea2e99b15
https://conda.anaconda.org/conda-forge/win-64/libcblas-3.9.0-14_win64_mkl.tar.bz2#b73477bd66b6efdcbcb8c7fb527794ae
https://conda.anaconda.org/conda-forge/win-64/libcurl-7.83.0-h789b8ee_0.tar.bz2#0c7e764a98eb659044653fee48ad288e
https://conda.anaconda.org/conda-forge/win-64/liblapack-3.9.0-14_win64_mkl.tar.bz2#741ce71c5f5522fbec9508830b05cc32
https://conda.anaconda.org/conda-forge/win-64/libxcb-1.13-hcd874cb_1004.tar.bz2#a6d7fd030532378ecb6ba435cd9f8234
https://conda.anaconda.org/conda-forge/win-64/libxslt-1.1.33-h34f844d_4.tar.bz2#20eb4f4803f0b17e9f48f9f2684b8449
https://conda.anaconda.org/conda-forge/win-64/lz4-4.0.0-py38he18b7d8_1.tar.bz2#adc14d878f7a1fdcabf7b904250e3abf
https://conda.anaconda.org/conda-forge/win-64/markupsafe-2.1.1-py38h294d835_1.tar.bz2#bdd30c12b6f30761710781b9f3a17153
https://conda.anaconda.org/conda-forge/win-64/msgpack-python-1.0.3-py38hbd9d945_1.tar.bz2#b329b802d88bd8cf9d17381f94b3d1ee
https://conda.anaconda.org/conda-forge/win-64/mypy_extensions-0.4.3-py38haa244fe_5.tar.bz2#1d11f508634aa8d5e6160ea3efc23feb
https://conda.anaconda.org/conda-forge/win-64/openjpeg-2.4.0-hb211442_1.tar.bz2#0991d2e943e5ba7ec9b7b32eec14e2e3
https://conda.anaconda.org/conda-forge/noarch/packaging-21.3-pyhd8ed1ab_0.tar.bz2#71f1ab2de48613876becddd496371c85
https://conda.anaconda.org/conda-forge/noarch/partd-1.2.0-pyhd8ed1ab_0.tar.bz2#0c32f563d7f22e3a34c95cad8cc95651
https://conda.anaconda.org/conda-forge/win-64/pluggy-1.0.0-py38haa244fe_3.tar.bz2#bd23d4e34ce9647a448d8048be89b2dd
https://conda.anaconda.org/conda-forge/win-64/psutil-5.9.0-py38h294d835_1.tar.bz2#18f31e1b0a824245d3f33883b7e6d511
https://conda.anaconda.org/conda-forge/win-64/py-lief-0.11.5-py38h885f38d_1.tar.bz2#da0f2086f2ec363bfc4d20a21fcd5d99
https://conda.anaconda.org/conda-forge/win-64/pycosat-0.6.3-py38h294d835_1010.tar.bz2#1aa53cff769a4710937cb641fa8f7b5f
https://conda.anaconda.org/conda-forge/noarch/python-dateutil-2.8.2-pyhd8ed1ab_0.tar.bz2#dd999d1cc9f79e67dbb855c8924c7984
https://conda.anaconda.org/conda-forge/win-64/pywin32-303-py38h294d835_0.tar.bz2#b03f235c6ac0acb6467c54b051b1cfff
https://conda.anaconda.org/conda-forge/win-64/pyyaml-6.0-py38h294d835_4.tar.bz2#ed6594bdc18612c07ba434428759a7cb
https://conda.anaconda.org/conda-forge/win-64/regex-2022.4.24-py38h294d835_0.tar.bz2#9ea438a6010987cdfe033a814ef49c77
https://conda.anaconda.org/conda-forge/win-64/ruamel_yaml-0.15.80-py38h294d835_1006.tar.bz2#0c559fdee589bfe90fa3cc9208071ffa
https://conda.anaconda.org/conda-forge/win-64/setuptools-62.1.0-py38haa244fe_0.tar.bz2#d1b94e8bcf796cb5002a893bd2f19f41
https://conda.anaconda.org/conda-forge/win-64/tornado-6.1-py38h294d835_3.tar.bz2#f7ac7c9ee9c07ff085df3564b9ea70f2
https://conda.anaconda.org/conda-forge/noarch/tqdm-4.64.0-pyhd8ed1ab_0.tar.bz2#6642233f341e1900d0c8e6eddb979c14
https://conda.anaconda.org/conda-forge/win-64/typed-ast-1.4.3-py38h294d835_1.tar.bz2#897c8294bfd0d2820a7e6587c4ab6762
https://conda.anaconda.org/conda-forge/win-64/unicodedata2-14.0.0-py38h294d835_1.tar.bz2#957e1074c481cbeba55ac1a5e4c07637
https://conda.anaconda.org/conda-forge/win-64/win_inet_pton-1.1.0-py38haa244fe_4.tar.bz2#8adadd81dc9c22710b69628ec6e6d41a
https://conda.anaconda.org/conda-forge/noarch/zict-2.2.0-pyhd8ed1ab_0.tar.bz2#cd563d01df94e51f968645dbf3b310b0
https://conda.anaconda.org/conda-forge/noarch/black-19.10b0-py_4.tar.bz2#ae8375ed2a4c1c67966ab08dc44d96a3
https://conda.anaconda.org/conda-forge/win-64/brotlipy-0.7.0-py38h294d835_1004.tar.bz2#f12a527d29a252cef0abbfd752d3ab01
https://conda.anaconda.org/conda-forge/win-64/conda-package-handling-1.8.1-py38h31c79cd_1.tar.bz2#d43c9703fef3cab94f187e251dd54afc
https://conda.anaconda.org/conda-forge/win-64/cryptography-36.0.2-py38hb7941b4_1.tar.bz2#e8c71e699193603b90555aec63d5e60f
https://conda.anaconda.org/conda-forge/noarch/dask-core-2022.5.0-pyhd8ed1ab_0.tar.bz2#3aef8ad6f9af56117e959a53cb9b9fd1
https://conda.anaconda.org/conda-forge/win-64/flake8-3.7.9-py38h32f6830_1.tar.bz2#d048420ca9303ff5158a395e3a77f472
https://conda.anaconda.org/conda-forge/win-64/fonttools-4.33.3-py38h294d835_0.tar.bz2#092c08f5f754280122530958639839d1
https://conda.anaconda.org/conda-forge/noarch/hypothesis-6.46.1-pyhd8ed1ab_0.tar.bz2#0e7bcccd82a310ca23f1fcc39a043014
https://conda.anaconda.org/conda-forge/noarch/isort-5.10.1-pyhd8ed1ab_0.tar.bz2#83df9ffefe1cc01d9e60405bf871bfdb
https://conda.anaconda.org/conda-forge/noarch/jinja2-3.1.1-pyhd8ed1ab_0.tar.bz2#40b3f446c61729cdd21ed9d85627df6e
https://conda.anaconda.org/conda-forge/win-64/lxml-4.8.0-py38h294d835_3.tar.bz2#b509d93638f2074d643f07661b694d61
https://conda.anaconda.org/conda-forge/win-64/menuinst-1.4.18-py38haa244fe_1.tar.bz2#ce2c36abcc6751526d9c3fccc0bc5cd1
https://conda.anaconda.org/conda-forge/noarch/mypy-0.770-py_0.tar.bz2#6f6066180325653cb41bd4bab930dc4c
https://conda.anaconda.org/conda-forge/win-64/numpy-1.22.3-py38h1d2777f_2.tar.bz2#1d64035cbc8ce5ce5659001caf5a019c
https://conda.anaconda.org/conda-forge/win-64/pillow-9.1.0-py38hd8e0db4_2.tar.bz2#3e2ab2db9bf9fb1d4afcf9b414adde6b
https://conda.anaconda.org/conda-forge/noarch/pip-20.2.4-py_0.tar.bz2#d2c0e7b7ca15440dc445e725f1e79ccf
https://conda.anaconda.org/conda-forge/win-64/proj-9.0.0-h1cfcee9_1.tar.bz2#b5d08d4a1f3e32deb6201b7a904b5ff4
https://conda.anaconda.org/conda-forge/win-64/pysocks-1.7.1-py38haa244fe_5.tar.bz2#81fd9157802c3d99efc4a24563cfe885
https://conda.anaconda.org/conda-forge/win-64/pytest-7.1.2-py38haa244fe_0.tar.bz2#523814dad1e91a414e8e449aae2202ec
https://conda.anaconda.org/conda-forge/win-64/python-libarchive-c-4.0-py38haa244fe_1.tar.bz2#e76cb0d24b3ad56e6c3ac4c0111cc4a3
https://conda.anaconda.org/conda-forge/win-64/bokeh-2.4.2-py38haa244fe_1.tar.bz2#9148f3019513bc897f5cc38fcce781a7
https://conda.anaconda.org/conda-forge/win-64/matplotlib-base-3.5.1-py38h1f000d6_0.tar.bz2#068477aed25283fbb44fe01997ac696a
https://conda.anaconda.org/conda-forge/win-64/pandas-1.4.2-py38hcc40339_1.tar.bz2#ceb13ec5c7042d6762cc669fd269aba7
https://conda.anaconda.org/conda-forge/noarch/pyopenssl-22.0.0-pyhd8ed1ab_0.tar.bz2#1d7e241dfaf5475e893d4b824bb71b44
https://conda.anaconda.org/conda-forge/win-64/pyproj-3.3.1-py38h954eab8_0.tar.bz2#580905a442be3dd6d58f84f647020002
https://conda.anaconda.org/conda-forge/noarch/pyquery-1.4.3-pyhd8ed1ab_0.tar.bz2#a375af7e878ae426a297e98ee98c6a9a
https://conda.anaconda.org/conda-forge/win-64/scipy-1.8.0-py38ha1292f7_1.tar.bz2#18623ace6c1d5a2e1c1b294cab3f994c
https://conda.anaconda.org/conda-forge/win-64/shapely-1.8.0-py38h1e1a050_6.tar.bz2#ee70663e5242a14ac9c2ddffae5d9547
https://conda.anaconda.org/conda-forge/win-64/cartopy-0.20.2-py38hd9cf50b_4.tar.bz2#64efeee7f3b8f07ae49e669f9d359a4b
https://conda.anaconda.org/conda-forge/noarch/pytest-mpl-0.15.1-pyhd8ed1ab_0.tar.bz2#68a952bf66540dc1ba9e1658e2b4cc34
https://conda.anaconda.org/conda-forge/noarch/urllib3-1.26.9-pyhd8ed1ab_0.tar.bz2#0ea179ee251aa7100807c35bc0252693
https://conda.anaconda.org/conda-forge/noarch/distributed-2022.5.0-pyhd8ed1ab_0.tar.bz2#b840d31080d26fe1f1225edfd3eb7c05
https://conda.anaconda.org/conda-forge/noarch/requests-2.27.1-pyhd8ed1ab_0.tar.bz2#7c1c427246b057b8fa97200ecdb2ed62
https://conda.anaconda.org/conda-forge/win-64/conda-4.12.0-py38haa244fe_0.tar.bz2#a06f3b028bd120f94b97b31094699a0e
https://conda.anaconda.org/conda-forge/noarch/dask-2022.5.0-pyhd8ed1ab_0.tar.bz2#4631f8090bca5eb85dbe2bb9919db226
https://conda.anaconda.org/conda-forge/win-64/conda-build-3.21.8-py38haa244fe_0.tar.bz2#528b793dfe8d1f378a756d399386b617
https://conda.anaconda.org/conda-forge/noarch/intake-0.6.5-pyhd8ed1ab_0.tar.bz2#9b4be120fd2545abd086bfefda0fa0f6
