# Generated by conda-lock.
# platform: linux-64
# input_hash: 53c7f33b79dd18c0328e7be4870c7cf801b44e1dc8c38cf6f7c72dbd89db6e2c
@EXPLICIT
https://conda.anaconda.org/conda-forge/linux-64/_libgcc_mutex-0.1-conda_forge.tar.bz2#d7c89558ba9fa0495403155b64376d81
https://conda.anaconda.org/conda-forge/linux-64/ca-certificates-2021.10.8-ha878542_0.tar.bz2#575611b8a84f45960e87722eeb51fa26
https://conda.anaconda.org/conda-forge/noarch/kernel-headers_linux-64-2.6.32-he073ed8_15.tar.bz2#5dd5127afd710f91f6a75821bac0a4f0
https://conda.anaconda.org/conda-forge/linux-64/ld_impl_linux-64-2.36.1-hea4e1c9_2.tar.bz2#bd4f2e711b39af170e7ff15163fe87ee
https://conda.anaconda.org/conda-forge/linux-64/libgcc-devel_linux-64-11.2.0-h0952999_16.tar.bz2#c17d42a971030d4c072ef7f7ba3f8d21
https://conda.anaconda.org/conda-forge/linux-64/libgfortran5-12.1.0-hdcd56e2_16.tar.bz2#b02605b875559ff99f04351fd5040760
https://conda.anaconda.org/conda-forge/linux-64/libstdcxx-ng-12.1.0-ha89aaad_16.tar.bz2#6f5ba041a41eb102a1027d9e68731be7
https://conda.anaconda.org/conda-forge/linux-64/libgfortran-ng-12.1.0-h69a702a_16.tar.bz2#6bf15e29a20f614b18ae89368260d0a2
https://conda.anaconda.org/conda-forge/linux-64/libgomp-12.1.0-h8d9b700_16.tar.bz2#f013cf7749536ce43d82afbffdf499ab
https://conda.anaconda.org/conda-forge/noarch/sysroot_linux-64-2.12-he073ed8_15.tar.bz2#66c192522eacf5bb763568b4e415d133
https://conda.anaconda.org/conda-forge/linux-64/_openmp_mutex-4.5-2_gnu.tar.bz2#73aaf86a425cc6e73fcf236a5a46396d
https://conda.anaconda.org/conda-forge/linux-64/binutils_impl_linux-64-2.36.1-h193b22a_2.tar.bz2#32aae4265554a47ea77f7c09f86aeb3b
https://conda.anaconda.org/conda-forge/linux-64/libgcc-ng-12.1.0-h8d9b700_16.tar.bz2#4f05bc9844f7c101e6e147dab3c88d5c
https://conda.anaconda.org/conda-forge/linux-64/aom-3.3.0-h27087fc_1.tar.bz2#fe863d1e92331e69c8f231df5eaf5e16
https://conda.anaconda.org/conda-forge/linux-64/bzip2-1.0.8-h7f98852_4.tar.bz2#a1fd65c7ccbf10880423d82bca54eb54
https://conda.anaconda.org/conda-forge/linux-64/c-ares-1.18.1-h7f98852_0.tar.bz2#f26ef8098fab1f719c91eb760d63381a
https://conda.anaconda.org/conda-forge/linux-64/geos-3.10.2-h9c3ff4c_0.tar.bz2#fe9a66a351bfa7a84c3108304c7bcba5
https://conda.anaconda.org/conda-forge/linux-64/giflib-5.2.1-h36c2ea0_2.tar.bz2#626e68ae9cc5912d6adb79d318cf962d
https://conda.anaconda.org/conda-forge/linux-64/gmp-6.2.1-h58526e2_0.tar.bz2#b94cf2db16066b242ebd26db2facbd56
https://conda.anaconda.org/conda-forge/linux-64/icu-70.1-h27087fc_0.tar.bz2#87473a15119779e021c314249d4b4aed
https://conda.anaconda.org/conda-forge/linux-64/jbig-2.1-h7f98852_2003.tar.bz2#1aa0cee79792fa97b7ff4545110b60bf
https://conda.anaconda.org/conda-forge/linux-64/jpeg-9e-h166bdaf_1.tar.bz2#4828c7f7208321cfbede4880463f4930
https://conda.anaconda.org/conda-forge/linux-64/keyutils-1.6.1-h166bdaf_0.tar.bz2#30186d27e2c9fa62b45fb1476b7200e3
https://conda.anaconda.org/conda-forge/linux-64/lame-3.100-h7f98852_1001.tar.bz2#60939f1940312bba87bb2e4da5032f99
https://conda.anaconda.org/conda-forge/linux-64/lerc-3.0-h9c3ff4c_0.tar.bz2#7fcefde484980d23f0ec24c11e314d2e
https://conda.anaconda.org/conda-forge/linux-64/libbrotlicommon-1.0.9-h166bdaf_7.tar.bz2#f82dc1c78bcf73583f2656433ce2933c
https://conda.anaconda.org/conda-forge/linux-64/libdeflate-1.10-h7f98852_0.tar.bz2#ffa3a757a97e851293909b49f49f28fb
https://conda.anaconda.org/conda-forge/linux-64/libev-4.33-h516909a_1.tar.bz2#6f8720dff19e17ce5d48cfe7f3d2f0a3
https://conda.anaconda.org/conda-forge/linux-64/libffi-3.4.2-h7f98852_5.tar.bz2#d645c6d2ac96843a2bfaccd2d62b3ac3
https://conda.anaconda.org/conda-forge/linux-64/libiconv-1.16-h516909a_0.tar.bz2#5c0f338a513a2943c659ae619fca9211
https://conda.anaconda.org/conda-forge/linux-64/liblief-0.11.5-h9c3ff4c_1.tar.bz2#aabfc2c4ec03b38454c96fe59e7ac2a5
https://conda.anaconda.org/conda-forge/linux-64/libnsl-2.0.0-h7f98852_0.tar.bz2#39b1328babf85c7c3a61636d9cd50206
https://conda.anaconda.org/conda-forge/linux-64/libopenblas-0.3.20-pthreads_h78a6416_0.tar.bz2#9b6d0781953c9e353faee494336cc229
https://conda.anaconda.org/conda-forge/linux-64/libpciaccess-0.16-h516909a_0.tar.bz2#b38752a755b9c64f07651fcc0084f878
https://conda.anaconda.org/conda-forge/linux-64/libsanitizer-11.2.0-he4da1e4_16.tar.bz2#70c0020fb2094fd51fe12462e8cde942
https://conda.anaconda.org/conda-forge/linux-64/libuuid-2.32.1-h7f98852_1000.tar.bz2#772d69f030955d9646d3d0eaf21d859d
https://conda.anaconda.org/conda-forge/linux-64/libvpx-1.11.0-h9c3ff4c_3.tar.bz2#ebe18273eebadbb4dfb13f1062e054e9
https://conda.anaconda.org/conda-forge/linux-64/libwebp-base-1.2.2-h7f98852_1.tar.bz2#46cf26ecc8775a0aab300ea1821aaa3c
https://conda.anaconda.org/conda-forge/linux-64/libzlib-1.2.11-h166bdaf_1014.tar.bz2#757138ba3ddc6777b82e91d9ff62e7b9
https://conda.anaconda.org/conda-forge/linux-64/lz4-c-1.9.3-h9c3ff4c_1.tar.bz2#fbe97e8fa6f275d7c76a09e795adc3e6
https://conda.anaconda.org/conda-forge/linux-64/lzo-2.10-h516909a_1000.tar.bz2#bb14fcb13341b81d5eb386423b9d2bac
https://conda.anaconda.org/conda-forge/linux-64/ncurses-6.3-h27087fc_1.tar.bz2#4acfc691e64342b9dae57cf2adc63238
https://conda.anaconda.org/conda-forge/linux-64/nettle-3.6-he412f7d_0.tar.bz2#f050099af540c1c960c813b06bca89ad
https://conda.anaconda.org/conda-forge/linux-64/openssl-1.1.1o-h166bdaf_0.tar.bz2#6172048796b123e542945d998f5150b7
https://conda.anaconda.org/conda-forge/linux-64/patchelf-0.14.5-h58526e2_0.tar.bz2#586267e90e149e486769dfa275ccaaca
https://conda.anaconda.org/conda-forge/linux-64/pthread-stubs-0.4-h36c2ea0_1001.tar.bz2#22dad4df6e8630e8dff2428f6f6a7036
https://conda.anaconda.org/conda-forge/linux-64/ripgrep-13.0.0-h2f28480_2.tar.bz2#15a0bf4a1260b0a08198eb683eb272fb
https://conda.anaconda.org/conda-forge/linux-64/svt-av1-0.9.1-h27087fc_0.tar.bz2#c31f59b9f50d7f82bb3e39ff5c64345e
https://conda.anaconda.org/conda-forge/linux-64/x264-1!161.3030-h7f98852_1.tar.bz2#4c9106542ee02c991b64b575ca4ea029
https://conda.anaconda.org/conda-forge/linux-64/x265-3.5-h924138e_3.tar.bz2#e7f6ed84d4623d52ee581325c1587a6b
https://conda.anaconda.org/conda-forge/linux-64/xorg-kbproto-1.0.7-h7f98852_1002.tar.bz2#4b230e8381279d76131116660f5a241a
https://conda.anaconda.org/conda-forge/linux-64/xorg-libxau-1.0.9-h7f98852_0.tar.bz2#bf6f803a544f26ebbdc3bfff272eb179
https://conda.anaconda.org/conda-forge/linux-64/xorg-libxdmcp-1.1.3-h7f98852_0.tar.bz2#be93aabceefa2fac576e971aef407908
https://conda.anaconda.org/conda-forge/linux-64/xorg-xextproto-7.3.0-h7f98852_1002.tar.bz2#1e15f6ad85a7d743a2ac68dae6c82b98
https://conda.anaconda.org/conda-forge/linux-64/xorg-xproto-7.0.31-h7f98852_1007.tar.bz2#b4a4381d54784606820704f7b5f05a15
https://conda.anaconda.org/conda-forge/linux-64/xz-5.2.5-h516909a_1.tar.bz2#33f601066901f3e1a85af3522a8113f9
https://conda.anaconda.org/conda-forge/linux-64/yaml-0.2.5-h7f98852_2.tar.bz2#4cb3ad778ec2d5a7acbdf254eb1c42ae
https://conda.anaconda.org/conda-forge/linux-64/gcc_impl_linux-64-11.2.0-h82a94d6_16.tar.bz2#76103d932fc706148b619b815580f244
https://conda.anaconda.org/conda-forge/linux-64/gnutls-3.6.13-h85f3911_1.tar.bz2#7d1b6fff16c1431d96cb4934938799fd
https://conda.anaconda.org/conda-forge/linux-64/libblas-3.9.0-14_linux64_openblas.tar.bz2#fb31fbbde682414550bbe15e3964420f
https://conda.anaconda.org/conda-forge/linux-64/libbrotlidec-1.0.9-h166bdaf_7.tar.bz2#37a460703214d0d1b421e2a47eb5e6d0
https://conda.anaconda.org/conda-forge/linux-64/libbrotlienc-1.0.9-h166bdaf_7.tar.bz2#785a9296ea478eb78c47593c4da6550f
https://conda.anaconda.org/conda-forge/linux-64/libdrm-2.4.109-h7f98852_0.tar.bz2#18fe5c42a27ba54c07a7cde55902ff91
https://conda.anaconda.org/conda-forge/linux-64/libedit-3.1.20191231-he28a2e2_2.tar.bz2#4d331e44109e3f0e19b4cb8f9b82f3e1
https://conda.anaconda.org/conda-forge/linux-64/libxcb-1.13-h7f98852_1004.tar.bz2#b3653fdc58d03face9724f602218a904
https://conda.anaconda.org/conda-forge/linux-64/readline-8.1-h46c0cb4_0.tar.bz2#5788de3c8d7a7d64ac56c784c4ef48e6
https://conda.anaconda.org/conda-forge/linux-64/tk-8.6.12-h27826a3_0.tar.bz2#5b8c42eb62e9fc961af70bdd6a26e168
https://conda.anaconda.org/conda-forge/linux-64/xorg-fixesproto-5.0-h7f98852_1002.tar.bz2#65ad6e1eb4aed2b0611855aff05e04f6
https://conda.anaconda.org/conda-forge/linux-64/zlib-1.2.11-h166bdaf_1014.tar.bz2#def3b82d1a03aa695bb38ac1dd072ff2
https://conda.anaconda.org/conda-forge/linux-64/zstd-1.5.2-ha95c52a_0.tar.bz2#5222b231b1ef49a7f60d40b363469b70
https://conda.anaconda.org/conda-forge/linux-64/brotli-bin-1.0.9-h166bdaf_7.tar.bz2#1699c1211d56a23c66047524cd76796e
https://conda.anaconda.org/conda-forge/linux-64/gcc-11.2.0-h702ea55_9.tar.bz2#eca88fe98aca879065321fc3e4712bee
https://conda.anaconda.org/conda-forge/linux-64/gfortran_impl_linux-64-11.2.0-h7a446d4_16.tar.bz2#489d120e2aab6ac000a1608b0dd3ea12
https://conda.anaconda.org/conda-forge/linux-64/krb5-1.19.3-h3790be6_0.tar.bz2#7d862b05445123144bec92cb1acc8ef8
https://conda.anaconda.org/conda-forge/linux-64/libcblas-3.9.0-14_linux64_openblas.tar.bz2#1b41ea4c32014d878e84de4e5690df7a
https://conda.anaconda.org/conda-forge/linux-64/liblapack-3.9.0-14_linux64_openblas.tar.bz2#13367ebd0243a949cee7564b13c3cd42
https://conda.anaconda.org/conda-forge/linux-64/libnghttp2-1.47.0-h727a467_0.tar.bz2#a22567abfea169ff8048506b1ca9b230
https://conda.anaconda.org/conda-forge/linux-64/libpng-1.6.37-h21135ba_2.tar.bz2#b6acf807307d033d4b7e758b4f44b036
https://conda.anaconda.org/conda-forge/linux-64/libssh2-1.10.0-ha56f1ee_2.tar.bz2#6ab4eaa11ff01801cffca0a27489dc04
https://conda.anaconda.org/conda-forge/linux-64/libtiff-4.3.0-h542a066_3.tar.bz2#1a0efb4dfd880b0376da8e1ba39fa838
https://conda.anaconda.org/conda-forge/linux-64/libxml2-2.9.14-h22db469_0.tar.bz2#7d623237b73d93dd856b5dd0f5fedd6b
https://conda.anaconda.org/conda-forge/linux-64/openh264-2.1.1-h780b84a_0.tar.bz2#034a6f90f1bbc7ba11d04b84ec9d74c8
https://conda.anaconda.org/conda-forge/linux-64/sqlite-3.38.5-h4ff8645_0.tar.bz2#a1448f0c31baec3946d2dcf09f905c9e
https://conda.anaconda.org/conda-forge/linux-64/xorg-libx11-1.7.2-h7f98852_0.tar.bz2#12a61e640b8894504326aadafccbb790
https://conda.anaconda.org/conda-forge/linux-64/brotli-1.0.9-h166bdaf_7.tar.bz2#3889dec08a472eb0f423e5609c76bde1
https://conda.anaconda.org/conda-forge/linux-64/freetype-2.10.4-h0708190_1.tar.bz2#4a06f2ac2e5bfae7b6b245171c3f07aa
https://conda.anaconda.org/conda-forge/linux-64/gfortran-11.2.0-h8811e0c_9.tar.bz2#db6435594b4fb62264ab50bb39fe06fa
https://conda.anaconda.org/conda-forge/linux-64/lcms2-2.12-hddcbb42_0.tar.bz2#797117394a4aa588de6d741b06fad80f
https://conda.anaconda.org/conda-forge/linux-64/libarchive-3.5.2-hccf745f_1.tar.bz2#c777ce221e0f3f1aade66074405d042e
https://conda.anaconda.org/conda-forge/linux-64/libcurl-7.83.1-h7bff187_0.tar.bz2#d0c278476dba3b29ee13203784672ab1
https://conda.anaconda.org/conda-forge/linux-64/libwebp-1.2.2-h3452ae3_0.tar.bz2#c363665b4aabe56aae4f8981cff5b153
https://conda.anaconda.org/conda-forge/linux-64/libxslt-1.1.33-h8affb1d_4.tar.bz2#47437b917a43a9650f0d14d7a54753a4
https://conda.anaconda.org/conda-forge/linux-64/openjpeg-2.4.0-hb52868f_1.tar.bz2#b7ad78ad2e9ee155f59e6428406ee824
https://conda.anaconda.org/conda-forge/linux-64/python-3.8.13-h582c2e5_0_cpython.tar.bz2#8ec74710472994e2411a8020fa8589ce
https://conda.anaconda.org/conda-forge/linux-64/xorg-libxext-1.3.4-h7f98852_1.tar.bz2#536cc5db4d0a3ba0630541aec064b5e4
https://conda.anaconda.org/conda-forge/linux-64/xorg-libxfixes-5.0.3-h7f98852_1004.tar.bz2#e9a21aa4d5e3e5f1aed71e8cefd46b6a
https://conda.anaconda.org/conda-forge/noarch/appdirs-1.4.4-pyh9f0ad1d_0.tar.bz2#5f095bc6454094e96f146491fd03633b
https://conda.anaconda.org/conda-forge/noarch/charset-normalizer-2.0.12-pyhd8ed1ab_0.tar.bz2#1f5b32dabae0f1893ae3283dac7f799e
https://conda.anaconda.org/conda-forge/noarch/cloudpickle-2.0.0-pyhd8ed1ab_0.tar.bz2#3a8fc8b627d5fb6af827e126a10a86c6
https://conda.anaconda.org/conda-forge/noarch/colorama-0.4.4-pyh9f0ad1d_0.tar.bz2#c08b4c1326b880ed44f3ffb04803332f
https://conda.anaconda.org/conda-forge/noarch/cssselect-1.1.0-py_0.tar.bz2#c2b0104cc7d2ef771a40281a26524b87
https://conda.anaconda.org/conda-forge/noarch/cycler-0.11.0-pyhd8ed1ab_0.tar.bz2#a50559fad0affdbb33729a68669ca1cb
https://conda.anaconda.org/conda-forge/noarch/entrypoints-0.4-pyhd8ed1ab_0.tar.bz2#3cf04868fee0a029769bd41f4b2fbf2d
https://conda.anaconda.org/conda-forge/noarch/filelock-3.6.0-pyhd8ed1ab_0.tar.bz2#6e03ca6c7b47a4152a2b12c6eee3bd32
https://conda.anaconda.org/conda-forge/noarch/fsspec-2022.3.0-pyhd8ed1ab_0.tar.bz2#960b78685ccbedb992886fc4ce37bf6e
https://conda.anaconda.org/conda-forge/noarch/glob2-0.7-py_0.tar.bz2#1f3a88e65e61216e1d475135922dbf6a
https://conda.anaconda.org/conda-forge/noarch/heapdict-1.0.1-py_0.tar.bz2#77242bfb1e74a627fb06319b5a2d3b95
https://conda.anaconda.org/conda-forge/noarch/idna-3.3-pyhd8ed1ab_0.tar.bz2#40b50b8b030f5f2f22085c062ed013dd
https://conda.anaconda.org/conda-forge/linux-64/libva-2.14.0-h7f98852_0.tar.bz2#b737d8d48743065ea4164b381f120261
https://conda.anaconda.org/conda-forge/noarch/locket-1.0.0-pyhd8ed1ab_0.tar.bz2#91e27ef3d05cc772ce627e51cff111c4
https://conda.anaconda.org/conda-forge/noarch/munkres-1.1.4-pyh9f0ad1d_0.tar.bz2#2ba8498c1018c1e9c61eb99b973dfe19
https://conda.anaconda.org/conda-forge/noarch/pkginfo-1.8.2-pyhd8ed1ab_0.tar.bz2#c776a1cd5745674c28c20a5498cafa89
https://conda.anaconda.org/conda-forge/linux-64/proj-9.0.0-h93bde94_1.tar.bz2#cf908994f24ea526afc59f295d5b07c1
https://conda.anaconda.org/conda-forge/noarch/pycparser-2.21-pyhd8ed1ab_0.tar.bz2#076becd9e05608f8dc72757d5f3a91ff
https://conda.anaconda.org/conda-forge/noarch/pyparsing-3.0.9-pyhd8ed1ab_0.tar.bz2#e8fbc1b54b25f4b08281467bc13b70cc
https://conda.anaconda.org/conda-forge/noarch/pyshp-2.3.0-pyhd8ed1ab_0.tar.bz2#0158f62cae46ad1fb77c522c4e7ecc90
https://conda.anaconda.org/conda-forge/linux-64/python_abi-3.8-2_cp38.tar.bz2#bfbb29d517281e78ac53e48d21e6e860
https://conda.anaconda.org/conda-forge/noarch/pytz-2022.1-pyhd8ed1ab_0.tar.bz2#b87d66d6d3991d988fb31510c95a9267
https://conda.anaconda.org/conda-forge/noarch/six-1.16.0-pyh6c4a22f_0.tar.bz2#e5f25f8dbc060e9a8d912e432202afc2
https://conda.anaconda.org/conda-forge/noarch/sortedcontainers-2.4.0-pyhd8ed1ab_0.tar.bz2#6d6552722448103793743dabfbda532d
https://conda.anaconda.org/conda-forge/noarch/soupsieve-2.3.1-pyhd8ed1ab_0.tar.bz2#d821b295c4bd18ad27e1e19543a5784a
https://conda.anaconda.org/conda-forge/noarch/tblib-1.7.0-pyhd8ed1ab_0.tar.bz2#3d4afc31302aa7be471feb6be048ed76
https://conda.anaconda.org/conda-forge/noarch/tomli-2.0.1-pyhd8ed1ab_0.tar.bz2#5844808ffab9ebdb694585b50ba02a96
https://conda.anaconda.org/conda-forge/noarch/toolz-0.11.2-pyhd8ed1ab_0.tar.bz2#f348d1590550371edfac5ed3c1d44f7e
https://conda.anaconda.org/conda-forge/noarch/typing_extensions-4.2.0-pyha770c72_1.tar.bz2#f0f7e024f94e23d3bfee0ab777bf335a
https://conda.anaconda.org/conda-forge/noarch/wheel-0.37.1-pyhd8ed1ab_0.tar.bz2#1ca02aaf78d9c70d9a81a3bed5752022
https://conda.anaconda.org/conda-forge/noarch/beautifulsoup4-4.11.1-pyha770c72_0.tar.bz2#eeec8814bd97b2681f708bb127478d7d
https://conda.anaconda.org/conda-forge/linux-64/certifi-2021.10.8-py38h578d9bd_2.tar.bz2#63a01bce71bc3e8c8e0510ed997d1458
https://conda.anaconda.org/conda-forge/linux-64/cffi-1.15.0-py38h3931269_0.tar.bz2#9c491a90ae11d08ca97326a0ed876f3a
https://conda.anaconda.org/conda-forge/linux-64/chardet-4.0.0-py38h578d9bd_3.tar.bz2#00f6c9f68ebab0e9288c1d222b492def
https://conda.anaconda.org/conda-forge/linux-64/click-8.1.3-py38h578d9bd_0.tar.bz2#a863b3d0df14d2d5335d917eef8523f6
https://conda.anaconda.org/conda-forge/linux-64/coverage-6.3.2-py38h0a891b7_2.tar.bz2#5127bf21fc19113681873f6e091723fa
https://conda.anaconda.org/conda-forge/linux-64/crcmod-1.7-py38h0a891b7_1008.tar.bz2#aa63a4aabced8f655c4536f5063d8da7
https://conda.anaconda.org/conda-forge/linux-64/cytoolz-0.11.2-py38h0a891b7_2.tar.bz2#71f54bf65927270177d66e26664f11ea
https://conda.anaconda.org/conda-forge/linux-64/ffmpeg-5.0.1-h594f047_1.tar.bz2#aa9442914d490315ee315374d944a494
https://conda.anaconda.org/conda-forge/linux-64/kiwisolver-1.4.2-py38h43d8883_1.tar.bz2#34c284cb94bd8c5118ccfe6d6fc3dd3f
https://conda.anaconda.org/conda-forge/linux-64/lxml-4.8.0-py38h0a891b7_3.tar.bz2#603f6fc86b159b11ff15a411f49248a7
https://conda.anaconda.org/conda-forge/linux-64/lz4-4.0.0-py38h1bf946c_1.tar.bz2#35a4a9c3f1a65b285ebe55dc685d9b4b
https://conda.anaconda.org/conda-forge/linux-64/markupsafe-2.1.1-py38h0a891b7_1.tar.bz2#20d003ad5f584e212c299f64cac46c05
https://conda.anaconda.org/conda-forge/linux-64/msgpack-python-1.0.3-py38h43d8883_1.tar.bz2#1f693a697cb5bfd759fac1da3202dbc9
https://conda.anaconda.org/conda-forge/linux-64/numpy-1.22.3-py38h99721a1_2.tar.bz2#e6ed43e96f813b184fe9bb677476e56d
https://conda.anaconda.org/conda-forge/noarch/packaging-21.3-pyhd8ed1ab_0.tar.bz2#71f1ab2de48613876becddd496371c85
https://conda.anaconda.org/conda-forge/noarch/partd-1.2.0-pyhd8ed1ab_0.tar.bz2#0c32f563d7f22e3a34c95cad8cc95651
https://conda.anaconda.org/conda-forge/linux-64/pillow-9.1.0-py38h0ee0e06_2.tar.bz2#8243a9d13155e6dfb254d35284653a39
https://conda.anaconda.org/conda-forge/linux-64/psutil-5.9.0-py38h0a891b7_1.tar.bz2#92045570d1da14b3f90621c54f8afb12
https://conda.anaconda.org/conda-forge/linux-64/py-lief-0.11.5-py38h709712a_1.tar.bz2#c51464aeb46fa7c99a5fb40f1ed9905e
https://conda.anaconda.org/conda-forge/linux-64/pycosat-0.6.3-py38h0a891b7_1010.tar.bz2#a1c8ff9d5b39a908013126caa0620fcf
https://conda.anaconda.org/conda-forge/linux-64/pysocks-1.7.1-py38h578d9bd_5.tar.bz2#11113c7e50bb81f30762fe8325f305e1
https://conda.anaconda.org/conda-forge/noarch/python-dateutil-2.8.2-pyhd8ed1ab_0.tar.bz2#dd999d1cc9f79e67dbb855c8924c7984
https://conda.anaconda.org/conda-forge/linux-64/python-libarchive-c-4.0-py38h578d9bd_1.tar.bz2#de3f4bcdf7ccce9580cb2e6e55d1b089
https://conda.anaconda.org/conda-forge/linux-64/pyyaml-6.0-py38h0a891b7_4.tar.bz2#ba24ff01bb38c5cd5be54b45ef685db3
https://conda.anaconda.org/conda-forge/linux-64/ruamel_yaml-0.15.80-py38h497a2fe_1006.tar.bz2#0fa769ad0e02eac70eed789064f524dd
https://conda.anaconda.org/conda-forge/linux-64/setuptools-62.2.0-py38h578d9bd_0.tar.bz2#5efbc16cda18259c2ce412d181ba0d9f
https://conda.anaconda.org/conda-forge/linux-64/tornado-6.1-py38h0a891b7_3.tar.bz2#d9e2836a4a46935f84b858462d54a7c3
https://conda.anaconda.org/conda-forge/noarch/tqdm-4.64.0-pyhd8ed1ab_0.tar.bz2#6642233f341e1900d0c8e6eddb979c14
https://conda.anaconda.org/conda-forge/linux-64/unicodedata2-14.0.0-py38h0a891b7_1.tar.bz2#83df0e9e3faffc295f12607438691465
https://conda.anaconda.org/conda-forge/noarch/zict-2.2.0-pyhd8ed1ab_0.tar.bz2#cd563d01df94e51f968645dbf3b310b0
https://conda.anaconda.org/conda-forge/linux-64/brotlipy-0.7.0-py38h0a891b7_1004.tar.bz2#9fcaaca218dcfeb8da806d4fd4824aa0
https://conda.anaconda.org/conda-forge/linux-64/conda-package-handling-1.8.1-py38h0a891b7_1.tar.bz2#f6451464239327ce2674d1f78148a2e5
https://conda.anaconda.org/conda-forge/linux-64/cryptography-36.0.2-py38h2b5fc30_1.tar.bz2#1541e6e63753f197165277eac0d434a1
https://conda.anaconda.org/conda-forge/noarch/dask-core-2022.5.0-pyhd8ed1ab_0.tar.bz2#3aef8ad6f9af56117e959a53cb9b9fd1
https://conda.anaconda.org/conda-forge/linux-64/fonttools-4.33.3-py38h0a891b7_0.tar.bz2#fd11badf5b3f7d738cc983cb2c75946e
https://conda.anaconda.org/conda-forge/noarch/jinja2-3.1.2-pyhd8ed1ab_0.tar.bz2#2d307d13155817b5f5da36cc69358fe6
https://conda.anaconda.org/conda-forge/linux-64/pandas-1.4.2-py38h47df419_1.tar.bz2#0cdb1150994e0c449b25d6f92b69eda2
https://conda.anaconda.org/conda-forge/noarch/pip-20.2.4-py_0.tar.bz2#d2c0e7b7ca15440dc445e725f1e79ccf
https://conda.anaconda.org/conda-forge/linux-64/pyproj-3.3.1-py38h5b5ac8f_0.tar.bz2#5d91e0c583547eb69345c3acf4d753ee
https://conda.anaconda.org/conda-forge/noarch/pyquery-1.4.3-pyhd8ed1ab_0.tar.bz2#a375af7e878ae426a297e98ee98c6a9a
https://conda.anaconda.org/conda-forge/linux-64/scipy-1.8.0-py38h56a6a73_1.tar.bz2#86073932d9e675c5929376f6f8b79b97
https://conda.anaconda.org/conda-forge/linux-64/shapely-1.8.2-py38h97f7145_1.tar.bz2#e0ada9ddff3a730b7dfc976a5ee3f420
https://conda.anaconda.org/conda-forge/linux-64/bokeh-2.4.2-py38h578d9bd_1.tar.bz2#68e2be578a299d1a73f7cf2fe9ca32d0
https://conda.anaconda.org/conda-forge/linux-64/matplotlib-base-3.5.2-py38h826bfd8_0.tar.bz2#107af20136422bcabf9f1195f6262117
https://conda.anaconda.org/conda-forge/noarch/pyopenssl-22.0.0-pyhd8ed1ab_0.tar.bz2#1d7e241dfaf5475e893d4b824bb71b44
https://conda.anaconda.org/conda-forge/linux-64/cartopy-0.20.2-py38h51d8e34_4.tar.bz2#9f23c80d08456c02ab284f974719b013
https://conda.anaconda.org/conda-forge/noarch/urllib3-1.26.9-pyhd8ed1ab_0.tar.bz2#0ea179ee251aa7100807c35bc0252693
https://conda.anaconda.org/conda-forge/noarch/distributed-2022.5.0-pyhd8ed1ab_0.tar.bz2#b840d31080d26fe1f1225edfd3eb7c05
https://conda.anaconda.org/conda-forge/noarch/requests-2.27.1-pyhd8ed1ab_0.tar.bz2#7c1c427246b057b8fa97200ecdb2ed62
https://conda.anaconda.org/conda-forge/linux-64/conda-4.12.0-py38h578d9bd_0.tar.bz2#3a8f9010ec3dcd1d7c6ccbd6b1135daa
https://conda.anaconda.org/conda-forge/noarch/dask-2022.5.0-pyhd8ed1ab_0.tar.bz2#4631f8090bca5eb85dbe2bb9919db226
https://conda.anaconda.org/conda-forge/linux-64/conda-build-3.21.8-py38h578d9bd_0.tar.bz2#d2ac7d5dfabb95898e5c2c906dc18d07
https://conda.anaconda.org/conda-forge/noarch/intake-0.6.5-pyhd8ed1ab_0.tar.bz2#9b4be120fd2545abd086bfefda0fa0f6
