# platform: win-64
# env_hash: 6fdf925670ddcb9a8407437c7257195962d452d0703651581cf53540d9a13141
@EXPLICIT
https://conda.anaconda.org/conda-forge/win-64/ca-certificates-2021.10.8-h5b45459_0.tar.bz2#2ddd48c9b52f7f65361b9645b2c5d370
https://conda.anaconda.org/conda-forge/win-64/intel-openmp-2021.4.0-h57928b3_3556.tar.bz2#fc15f52a18fc43916e94cf87be30cd82
https://conda.anaconda.org/conda-forge/win-64/msys2-conda-epoch-20160418-1.tar.bz2#b0309b72560df66f71a9d5e34a5efdfa
https://conda.anaconda.org/conda-forge/win-64/ucrt-10.0.20348.0-h57928b3_0.tar.bz2#6d666b6ea8251231ff508062d1e41f9c
https://conda.anaconda.org/conda-forge/win-64/m2-msys2-runtime-2.5.0.17080.65c939c-3.tar.bz2#ce25c58bc90071bf71f3d472cb8dfbce
https://conda.anaconda.org/conda-forge/win-64/m2w64-gmp-6.1.0-2.tar.bz2#53a1c73e1e3d185516d7e3af177596d9
https://conda.anaconda.org/conda-forge/win-64/m2w64-libwinpthread-git-5.0.0.4634.697f757-2.tar.bz2#774130a326dee16f1ceb05cc687ee4f0
https://conda.anaconda.org/conda-forge/win-64/vs2015_runtime-14.29.30037-h902a5da_5.tar.bz2#9d806b41066c34981a5da22bfeffd8e8
https://conda.anaconda.org/conda-forge/win-64/m2-patch-2.7.5-2.tar.bz2#f5159110837c3e221146e623f3c44f1c
https://conda.anaconda.org/conda-forge/win-64/m2w64-gcc-libs-core-5.3.0-7.tar.bz2#4289d80fb4d272f1f3b56cfe87ac90bd
https://conda.anaconda.org/conda-forge/win-64/vc-14.2-hb210afc_5.tar.bz2#ee42529d57c3b455d9fec61e912aa2a6
https://conda.anaconda.org/conda-forge/win-64/bzip2-1.0.8-h8ffe710_4.tar.bz2#7c03c66026944073040cb19a4f3ec3c9
https://conda.anaconda.org/conda-forge/win-64/ffmpeg-4.3.1-ha925a31_0.tar.bz2#858eb8e0630eab350939a189963051e8
https://conda.anaconda.org/conda-forge/win-64/geos-3.10.1-h39d44d4_1.tar.bz2#4439cf5b374f3bf07ac7db76710ccf00
https://conda.anaconda.org/conda-forge/win-64/jbig-2.1-h8d14728_2003.tar.bz2#37dcc26d63c315f6c0588579dca810da
https://conda.anaconda.org/conda-forge/win-64/jpeg-9d-h8ffe710_0.tar.bz2#9335a1b24eefef6075f4c02a03baf27a
https://conda.anaconda.org/conda-forge/win-64/lerc-3.0-h0e60522_0.tar.bz2#756c8b51a32758df2ed6cddcc7b7ed58
https://conda.anaconda.org/conda-forge/win-64/libbrotlicommon-1.0.9-h8ffe710_6.tar.bz2#e1611959ec9329ad406b2f5c84b8757f
https://conda.anaconda.org/conda-forge/win-64/libdeflate-1.8-h8ffe710_0.tar.bz2#8d90ca64db6b511cd5d3ab8b675f4c20
https://conda.anaconda.org/conda-forge/win-64/libiconv-1.16-he774522_0.tar.bz2#bdfeadc9348e4d9fbe4821e81bf8f221
https://conda.anaconda.org/conda-forge/win-64/liblief-0.11.5-h0e60522_1.tar.bz2#690bc670e05042446a36307adf0a30db
https://conda.anaconda.org/conda-forge/win-64/libzlib-1.2.11-h8ffe710_1013.tar.bz2#b28dd2488b4e5f892c67071acc1d0a8c
https://conda.anaconda.org/conda-forge/win-64/lz4-c-1.9.3-h8ffe710_1.tar.bz2#d12763533276560a931c1bd3df1adf63
https://conda.anaconda.org/conda-forge/win-64/lzo-2.10-he774522_1000.tar.bz2#d5cf4b7eaa52316f135eed9e8548ad57
https://conda.anaconda.org/conda-forge/win-64/m2w64-gcc-libgfortran-5.3.0-6.tar.bz2#066552ac6b907ec6d72c0ddab29050dc
https://conda.anaconda.org/conda-forge/win-64/openssl-1.1.1l-h8ffe710_0.tar.bz2#07747b2557a7f795585b118bb4f186de
https://conda.anaconda.org/conda-forge/win-64/sqlite-3.37.0-h8ffe710_0.tar.bz2#cc2d704449f994c1aa422a5a1cd8a64e
https://conda.anaconda.org/conda-forge/win-64/tbb-2021.4.0-h2d74725_1.tar.bz2#a68bc55d98eed49cb1e5cded510c7f60
https://conda.anaconda.org/conda-forge/win-64/tk-8.6.11-h8ffe710_1.tar.bz2#fd3c141a1ed5a77e5813795950fb7395
https://conda.anaconda.org/conda-forge/win-64/xz-5.2.5-h62dcd97_1.tar.bz2#eabcbfedd14d7c18a514afca09ea0ebb
https://conda.anaconda.org/conda-forge/win-64/yaml-0.2.5-he774522_0.tar.bz2#d41c34441d8bbb6d141e691ae7bccf35
https://conda.anaconda.org/conda-forge/win-64/krb5-1.19.2-h20d022d_3.tar.bz2#8a773a26af200fd95350e0866c02e2b3
https://conda.anaconda.org/conda-forge/win-64/libbrotlidec-1.0.9-h8ffe710_6.tar.bz2#147294ddd621c7a5288af3393c711760
https://conda.anaconda.org/conda-forge/win-64/libbrotlienc-1.0.9-h8ffe710_6.tar.bz2#a9d521d66b91eea8c265931032ac948e
https://conda.anaconda.org/conda-forge/win-64/m2w64-gcc-libs-5.3.0-7.tar.bz2#fe759119b8b3bfa720b8762c6fdc35de
https://conda.anaconda.org/conda-forge/win-64/mkl-2021.4.0-h0e2418a_729.tar.bz2#42fcb45077a716cb8d967117b8b88f28
https://conda.anaconda.org/conda-forge/win-64/python-3.7.12-h7840368_100_cpython.tar.bz2#7fe66ac3f4639174a320c4d8b842c08b
https://conda.anaconda.org/conda-forge/win-64/zlib-1.2.11-h8ffe710_1013.tar.bz2#866517df4fd8bb813bc20c24cf7b8f05
https://conda.anaconda.org/conda-forge/noarch/appdirs-1.4.4-pyh9f0ad1d_0.tar.bz2#5f095bc6454094e96f146491fd03633b
https://conda.anaconda.org/conda-forge/noarch/atomicwrites-1.4.0-pyh9f0ad1d_0.tar.bz2#5e36230ffaf3b7bb599424592684ae53
https://conda.anaconda.org/conda-forge/noarch/attrs-21.2.0-pyhd8ed1ab_0.tar.bz2#d2e1c7f388ac403df7079b411c37cc50
https://conda.anaconda.org/conda-forge/win-64/brotli-bin-1.0.9-h8ffe710_6.tar.bz2#94163a6bf564144f1b163535624ca4fc
https://conda.anaconda.org/conda-forge/noarch/charset-normalizer-2.0.9-pyhd8ed1ab_0.tar.bz2#a57a3f6f2b0a7400e340f850c405df19
https://conda.anaconda.org/conda-forge/noarch/cloudpickle-2.0.0-pyhd8ed1ab_0.tar.bz2#3a8fc8b627d5fb6af827e126a10a86c6
https://conda.anaconda.org/conda-forge/noarch/colorama-0.4.4-pyh9f0ad1d_0.tar.bz2#c08b4c1326b880ed44f3ffb04803332f
https://conda.anaconda.org/conda-forge/noarch/cssselect-1.1.0-py_0.tar.bz2#c2b0104cc7d2ef771a40281a26524b87
https://conda.anaconda.org/conda-forge/noarch/cycler-0.11.0-pyhd8ed1ab_0.tar.bz2#a50559fad0affdbb33729a68669ca1cb
https://conda.anaconda.org/conda-forge/noarch/entrypoints-0.3-pyhd8ed1ab_1003.tar.bz2#bbf9a201f6ce99a506f4955374d9a9f4
https://conda.anaconda.org/conda-forge/noarch/filelock-3.4.0-pyhd8ed1ab_0.tar.bz2#caff9785491992b3250ed4048fe51e2c
https://conda.anaconda.org/conda-forge/noarch/fsspec-2021.11.1-pyhd8ed1ab_0.tar.bz2#a510ec93fdb50775091d2afba98a8acb
https://conda.anaconda.org/conda-forge/noarch/glob2-0.7-py_0.tar.bz2#1f3a88e65e61216e1d475135922dbf6a
https://conda.anaconda.org/conda-forge/noarch/heapdict-1.0.1-py_0.tar.bz2#77242bfb1e74a627fb06319b5a2d3b95
https://conda.anaconda.org/conda-forge/noarch/idna-3.1-pyhd3deb0d_0.tar.bz2#9c9aea4b8391264477df484f798562d0
https://conda.anaconda.org/conda-forge/noarch/iniconfig-1.1.1-pyh9f0ad1d_0.tar.bz2#39161f81cc5e5ca45b8226fbb06c6905
https://conda.anaconda.org/conda-forge/win-64/libblas-3.9.0-12_win64_mkl.tar.bz2#96b3e24fd626a2a964c81045da31c7b1
https://conda.anaconda.org/conda-forge/win-64/libpng-1.6.37-h1d00b33_2.tar.bz2#005ddb14b8f876ed6a85b76dfc9892db
https://conda.anaconda.org/conda-forge/win-64/libssh2-1.10.0-h680486a_2.tar.bz2#7c3dab9db46226852f9c4c163870e4e4
https://conda.anaconda.org/conda-forge/win-64/libxml2-2.9.12-hf5bbc77_1.tar.bz2#3858e37596bacdc4bd3539464d7a4d70
https://conda.anaconda.org/conda-forge/noarch/locket-0.2.0-py_2.tar.bz2#709e8671651c7ec3d1ad07800339ff1d
https://conda.anaconda.org/conda-forge/noarch/mccabe-0.6.1-py_1.tar.bz2#a326cb400c1ccd91789f3e7d02124d61
https://conda.anaconda.org/conda-forge/noarch/more-itertools-8.12.0-pyhd8ed1ab_0.tar.bz2#1338809c9c8e56f1b6f69d4b8e0ed7f7
https://conda.anaconda.org/conda-forge/noarch/munkres-1.1.4-pyh9f0ad1d_0.tar.bz2#2ba8498c1018c1e9c61eb99b973dfe19
https://conda.anaconda.org/conda-forge/noarch/olefile-0.46-pyh9f0ad1d_1.tar.bz2#0b2e68acc8c78c8cc392b90983481f58
https://conda.anaconda.org/conda-forge/noarch/pathspec-0.9.0-pyhd8ed1ab_0.tar.bz2#f93dc0ccbc0a8472624165f6e256c7d1
https://conda.anaconda.org/conda-forge/noarch/pkginfo-1.8.2-pyhd8ed1ab_0.tar.bz2#c776a1cd5745674c28c20a5498cafa89
https://conda.anaconda.org/conda-forge/noarch/py-1.11.0-pyh6c4a22f_0.tar.bz2#b4613d7e7a493916d867842a6a148054
https://conda.anaconda.org/conda-forge/noarch/pycodestyle-2.5.0-py_0.tar.bz2#50bbc153cd561d99ac1af363651c3f17
https://conda.anaconda.org/conda-forge/noarch/pycparser-2.21-pyhd8ed1ab_0.tar.bz2#076becd9e05608f8dc72757d5f3a91ff
https://conda.anaconda.org/conda-forge/noarch/pyflakes-2.1.1-py_0.tar.bz2#5a388c9d483217cb77fdf0d6236d5b28
https://conda.anaconda.org/conda-forge/noarch/pyparsing-3.0.6-pyhd8ed1ab_0.tar.bz2#3087df8c636c5a00e694605c39ce4982
https://conda.anaconda.org/conda-forge/noarch/pyshp-2.1.3-pyh44b312d_0.tar.bz2#2d1867b980785eb44b8122184d8b42a6
https://conda.anaconda.org/conda-forge/win-64/python_abi-3.7-2_cp37m.tar.bz2#ff0476bcf0bf3667a5950ed125006a10
https://conda.anaconda.org/conda-forge/noarch/pytz-2021.3-pyhd8ed1ab_0.tar.bz2#7e4f811bff46a5a6a7e0094921389395
https://conda.anaconda.org/conda-forge/win-64/ripgrep-13.0.0-h7f3b576_1.tar.bz2#bb5d05a690997bb47adbe7c07d6c7b4a
https://conda.anaconda.org/conda-forge/noarch/six-1.16.0-pyh6c4a22f_0.tar.bz2#e5f25f8dbc060e9a8d912e432202afc2
https://conda.anaconda.org/conda-forge/noarch/sortedcontainers-2.4.0-pyhd8ed1ab_0.tar.bz2#6d6552722448103793743dabfbda532d
https://conda.anaconda.org/conda-forge/noarch/soupsieve-2.3.1-pyhd8ed1ab_0.tar.bz2#d821b295c4bd18ad27e1e19543a5784a
https://conda.anaconda.org/conda-forge/noarch/tblib-1.7.0-pyhd8ed1ab_0.tar.bz2#3d4afc31302aa7be471feb6be048ed76
https://conda.anaconda.org/conda-forge/noarch/toml-0.10.2-pyhd8ed1ab_0.tar.bz2#f832c45a477c78bebd107098db465095
https://conda.anaconda.org/conda-forge/noarch/tomli-1.2.2-pyhd8ed1ab_0.tar.bz2#1c8a2f9ea18c267414e244cee668cd00
https://conda.anaconda.org/conda-forge/noarch/toolz-0.11.2-pyhd8ed1ab_0.tar.bz2#f348d1590550371edfac5ed3c1d44f7e
https://conda.anaconda.org/conda-forge/noarch/typing_extensions-4.0.1-pyha770c72_0.tar.bz2#1fc03816925d3cb7fdab9ab234e7fea7
https://conda.anaconda.org/conda-forge/noarch/wheel-0.37.0-pyhd8ed1ab_1.tar.bz2#3aa2c3e25dd361b453d010388b9cdff1
https://conda.anaconda.org/conda-forge/noarch/zipp-3.6.0-pyhd8ed1ab_0.tar.bz2#855e2c4622f5eb50a4f6f7167b9ba17a
https://conda.anaconda.org/conda-forge/win-64/zstd-1.5.0-h6255e5f_0.tar.bz2#3a997ecef5b2cf97db57a6fcf64e4728
https://conda.anaconda.org/conda-forge/noarch/beautifulsoup4-4.10.0-pyha770c72_0.tar.bz2#c29e0b4a2ff546cedbe6dc2921948a1d
https://conda.anaconda.org/conda-forge/win-64/brotli-1.0.9-h8ffe710_6.tar.bz2#d92e55db1cc5e34d1ba0812366c29826
https://conda.anaconda.org/conda-forge/win-64/certifi-2021.10.8-py37h03978a9_1.tar.bz2#23adec3e48773a8ca5d44bd0b50eba1f
https://conda.anaconda.org/conda-forge/win-64/cffi-1.15.0-py37hd8e9650_0.tar.bz2#0c83f5db8cad3a70d611ba4388657b97
https://conda.anaconda.org/conda-forge/win-64/chardet-4.0.0-py37h03978a9_2.tar.bz2#ad237b462e5889f9b18cf40a6e972abb
https://conda.anaconda.org/conda-forge/win-64/coverage-6.2-py37hcc03f2d_0.tar.bz2#81fdaf8b875abeecf53545709ce89afa
https://conda.anaconda.org/conda-forge/win-64/crcmod-1.7-py37hcc03f2d_1007.tar.bz2#064acba3e30579300e99c4c8f41efc50
https://conda.anaconda.org/conda-forge/win-64/cytoolz-0.11.2-py37hcc03f2d_1.tar.bz2#b4e4a1a3c29ca8f1c81639860bf1a3c5
https://conda.anaconda.org/conda-forge/win-64/freetype-2.10.4-h546665d_1.tar.bz2#1215a2e49d23da91c28d97cff8de35ea
https://conda.anaconda.org/conda-forge/win-64/importlib-metadata-4.8.2-py37h03978a9_0.tar.bz2#fa4d0db96d8ed17bab16c729b2d615fc
https://conda.anaconda.org/conda-forge/win-64/kiwisolver-1.3.2-py37h8c56517_1.tar.bz2#04e9ce71cf25f01070d8d5a87b7f4d28
https://conda.anaconda.org/conda-forge/win-64/libarchive-3.5.2-hb45042f_1.tar.bz2#efb382c651b6b3f845134aaea2e99b15
https://conda.anaconda.org/conda-forge/win-64/libcblas-3.9.0-12_win64_mkl.tar.bz2#5103ff857d4086ae01f2df8757f31d0b
https://conda.anaconda.org/conda-forge/win-64/libcurl-7.80.0-h789b8ee_1.tar.bz2#d5357c2cadc2bc1a1532e6bb94c03463
https://conda.anaconda.org/conda-forge/win-64/liblapack-3.9.0-12_win64_mkl.tar.bz2#e2971c6292cb0daf16bced80b9aa767a
https://conda.anaconda.org/conda-forge/win-64/libtiff-4.3.0-hd413186_2.tar.bz2#40718c1376954db41607d76ebb81e1b3
https://conda.anaconda.org/conda-forge/win-64/libxslt-1.1.33-h65864e5_3.tar.bz2#a7f239206a7c1e91ebcc254955d7d1d6
https://conda.anaconda.org/conda-forge/win-64/markupsafe-2.0.1-py37hcc03f2d_1.tar.bz2#946eec39906776404dc6903d6064f4cd
https://conda.anaconda.org/conda-forge/win-64/msgpack-python-1.0.3-py37h8c56517_0.tar.bz2#d820ca941a13a6c1f7c655ba96b0a16f
https://conda.anaconda.org/conda-forge/win-64/mypy_extensions-0.4.3-py37h03978a9_4.tar.bz2#8bfa6f6dc60b9782c9c398ce592190f2
https://conda.anaconda.org/conda-forge/noarch/packaging-21.3-pyhd8ed1ab_0.tar.bz2#71f1ab2de48613876becddd496371c85
https://conda.anaconda.org/conda-forge/noarch/partd-1.2.0-pyhd8ed1ab_0.tar.bz2#0c32f563d7f22e3a34c95cad8cc95651
https://conda.anaconda.org/conda-forge/win-64/psutil-5.8.0-py37hcc03f2d_2.tar.bz2#ef590199c302c10ad6af5500b51b72f8
https://conda.anaconda.org/conda-forge/win-64/py-lief-0.11.5-py37hf2a7229_1.tar.bz2#95e984e5bd274fd18659d90dd3af2b18
https://conda.anaconda.org/conda-forge/win-64/pycosat-0.6.3-py37hcc03f2d_1009.tar.bz2#3a757f5565a637402343ba74182d8b5b
https://conda.anaconda.org/conda-forge/noarch/python-dateutil-2.8.2-pyhd8ed1ab_0.tar.bz2#dd999d1cc9f79e67dbb855c8924c7984
https://conda.anaconda.org/conda-forge/win-64/pywin32-302-py37hcc03f2d_2.tar.bz2#e87cb8277cb6324e7e8e862f5ddaff22
https://conda.anaconda.org/conda-forge/win-64/pyyaml-6.0-py37hcc03f2d_3.tar.bz2#6ac211ece385f7b09bee237781dd0660
https://conda.anaconda.org/conda-forge/win-64/regex-2021.11.10-py37hcc03f2d_0.tar.bz2#98e034630f67cff8bdd4f1fc5cc07b74
https://conda.anaconda.org/conda-forge/win-64/ruamel_yaml-0.15.80-py37hcc03f2d_1006.tar.bz2#66ea7b03fa72826ea3a3979cb890c871
https://conda.anaconda.org/conda-forge/win-64/setuptools-59.4.0-py37h03978a9_0.tar.bz2#01df85765934f57b4d7ca1d5265e087c
https://conda.anaconda.org/conda-forge/win-64/tornado-6.1-py37hcc03f2d_2.tar.bz2#09aafcab336a493c1ac0e2649935b1ee
https://conda.anaconda.org/conda-forge/noarch/tqdm-4.62.3-pyhd8ed1ab_0.tar.bz2#24ed42db084efd6e615babec03c2b460
https://conda.anaconda.org/conda-forge/win-64/typed-ast-1.4.3-py37hcc03f2d_1.tar.bz2#dee34ceff7900fac84e0c2de628e8024
https://conda.anaconda.org/conda-forge/win-64/unicodedata2-13.0.0.post2-py37hcc03f2d_4.tar.bz2#38d321829726337df19bbecbd764d61d
https://conda.anaconda.org/conda-forge/win-64/win_inet_pton-1.1.0-py37h03978a9_3.tar.bz2#b817dc6afb5e9a09097d7444377370cb
https://conda.anaconda.org/conda-forge/noarch/zict-2.0.0-py_0.tar.bz2#4750152be22f24d695b3004c5e1712d3
https://conda.anaconda.org/conda-forge/win-64/brotlipy-0.7.0-py37hcc03f2d_1003.tar.bz2#bf8941771fac37528513567ddaddfabb
https://conda.anaconda.org/conda-forge/win-64/click-8.0.3-py37h03978a9_1.tar.bz2#e92f08e580cd5f3d2873ff70b71c80d4
https://conda.anaconda.org/conda-forge/win-64/conda-package-handling-1.7.3-py37ha54c9ec_1.tar.bz2#45a34043a30e128063b795e3fcd9ab59
https://conda.anaconda.org/conda-forge/win-64/cryptography-36.0.0-py37h65266a2_0.tar.bz2#2e15515dc436a6866ddfcf1dab17ee82
https://conda.anaconda.org/conda-forge/noarch/dask-core-2021.11.2-pyhd8ed1ab_0.tar.bz2#c3615fd90d2e5b11c5da6ea1f9a5730b
https://conda.anaconda.org/conda-forge/win-64/flake8-3.7.9-py37hc8dfbb8_1.tar.bz2#0c75dd0819f8d9e84006a09d3cbe2607
https://conda.anaconda.org/conda-forge/win-64/fonttools-4.28.3-py37hcc03f2d_0.tar.bz2#7df7c64ceb1617fea7412e3f09ea4fd7
https://conda.anaconda.org/conda-forge/noarch/importlib_metadata-4.8.2-hd8ed1ab_0.tar.bz2#4fcc9776fdf4c35c5a10662bbbd21a61
https://conda.anaconda.org/conda-forge/noarch/isort-5.10.1-pyhd8ed1ab_0.tar.bz2#83df9ffefe1cc01d9e60405bf871bfdb
https://conda.anaconda.org/conda-forge/noarch/jinja2-3.0.3-pyhd8ed1ab_0.tar.bz2#036d872c653780cb26e797e2e2f61b4c
https://conda.anaconda.org/conda-forge/win-64/lcms2-2.12-h2a16943_0.tar.bz2#fee639c27301c4165b4d1f7e442de8a5
https://conda.anaconda.org/conda-forge/win-64/lxml-4.6.4-py37hd07aab1_0.tar.bz2#5f853215a9aeedb984d14518a0b1e3b1
https://conda.anaconda.org/conda-forge/win-64/menuinst-1.4.18-py37h03978a9_1.tar.bz2#d57cd1e11cc5412ea2d6aff27d52efc1
https://conda.anaconda.org/conda-forge/noarch/mypy-0.770-py_0.tar.bz2#6f6066180325653cb41bd4bab930dc4c
https://conda.anaconda.org/conda-forge/win-64/numpy-1.21.4-py37h940b05c_0.tar.bz2#2ccefd86b20e42f2cf078e2d47d50242
https://conda.anaconda.org/conda-forge/win-64/openjpeg-2.4.0-hb211442_1.tar.bz2#0991d2e943e5ba7ec9b7b32eec14e2e3
https://conda.anaconda.org/conda-forge/noarch/pip-20.2.4-py_0.tar.bz2#d2c0e7b7ca15440dc445e725f1e79ccf
https://conda.anaconda.org/conda-forge/win-64/proj-8.2.0-h1cfcee9_0.tar.bz2#c6a13040778e8ba75ce24a9109a90851
https://conda.anaconda.org/conda-forge/win-64/pysocks-1.7.1-py37h03978a9_4.tar.bz2#dc79d0edb98b9a00bf61c470df118eb4
https://conda.anaconda.org/conda-forge/win-64/python-libarchive-c-3.2-py37h03978a9_0.tar.bz2#1891498554fcbff8178c554a1b436f85
https://conda.anaconda.org/conda-forge/noarch/black-19.10b0-py_4.tar.bz2#ae8375ed2a4c1c67966ab08dc44d96a3
https://conda.anaconda.org/conda-forge/win-64/distributed-2021.11.2-py37h03978a9_0.tar.bz2#eb40cc218db980076f768a9a133e6dbc
https://conda.anaconda.org/conda-forge/noarch/hypothesis-6.30.1-pyhd8ed1ab_0.tar.bz2#be6dacf98e23498a9dcddc7276e7f877
https://conda.anaconda.org/conda-forge/win-64/pandas-1.3.4-py37h9386db6_1.tar.bz2#c9c4cf7ef3dad8152e59e67d331e7042
https://conda.anaconda.org/conda-forge/win-64/pillow-8.4.0-py37hd7d9ad0_0.tar.bz2#e32d9da7628437ee61340aa63deca807
https://conda.anaconda.org/conda-forge/win-64/pluggy-1.0.0-py37h03978a9_2.tar.bz2#dde73aeec81ed5f577d48ab21f963408
https://conda.anaconda.org/conda-forge/noarch/pyopenssl-21.0.0-pyhd8ed1ab_0.tar.bz2#8c49efecb7dca466e18b06015e8c88ce
https://conda.anaconda.org/conda-forge/win-64/pyproj-3.2.1-py37hfa9e037_5.tar.bz2#cb44a9d504981d8e4dc6d1c144f19d58
https://conda.anaconda.org/conda-forge/noarch/pyquery-1.4.3-pyhd8ed1ab_0.tar.bz2#a375af7e878ae426a297e98ee98c6a9a
https://conda.anaconda.org/conda-forge/win-64/scipy-1.7.3-py37hb6553fb_0.tar.bz2#517e4f1e498e479a529b4fdb844e6ec3
https://conda.anaconda.org/conda-forge/win-64/shapely-1.8.0-py37h61d217f_4.tar.bz2#d0b9c5da158e4896d3875ee3ab603e3a
https://conda.anaconda.org/conda-forge/win-64/bokeh-2.4.2-py37h03978a9_0.tar.bz2#36a24a443a19d23972015af6af0462c2
https://conda.anaconda.org/conda-forge/win-64/matplotlib-base-3.5.0-py37h4a79c79_0.tar.bz2#22ea82eebae96c7aeb5f7af6808c0e71
https://conda.anaconda.org/conda-forge/win-64/pytest-6.2.5-py37h03978a9_1.tar.bz2#92f5f5a49af240e9d5bd77e2864b911d
https://conda.anaconda.org/conda-forge/noarch/urllib3-1.26.7-pyhd8ed1ab_0.tar.bz2#be75bab4820a56f77ba1a3fc9139c36a
https://conda.anaconda.org/conda-forge/win-64/cartopy-0.20.1-py37hf85d210_5.tar.bz2#010538f4302a1cf053bf4d89cca4d01b
https://conda.anaconda.org/conda-forge/noarch/dask-2021.11.2-pyhd8ed1ab_0.tar.bz2#984834c5daa0ee3edbb0cefa53b873a5
https://conda.anaconda.org/conda-forge/noarch/pytest-mpl-0.13-pyhd8ed1ab_0.tar.bz2#c055c400274e26a35d5f324becefb082
https://conda.anaconda.org/conda-forge/noarch/requests-2.26.0-pyhd8ed1ab_1.tar.bz2#358581cc782802270d77c454c73a811a
https://conda.anaconda.org/conda-forge/win-64/conda-4.11.0-py37h03978a9_0.tar.bz2#cfe1314e2bdd06179f6a0fc840564c68
https://conda.anaconda.org/conda-forge/noarch/intake-0.6.4-pyhd8ed1ab_0.tar.bz2#f12cb55e65ed79bedf1723692eeb7c2f
https://conda.anaconda.org/conda-forge/win-64/conda-build-3.21.7-py37h03978a9_0.tar.bz2#5461855914055207f85e174bf6ebd544
