# platform: osx-64
# env_hash: 27379785b9747215a8d6365639613bb771e2b4dd7f07eae499b4f1ecbaeadce4
@EXPLICIT
https://conda.anaconda.org/conda-forge/osx-64/bzip2-1.0.8-h0d85af4_4.tar.bz2#37edc4e6304ca87316e160f5ca0bd1b5
https://conda.anaconda.org/conda-forge/osx-64/c-ares-1.18.1-h0d85af4_0.tar.bz2#00b3e98a61e6430808fe7a2534681f28
https://conda.anaconda.org/conda-forge/osx-64/ca-certificates-2021.10.8-h033912b_0.tar.bz2#bb82d0243db9882b509702ecb69e38f0
https://conda.anaconda.org/conda-forge/osx-64/giflib-5.2.1-hbcb3906_2.tar.bz2#be8f747c37e4d7e346c133e641966750
https://conda.anaconda.org/conda-forge/osx-64/jbig-2.1-h0d85af4_2003.tar.bz2#4d76d11d3a256931926099498aa3565b
https://conda.anaconda.org/conda-forge/osx-64/jpeg-9e-h0d85af4_0.tar.bz2#46a9053a493c567e32fc0519d9bfc860
https://conda.anaconda.org/conda-forge/osx-64/lame-3.100-h35c211d_1001.tar.bz2#6bb207f7b08380ce2bc833bb60f91046
https://conda.anaconda.org/conda-forge/osx-64/libbrotlicommon-1.0.9-h0d85af4_6.tar.bz2#bb40dfcead1d3522ed7e58159080f735
https://conda.anaconda.org/conda-forge/osx-64/libcxx-13.0.1-hc203e6f_0.tar.bz2#c451c3b02dea73d320d1395252fc006c
https://conda.anaconda.org/conda-forge/osx-64/libdeflate-1.10-h0d85af4_0.tar.bz2#98a4bf0073c56678453dd86845d3bcc9
https://conda.anaconda.org/conda-forge/osx-64/libev-4.33-haf1e3a3_1.tar.bz2#79dc2be110b2a3d1e97ec21f691c50ad
https://conda.anaconda.org/conda-forge/osx-64/libffi-3.4.2-h0d85af4_5.tar.bz2#ccb34fb14960ad8b125962d3d79b31a9
https://conda.anaconda.org/conda-forge/osx-64/libiconv-1.16-haf1e3a3_0.tar.bz2#c5fab167412a52e491c8e11453ae016f
https://conda.anaconda.org/conda-forge/osx-64/libwebp-base-1.2.2-h0d85af4_1.tar.bz2#052369eda6e13f44b308407c99857f84
https://conda.anaconda.org/conda-forge/osx-64/libzlib-1.2.11-h9173be1_1013.tar.bz2#a3a6a53beaa92c5cfe52ee3a198e78cc
https://conda.anaconda.org/conda-forge/osx-64/llvm-openmp-13.0.1-hcb1a161_1.tar.bz2#38a61d0f6d505ff4d9f214e924c351bb
https://conda.anaconda.org/conda-forge/osx-64/lzo-2.10-haf1e3a3_1000.tar.bz2#0b6bca372a95d6c602c7a922e928ce79
https://conda.anaconda.org/conda-forge/osx-64/ncurses-6.3-he49afe7_0.tar.bz2#2b8a6df0c28a466781832cbd036a73b7
https://conda.anaconda.org/conda-forge/osx-64/nettle-3.6-hedd7734_0.tar.bz2#9c9d5d69c39596b22a7495aef3310a3d
https://conda.anaconda.org/conda-forge/osx-64/pthread-stubs-0.4-hc929b4f_1001.tar.bz2#addd19059de62181cd11ae8f4ef26084
https://conda.anaconda.org/conda-forge/osx-64/ripgrep-13.0.0-hbbacdb1_2.tar.bz2#5ae3834efaaf5a666d45609fd51f85c5
https://conda.anaconda.org/conda-forge/osx-64/x264-1!161.3030-h0d85af4_1.tar.bz2#3162269a4e63ed7dcf34ffef591aef94
https://conda.anaconda.org/conda-forge/osx-64/xorg-libxau-1.0.9-h35c211d_0.tar.bz2#c5049997b2e98edfbcdd294582f66281
https://conda.anaconda.org/conda-forge/osx-64/xorg-libxdmcp-1.1.3-h35c211d_0.tar.bz2#86ac76d6bf1cbb9621943eb3bd9ae36e
https://conda.anaconda.org/conda-forge/osx-64/xz-5.2.5-haf1e3a3_1.tar.bz2#41116deb499e9bc58048c297d6403ce6
https://conda.anaconda.org/conda-forge/osx-64/yaml-0.2.5-h0d85af4_2.tar.bz2#d7e08fcf8259d742156188e8762b4d20
https://conda.anaconda.org/conda-forge/osx-64/aom-3.3.0-h96cf925_1.tar.bz2#c2b17d744b682c47ca06912a4a606a9a
https://conda.anaconda.org/conda-forge/osx-64/geos-3.10.2-he49afe7_0.tar.bz2#ba73e08947c2300d6eb338415540854a
https://conda.anaconda.org/conda-forge/osx-64/gettext-0.19.8.1-hd1a6beb_1008.tar.bz2#28c370fc39becf486601d9e491a5e184
https://conda.anaconda.org/conda-forge/osx-64/gmp-6.2.1-h2e338ed_0.tar.bz2#dedc96914428dae572a39e69ee2a392f
https://conda.anaconda.org/conda-forge/osx-64/icu-69.1-he49afe7_0.tar.bz2#ee3bde95f8c74ebd296543525775ada5
https://conda.anaconda.org/conda-forge/osx-64/lerc-3.0-he49afe7_0.tar.bz2#a1d21f85e4b0d5e27a88ecab5e3961da
https://conda.anaconda.org/conda-forge/osx-64/libbrotlidec-1.0.9-h0d85af4_6.tar.bz2#8c6e36e5df668a3d44193837319b3444
https://conda.anaconda.org/conda-forge/osx-64/libbrotlienc-1.0.9-h0d85af4_6.tar.bz2#6718e3c3b3cc237695b3a6bc5a1b2ccb
https://conda.anaconda.org/conda-forge/osx-64/libedit-3.1.20191231-h0678c8f_2.tar.bz2#6016a8a1d0e63cac3de2c352cd40208b
https://conda.anaconda.org/conda-forge/osx-64/libgfortran5-9.3.0-h6c81a4c_23.tar.bz2#a6956ceb628b14594613cefee5127a7a
https://conda.anaconda.org/conda-forge/osx-64/liblief-0.11.5-he49afe7_1.tar.bz2#d6bc3420c3f67907795b958163abb791
https://conda.anaconda.org/conda-forge/osx-64/libvpx-1.11.0-he49afe7_3.tar.bz2#4ad2e740535a74d4ab65550b8a41f99f
https://conda.anaconda.org/conda-forge/osx-64/libxcb-1.13-h0d85af4_1004.tar.bz2#eb7860935e14aec936065cbc21a1a962
https://conda.anaconda.org/conda-forge/osx-64/lz4-c-1.9.3-he49afe7_1.tar.bz2#05c08241b66631c00ca4f9e0b75320bc
https://conda.anaconda.org/conda-forge/osx-64/openssl-1.1.1l-h0d85af4_0.tar.bz2#f7bcdbb7a5dae97030eee20b884b1f8a
https://conda.anaconda.org/conda-forge/osx-64/readline-8.1-h05e3726_0.tar.bz2#2832e9b6a7caa7cb192fcda6cfcd8871
https://conda.anaconda.org/conda-forge/osx-64/svt-av1-0.9.1-h96cf925_0.tar.bz2#15aa9714f11eee47f52c61d2861bcf33
https://conda.anaconda.org/conda-forge/osx-64/tk-8.6.12-h5dbffcc_0.tar.bz2#8e9480d9c47061db2ed1b4ecce519a7f
https://conda.anaconda.org/conda-forge/osx-64/x265-3.5-hbb4e6a2_3.tar.bz2#a3bf3e95b7795871a6734a784400fcea
https://conda.anaconda.org/conda-forge/osx-64/zlib-1.2.11-h9173be1_1013.tar.bz2#cf985617d679990418c380099620b01a
https://conda.anaconda.org/conda-forge/osx-64/brotli-bin-1.0.9-h0d85af4_6.tar.bz2#00d57e8424c3fe0aeb3c37418e1b910e
https://conda.anaconda.org/conda-forge/osx-64/gnutls-3.6.13-h756fd2b_1.tar.bz2#cf812214a917b4d48ce536d427770ec9
https://conda.anaconda.org/conda-forge/osx-64/krb5-1.19.3-hb49756b_0.tar.bz2#e60363be26ab2a74326c06195d638447
https://conda.anaconda.org/conda-forge/osx-64/libgfortran-5.0.0-9_3_0_h6c81a4c_23.tar.bz2#60f48cef2d50674e0428c5579b6c3f66
https://conda.anaconda.org/conda-forge/osx-64/libnghttp2-1.47.0-h942079c_0.tar.bz2#86fc370e607a269b64ac6fa5d29e55e8
https://conda.anaconda.org/conda-forge/osx-64/libpng-1.6.37-h7cec526_2.tar.bz2#9e52521faba2b53269672628d34e1513
https://conda.anaconda.org/conda-forge/osx-64/libssh2-1.10.0-h52ee1ee_2.tar.bz2#8c8f3804e8e252b47443cfe8e40eddf9
https://conda.anaconda.org/conda-forge/osx-64/libxml2-2.9.12-h7e28ab6_1.tar.bz2#2c7f67fde580b88748f9fab02f98b2ba
https://conda.anaconda.org/conda-forge/osx-64/openh264-2.1.1-hfd3ada9_0.tar.bz2#468e32402dae56c73b29fb74160a9b2a
https://conda.anaconda.org/conda-forge/osx-64/sqlite-3.37.1-hb516253_0.tar.bz2#74b34f1a97c76b71f5f2b1fecbb6bec8
https://conda.anaconda.org/conda-forge/osx-64/zstd-1.5.2-h582d3a0_0.tar.bz2#df9ed22d1725b8fecaede2d579fd6bc4
https://conda.anaconda.org/conda-forge/osx-64/brotli-1.0.9-h0d85af4_6.tar.bz2#742964fe79862ba2d03365a16278a877
https://conda.anaconda.org/conda-forge/osx-64/freetype-2.10.4-h4cff582_1.tar.bz2#5a136a432c6062362cd7990c514bd8d6
https://conda.anaconda.org/conda-forge/osx-64/libarchive-3.5.2-h2b60450_1.tar.bz2#598a850147b8622e8348cbf6578effaf
https://conda.anaconda.org/conda-forge/osx-64/libcurl-7.82.0-h9f20792_0.tar.bz2#ba2d9c3716c778fc9eb286a0a81fc519
https://conda.anaconda.org/conda-forge/osx-64/libopenblas-0.3.18-openmp_h3351f45_0.tar.bz2#a0636ed965924977a848fd0d0258cf17
https://conda.anaconda.org/conda-forge/osx-64/libtiff-4.3.0-h17f2ce3_3.tar.bz2#8a2611163920a17b13a1325bb70d7293
https://conda.anaconda.org/conda-forge/osx-64/libxslt-1.1.33-h1acebb3_3.tar.bz2#9a354fc7d6d3b2e587352d5543bf1918
https://conda.anaconda.org/conda-forge/osx-64/python-3.8.12-h17280f6_3_cpython.tar.bz2#7e8e6130f29f72e8e78086e001212fc5
https://conda.anaconda.org/conda-forge/noarch/appdirs-1.4.4-pyh9f0ad1d_0.tar.bz2#5f095bc6454094e96f146491fd03633b
https://conda.anaconda.org/conda-forge/noarch/attrs-21.4.0-pyhd8ed1ab_0.tar.bz2#f70280205d7044c8b8358c8de3190e5d
https://conda.anaconda.org/conda-forge/noarch/charset-normalizer-2.0.12-pyhd8ed1ab_0.tar.bz2#1f5b32dabae0f1893ae3283dac7f799e
https://conda.anaconda.org/conda-forge/noarch/cloudpickle-2.0.0-pyhd8ed1ab_0.tar.bz2#3a8fc8b627d5fb6af827e126a10a86c6
https://conda.anaconda.org/conda-forge/noarch/colorama-0.4.4-pyh9f0ad1d_0.tar.bz2#c08b4c1326b880ed44f3ffb04803332f
https://conda.anaconda.org/conda-forge/noarch/cssselect-1.1.0-py_0.tar.bz2#c2b0104cc7d2ef771a40281a26524b87
https://conda.anaconda.org/conda-forge/noarch/cycler-0.11.0-pyhd8ed1ab_0.tar.bz2#a50559fad0affdbb33729a68669ca1cb
https://conda.anaconda.org/conda-forge/noarch/entrypoints-0.3-pyhd8ed1ab_1003.tar.bz2#bbf9a201f6ce99a506f4955374d9a9f4
https://conda.anaconda.org/conda-forge/osx-64/ffmpeg-5.0.0-h9220da4_1.tar.bz2#136474b7cd17548b1f1f7bbcd053451e
https://conda.anaconda.org/conda-forge/noarch/filelock-3.6.0-pyhd8ed1ab_0.tar.bz2#6e03ca6c7b47a4152a2b12c6eee3bd32
https://conda.anaconda.org/conda-forge/noarch/fsspec-2022.2.0-pyhd8ed1ab_0.tar.bz2#f31e31092035d427b05233ab924c7613
https://conda.anaconda.org/conda-forge/noarch/glob2-0.7-py_0.tar.bz2#1f3a88e65e61216e1d475135922dbf6a
https://conda.anaconda.org/conda-forge/noarch/heapdict-1.0.1-py_0.tar.bz2#77242bfb1e74a627fb06319b5a2d3b95
https://conda.anaconda.org/conda-forge/noarch/idna-3.3-pyhd8ed1ab_0.tar.bz2#40b50b8b030f5f2f22085c062ed013dd
https://conda.anaconda.org/conda-forge/noarch/iniconfig-1.1.1-pyh9f0ad1d_0.tar.bz2#39161f81cc5e5ca45b8226fbb06c6905
https://conda.anaconda.org/conda-forge/osx-64/lcms2-2.12-h577c468_0.tar.bz2#abce77b852b73670e85e104746b0ea1b
https://conda.anaconda.org/conda-forge/osx-64/libblas-3.9.0-13_osx64_openblas.tar.bz2#43e49180e01ca49b1988bc46fec6e375
https://conda.anaconda.org/conda-forge/osx-64/libwebp-1.2.2-h28dabe5_0.tar.bz2#6aa31e81854e3172dae89300ae9a5444
https://conda.anaconda.org/conda-forge/noarch/locket-0.2.0-py_2.tar.bz2#709e8671651c7ec3d1ad07800339ff1d
https://conda.anaconda.org/conda-forge/noarch/mccabe-0.6.1-py_1.tar.bz2#a326cb400c1ccd91789f3e7d02124d61
https://conda.anaconda.org/conda-forge/noarch/munkres-1.1.4-pyh9f0ad1d_0.tar.bz2#2ba8498c1018c1e9c61eb99b973dfe19
https://conda.anaconda.org/conda-forge/osx-64/openjpeg-2.4.0-h6e7aa92_1.tar.bz2#c8cbb6d99f6467246ac26a139256e50f
https://conda.anaconda.org/conda-forge/noarch/pathspec-0.9.0-pyhd8ed1ab_0.tar.bz2#f93dc0ccbc0a8472624165f6e256c7d1
https://conda.anaconda.org/conda-forge/noarch/pkginfo-1.8.2-pyhd8ed1ab_0.tar.bz2#c776a1cd5745674c28c20a5498cafa89
https://conda.anaconda.org/conda-forge/osx-64/proj-9.0.0-h2364a93_1.tar.bz2#0963b0299506924c7630522fb4c1a0a5
https://conda.anaconda.org/conda-forge/noarch/py-1.11.0-pyh6c4a22f_0.tar.bz2#b4613d7e7a493916d867842a6a148054
https://conda.anaconda.org/conda-forge/noarch/pycodestyle-2.5.0-py_0.tar.bz2#50bbc153cd561d99ac1af363651c3f17
https://conda.anaconda.org/conda-forge/noarch/pycparser-2.21-pyhd8ed1ab_0.tar.bz2#076becd9e05608f8dc72757d5f3a91ff
https://conda.anaconda.org/conda-forge/noarch/pyflakes-2.1.1-py_0.tar.bz2#5a388c9d483217cb77fdf0d6236d5b28
https://conda.anaconda.org/conda-forge/noarch/pyparsing-3.0.7-pyhd8ed1ab_0.tar.bz2#727e2216d9c47455d8ddc060eb2caad9
https://conda.anaconda.org/conda-forge/noarch/pyshp-2.2.0-pyhd8ed1ab_0.tar.bz2#2aa546be05be34b8e1744afd327b623f
https://conda.anaconda.org/conda-forge/osx-64/python_abi-3.8-2_cp38.tar.bz2#156803acb0247c263c9586f190b72f1c
https://conda.anaconda.org/conda-forge/noarch/pytz-2021.3-pyhd8ed1ab_0.tar.bz2#7e4f811bff46a5a6a7e0094921389395
https://conda.anaconda.org/conda-forge/noarch/six-1.16.0-pyh6c4a22f_0.tar.bz2#e5f25f8dbc060e9a8d912e432202afc2
https://conda.anaconda.org/conda-forge/noarch/sortedcontainers-2.4.0-pyhd8ed1ab_0.tar.bz2#6d6552722448103793743dabfbda532d
https://conda.anaconda.org/conda-forge/noarch/soupsieve-2.3.1-pyhd8ed1ab_0.tar.bz2#d821b295c4bd18ad27e1e19543a5784a
https://conda.anaconda.org/conda-forge/noarch/tblib-1.7.0-pyhd8ed1ab_0.tar.bz2#3d4afc31302aa7be471feb6be048ed76
https://conda.anaconda.org/conda-forge/noarch/toml-0.10.2-pyhd8ed1ab_0.tar.bz2#f832c45a477c78bebd107098db465095
https://conda.anaconda.org/conda-forge/noarch/tomli-2.0.1-pyhd8ed1ab_0.tar.bz2#5844808ffab9ebdb694585b50ba02a96
https://conda.anaconda.org/conda-forge/noarch/toolz-0.11.2-pyhd8ed1ab_0.tar.bz2#f348d1590550371edfac5ed3c1d44f7e
https://conda.anaconda.org/conda-forge/noarch/typing_extensions-4.1.1-pyha770c72_0.tar.bz2#74761ba7bc682e9009520163a1031ace
https://conda.anaconda.org/conda-forge/noarch/wheel-0.37.1-pyhd8ed1ab_0.tar.bz2#1ca02aaf78d9c70d9a81a3bed5752022
https://conda.anaconda.org/conda-forge/noarch/zipp-3.7.0-pyhd8ed1ab_1.tar.bz2#b689b2cbc8481b224777415e1a193170
https://conda.anaconda.org/conda-forge/noarch/beautifulsoup4-4.10.0-pyha770c72_0.tar.bz2#c29e0b4a2ff546cedbe6dc2921948a1d
https://conda.anaconda.org/conda-forge/osx-64/certifi-2021.10.8-py38h50d1736_1.tar.bz2#c45ff53e0b329fe61b3f0cfdd37fa0fa
https://conda.anaconda.org/conda-forge/osx-64/cffi-1.15.0-py38h1a44b6c_0.tar.bz2#3ec046bfb079a655aeba431cc7371ab7
https://conda.anaconda.org/conda-forge/osx-64/chardet-4.0.0-py38h50d1736_1.tar.bz2#78e43861bd8d39b948feaa1715b22851
https://conda.anaconda.org/conda-forge/osx-64/click-8.0.4-py38h50d1736_0.tar.bz2#8230f4b876136b9fa58b611e5a51a96d
https://conda.anaconda.org/conda-forge/osx-64/coverage-6.3.2-py38hed1de0f_1.tar.bz2#2de783e07a343201fb23967c806e2eae
https://conda.anaconda.org/conda-forge/osx-64/crcmod-1.7-py38h96a0964_1007.tar.bz2#851ef9890964124630d5663f341fa14f
https://conda.anaconda.org/conda-forge/osx-64/cytoolz-0.11.2-py38h96a0964_1.tar.bz2#39345a73296f58f6e4af60bcf1e20a0f
https://conda.anaconda.org/conda-forge/noarch/importlib_resources-5.4.0-pyhd8ed1ab_0.tar.bz2#9fb134dbabe7851a9d71411064b2c30d
https://conda.anaconda.org/conda-forge/osx-64/kiwisolver-1.4.0-py38h8b7791e_0.tar.bz2#be5ca5d63cbc5127743b480319f58883
https://conda.anaconda.org/conda-forge/osx-64/libcblas-3.9.0-13_osx64_openblas.tar.bz2#eecf22499103fbbed8a24efdcadd3074
https://conda.anaconda.org/conda-forge/osx-64/liblapack-3.9.0-13_osx64_openblas.tar.bz2#78be50c9400059ee11ebde2e0257d693
https://conda.anaconda.org/conda-forge/osx-64/lxml-4.8.0-py38h6ea4786_0.tar.bz2#151f71172bbb87c6065eff700012aa9a
https://conda.anaconda.org/conda-forge/osx-64/markupsafe-2.1.1-py38hed1de0f_0.tar.bz2#67bfe7bcddf65f9c5e6edc83e8e7764b
https://conda.anaconda.org/conda-forge/osx-64/msgpack-python-1.0.3-py38h12bbefe_0.tar.bz2#6e56cd41a55c2a42a691da8ab5a358ff
https://conda.anaconda.org/conda-forge/osx-64/mypy_extensions-0.4.3-py38h50d1736_4.tar.bz2#dd755ee24e78645ce3d9e09e71feecc0
https://conda.anaconda.org/conda-forge/noarch/packaging-21.3-pyhd8ed1ab_0.tar.bz2#71f1ab2de48613876becddd496371c85
https://conda.anaconda.org/conda-forge/noarch/partd-1.2.0-pyhd8ed1ab_0.tar.bz2#0c32f563d7f22e3a34c95cad8cc95651
https://conda.anaconda.org/conda-forge/osx-64/pillow-9.0.1-py38h7207f37_2.tar.bz2#1b6b27a6fc8455dd8967b12aabdc01a5
https://conda.anaconda.org/conda-forge/osx-64/pluggy-1.0.0-py38h50d1736_2.tar.bz2#3a502faf240f80d2bba40359c1525e8c
https://conda.anaconda.org/conda-forge/osx-64/psutil-5.9.0-py38h96a0964_0.tar.bz2#4e7f9f28dfa538e3a4315fb9d863353d
https://conda.anaconda.org/conda-forge/osx-64/py-lief-0.11.5-py38ha048514_1.tar.bz2#1b9ff2d850689c0036d18fa3f08ec3e5
https://conda.anaconda.org/conda-forge/osx-64/pycosat-0.6.3-py38h96a0964_1009.tar.bz2#1f887a14f5f1f896981de53095f33f4e
https://conda.anaconda.org/conda-forge/osx-64/pysocks-1.7.1-py38h50d1736_4.tar.bz2#370661c5f32664ba6b9725647f2b3b15
https://conda.anaconda.org/conda-forge/noarch/python-dateutil-2.8.2-pyhd8ed1ab_0.tar.bz2#dd999d1cc9f79e67dbb855c8924c7984
https://conda.anaconda.org/conda-forge/osx-64/python-libarchive-c-4.0-py38h50d1736_0.tar.bz2#a8c6593e6b39f4291c2fcf96ba5abe71
https://conda.anaconda.org/conda-forge/osx-64/pyyaml-6.0-py38h96a0964_3.tar.bz2#7b052800b7fd4159459c3c025710fce1
https://conda.anaconda.org/conda-forge/osx-64/regex-2022.3.15-py38hed1de0f_0.tar.bz2#d929dab930c5c6e463611817f08a9459
https://conda.anaconda.org/conda-forge/osx-64/ruamel_yaml-0.15.80-py38h96a0964_1006.tar.bz2#d4056b19d2acbdffbfd2bbf1f97bec51
https://conda.anaconda.org/conda-forge/osx-64/setuptools-60.10.0-py38h50d1736_0.tar.bz2#f7168357f29d32a3641ce656f5d43d28
https://conda.anaconda.org/conda-forge/osx-64/tornado-6.1-py38h96a0964_2.tar.bz2#b0d3b8b55486dfd64167129b439e3959
https://conda.anaconda.org/conda-forge/noarch/tqdm-4.63.0-pyhd8ed1ab_0.tar.bz2#a3a5350ed455a52ddc644831dc294175
https://conda.anaconda.org/conda-forge/osx-64/typed-ast-1.4.3-py38h96a0964_1.tar.bz2#7d9f64c0e32954a8d3a07ee0082c4a58
https://conda.anaconda.org/conda-forge/osx-64/unicodedata2-14.0.0-py38h96a0964_0.tar.bz2#db0be5335e0d3c57b55052e23d0697d3
https://conda.anaconda.org/conda-forge/noarch/zict-2.1.0-pyhd8ed1ab_0.tar.bz2#ff4e65768f39040f71cce422799d0f41
https://conda.anaconda.org/conda-forge/noarch/black-19.10b0-py_4.tar.bz2#ae8375ed2a4c1c67966ab08dc44d96a3
https://conda.anaconda.org/conda-forge/osx-64/brotlipy-0.7.0-py38h96a0964_1003.tar.bz2#3346798a1556f3d196147b33bc8c3651
https://conda.anaconda.org/conda-forge/osx-64/conda-package-handling-1.8.0-py38hed1de0f_0.tar.bz2#b0edb46272e46c937931164196b66c08
https://conda.anaconda.org/conda-forge/osx-64/cryptography-36.0.2-py38h826b3c8_0.tar.bz2#e32e852f0044cf1b4541d7e27d1e93d3
https://conda.anaconda.org/conda-forge/noarch/dask-core-2022.3.0-pyhd8ed1ab_0.tar.bz2#f428eca4a3c0f1bc39ca6c8f2ae53611
https://conda.anaconda.org/conda-forge/osx-64/flake8-3.7.9-py38h32f6830_1.tar.bz2#631dbabffcc136ec96b30eb1970d99d5
https://conda.anaconda.org/conda-forge/osx-64/fonttools-4.31.1-py38hed1de0f_0.tar.bz2#e3ad0726d7668dfec8536562027b64ba
https://conda.anaconda.org/conda-forge/noarch/hypothesis-6.39.4-pyhd8ed1ab_0.tar.bz2#e56027d06a9773536c14abb730b83f88
https://conda.anaconda.org/conda-forge/noarch/isort-5.10.1-pyhd8ed1ab_0.tar.bz2#83df9ffefe1cc01d9e60405bf871bfdb
https://conda.anaconda.org/conda-forge/noarch/jinja2-3.0.3-pyhd8ed1ab_0.tar.bz2#036d872c653780cb26e797e2e2f61b4c
https://conda.anaconda.org/conda-forge/noarch/mypy-0.770-py_0.tar.bz2#6f6066180325653cb41bd4bab930dc4c
https://conda.anaconda.org/conda-forge/osx-64/numpy-1.22.3-py38hd52c74b_0.tar.bz2#6e569b610d9bb383bbbb4e5a70f5b419
https://conda.anaconda.org/conda-forge/noarch/pip-20.2.4-py_0.tar.bz2#d2c0e7b7ca15440dc445e725f1e79ccf
https://conda.anaconda.org/conda-forge/osx-64/pyproj-3.3.0-py38h29c3664_2.tar.bz2#494018214cf568f30f7d8827c494dd05
https://conda.anaconda.org/conda-forge/noarch/pyquery-1.4.3-pyhd8ed1ab_0.tar.bz2#a375af7e878ae426a297e98ee98c6a9a
https://conda.anaconda.org/conda-forge/osx-64/pytest-7.1.1-py38h50d1736_0.tar.bz2#5edc2f7cbda1bb28f452790eb562a4e2
https://conda.anaconda.org/conda-forge/osx-64/bokeh-2.4.2-py38h50d1736_0.tar.bz2#e7cb04675da5f07cf5472f96c2400138
https://conda.anaconda.org/conda-forge/noarch/distributed-2022.3.0-pyhd8ed1ab_0.tar.bz2#fef8e3bbb577e7177b39627eaa7c98ea
https://conda.anaconda.org/conda-forge/osx-64/matplotlib-base-3.5.1-py38hc7d2367_0.tar.bz2#bad55ca191ceedaf38838f6714352833
https://conda.anaconda.org/conda-forge/osx-64/pandas-1.4.1-py38ha53d530_0.tar.bz2#5c91900789a4b8189cae46142ce855ff
https://conda.anaconda.org/conda-forge/noarch/pyopenssl-22.0.0-pyhd8ed1ab_0.tar.bz2#1d7e241dfaf5475e893d4b824bb71b44
https://conda.anaconda.org/conda-forge/osx-64/scipy-1.8.0-py38hd329d04_1.tar.bz2#995c63aa4995113a64459539cf74b53a
https://conda.anaconda.org/conda-forge/osx-64/shapely-1.8.0-py38hf980569_5.tar.bz2#e2c81aa189660144fcce943b28f85581
https://conda.anaconda.org/conda-forge/osx-64/cartopy-0.20.2-py38h4c6f8e6_4.tar.bz2#91aa68966f4adc9dc658dbbf4ead6f21
https://conda.anaconda.org/conda-forge/noarch/dask-2022.3.0-pyhd8ed1ab_0.tar.bz2#f6c300211da0a4897c3f9679bf5f96c3
https://conda.anaconda.org/conda-forge/noarch/pytest-mpl-0.14.0-pyhd8ed1ab_0.tar.bz2#debb2eaa7878b73c411d600a11dd2f37
https://conda.anaconda.org/conda-forge/noarch/urllib3-1.26.9-pyhd8ed1ab_0.tar.bz2#0ea179ee251aa7100807c35bc0252693
https://conda.anaconda.org/conda-forge/noarch/requests-2.27.1-pyhd8ed1ab_0.tar.bz2#7c1c427246b057b8fa97200ecdb2ed62
https://conda.anaconda.org/conda-forge/osx-64/conda-4.12.0-py38h50d1736_0.tar.bz2#0c691ec54f2cb1a639c24b03e2e60492
https://conda.anaconda.org/conda-forge/noarch/intake-0.6.5-pyhd8ed1ab_0.tar.bz2#9b4be120fd2545abd086bfefda0fa0f6
https://conda.anaconda.org/conda-forge/osx-64/conda-build-3.21.8-py38h50d1736_0.tar.bz2#d3e263bbeac3d18c308296e0e5596dbc
